
Microsoft Visual Studio Solution File, Format Version 12.00
# Visual Studio Version 17
VisualStudioVersion = 17.2.32414.248
MinimumVisualStudioVersion = 10.0.40219.1
Project("{2150E333-8FDC-42A3-9474-1A3956D46DE8}") = "EnterpriseApp.Core", "EnterpriseApp.Core", "{383892EF-5A21-44A8-A21B-15D8A3DB4014}"
EndProject
Project("{FAE04EC0-301F-11D3-BF4B-00C04F79EFBC}") = "EnterpriseApp.Core", "EnterpriseApp\EnterpriseApp.Core\EnterpriseApp.Core\EnterpriseApp.Core.csproj", "{3A394DE5-41D7-4D9A-B561-4B8566138B6F}"
EndProject
Project("{FAE04EC0-301F-11D3-BF4B-00C04F79EFBC}") = "EnterpriseApp.Core.UnitTest", "EnterpriseApp\EnterpriseApp.Core\EnterpriseApp.Core.UnitTest\EnterpriseApp.Core.UnitTest.csproj", "{B93A1254-6367-4D7D-9BC1-DC0097D33F01}"
EndProject
Project("{2150E333-8FDC-42A3-9474-1A3956D46DE8}") = "EnterpriseApp.Desktop", "EnterpriseApp.Desktop", "{2CD3DFDB-106E-42F5-B776-0F07ADDCAA23}"
EndProject
Project("{FAE04EC0-301F-11D3-BF4B-00C04F79EFBC}") = "EnterpriseApp.Desktop.WinForms", "EnterpriseApp\EnterpriseApp.Desktop\EnterpriseApp.Desktop.WinForms\EnterpriseApp.Desktop.WinForms.csproj", "{1473D82D-9EB7-4E24-9475-F49EDC475B30}"
EndProject
Project("{FAE04EC0-301F-11D3-BF4B-00C04F79EFBC}") = "EnterpriseApp.Desktop.WPF", "EnterpriseApp\EnterpriseApp.Desktop\EnterpriseApp.Desktop.WPF\EnterpriseApp.Desktop.WPF.csproj", "{FBDBF69C-5AF3-4A6D-9FC9-64BC608A0ED9}"
EndProject
Project("{2150E333-8FDC-42A3-9474-1A3956D46DE8}") = "EnterpriseApp.ML", "EnterpriseApp.ML", "{6556D5BE-02C7-4043-BB23-14B9081D76FD}"
EndProject
Project("{FAE04EC0-301F-11D3-BF4B-00C04F79EFBC}") = "EnterpriseApp.ML.Train", "EnterpriseApp\EnterpriseApp.ML\EnterpriseApp.ML.Train\EnterpriseApp.ML.Train.csproj", "{366CE8FC-D1AE-46F3-9949-91763819A813}"
EndProject
Project("{FAE04EC0-301F-11D3-BF4B-00C04F79EFBC}") = "EnterpriseApp.ML.Consume", "EnterpriseApp\EnterpriseApp.ML\EnterpriseApp.ML.Consume\EnterpriseApp.ML.Consume.csproj", "{E69E3F22-727F-4E36-8463-D4C749E31AFA}"
EndProject
Project("{2150E333-8FDC-42A3-9474-1A3956D46DE8}") = "EnterpriseApp.Mobile", "EnterpriseApp.Mobile", "{DA3EB6A2-FB08-438D-B7C8-580ADDF1B113}"
EndProject
Project("{FAE04EC0-301F-11D3-BF4B-00C04F79EFBC}") = "EnterpriseApp.Mobile", "EnterpriseApp\EnterpriseApp.Mobile\EnterpriseApp.Mobile\EnterpriseApp.Mobile.csproj", "{14178B2F-6681-491B-ABB4-CE3C469F5894}"
EndProject
Project("{FAE04EC0-301F-11D3-BF4B-00C04F79EFBC}") = "EnterpriseApp.Mobile.Android", "EnterpriseApp\EnterpriseApp.Mobile\EnterpriseApp.Mobile.Android\EnterpriseApp.Mobile.Android.csproj", "{AA689E0E-E6FB-4352-916B-6310FDAB92ED}"
EndProject
Project("{FAE04EC0-301F-11D3-BF4B-00C04F79EFBC}") = "EnterpriseApp.Mobile.iOS", "EnterpriseApp\EnterpriseApp.Mobile\EnterpriseApp.Mobile.iOS\EnterpriseApp.Mobile.iOS.csproj", "{15016D1C-0745-48B8-AC4A-0D7D1E155BF0}"
EndProject
Project("{FAE04EC0-301F-11D3-BF4B-00C04F79EFBC}") = "EnterpriseApp.Mobile.Tizen", "EnterpriseApp\EnterpriseApp.Mobile\EnterpriseApp.Mobile.Tizen\EnterpriseApp.Mobile.Tizen.csproj", "{4EAF4AD2-DBDA-4E03-B7E6-32E6132D7491}"
EndProject
Project("{FAE04EC0-301F-11D3-BF4B-00C04F79EFBC}") = "EnterpriseApp.Mobile.UWP", "EnterpriseApp\EnterpriseApp.Mobile\EnterpriseApp.Mobile.UWP\EnterpriseApp.Mobile.UWP.csproj", "{617C2F0B-CD3B-44A5-94BB-CE18F08F1F7A}"
EndProject
Project("{FAE04EC0-301F-11D3-BF4B-00C04F79EFBC}") = "EnterpriseApp.Mobile.UITest", "EnterpriseApp\EnterpriseApp.Mobile\EnterpriseApp.Mobile.UITest\EnterpriseApp.Mobile.UITest.csproj", "{29F3698D-B50C-4B77-B5F0-A26C0E067A2B}"
EndProject
Project("{2150E333-8FDC-42A3-9474-1A3956D46DE8}") = "EnterpriseApp.Web", "EnterpriseApp.Web", "{984C7AD3-59E3-4672-A599-3BD5BFF8635C}"
EndProject
Project("{FAE04EC0-301F-11D3-BF4B-00C04F79EFBC}") = "EnterpriseApp.Web", "EnterpriseApp\EnterpriseApp.Web\EnterpriseApp.Web\EnterpriseApp.Web.csproj", "{7D6D4D36-5BD1-4D23-8892-1817F6D13D7D}"
EndProject
Project("{FAE04EC0-301F-11D3-BF4B-00C04F79EFBC}") = "EnterpriseApp.Web.Static", "EnterpriseApp\EnterpriseApp.Web\EnterpriseApp.Web.Static\EnterpriseApp.Web.Static.csproj", "{DB87F27D-CEDE-437B-9F5D-779B2618B386}"
EndProject
Project("{FAE04EC0-301F-11D3-BF4B-00C04F79EFBC}") = "EnterpriseApp.Web.UnitTest", "EnterpriseApp\EnterpriseApp.Web\EnterpriseApp.Web.UnitTest\EnterpriseApp.Web.UnitTest.csproj", "{5FEEEA6F-CCCD-49AC-B8CF-50977DEB3820}"
EndProject
Project("{2150E333-8FDC-42A3-9474-1A3956D46DE8}") = "EnterpriseApp.Prototype", "EnterpriseApp.Prototype", "{5A5A5E2A-AE10-492E-9968-582E77AFA639}"
	ProjectSection(SolutionItems) = preProject
		EnterpriseApp\EnterpriseApp.Prototype\EnterpriseApp.Core.xd = EnterpriseApp\EnterpriseApp.Prototype\EnterpriseApp.Core.xd
		EnterpriseApp\EnterpriseApp.Prototype\EnterpriseApp.Desktop.xd = EnterpriseApp\EnterpriseApp.Prototype\EnterpriseApp.Desktop.xd
		EnterpriseApp\EnterpriseApp.Prototype\EnterpriseApp.Mobile.xd = EnterpriseApp\EnterpriseApp.Prototype\EnterpriseApp.Mobile.xd
		EnterpriseApp\EnterpriseApp.Prototype\EnterpriseApp.UIKit.xd = EnterpriseApp\EnterpriseApp.Prototype\EnterpriseApp.UIKit.xd
		EnterpriseApp\EnterpriseApp.Prototype\EnterpriseApp.Web.xd = EnterpriseApp\EnterpriseApp.Prototype\EnterpriseApp.Web.xd
	EndProjectSection
EndProject
Project("{2150E333-8FDC-42A3-9474-1A3956D46DE8}") = "SolutionItems", "SolutionItems", "{475EBCCF-34D0-4F33-BBF6-680E2E994B98}"
	ProjectSection(SolutionItems) = preProject
		SolutionItems\build.props = SolutionItems\build.props
		SolutionItems\license.txt = SolutionItems\license.txt
	EndProjectSection
EndProject
Global
	GlobalSection(SolutionConfigurationPlatforms) = preSolution
		Ad-Hoc|Any CPU = Ad-Hoc|Any CPU
		Ad-Hoc|ARM = Ad-Hoc|ARM
		Ad-Hoc|iPhone = Ad-Hoc|iPhone
		Ad-Hoc|iPhoneSimulator = Ad-Hoc|iPhoneSimulator
		Ad-Hoc|x64 = Ad-Hoc|x64
		Ad-Hoc|x86 = Ad-Hoc|x86
		AppStore|Any CPU = AppStore|Any CPU
		AppStore|ARM = AppStore|ARM
		AppStore|iPhone = AppStore|iPhone
		AppStore|iPhoneSimulator = AppStore|iPhoneSimulator
		AppStore|x64 = AppStore|x64
		AppStore|x86 = AppStore|x86
		Debug|Any CPU = Debug|Any CPU
		Debug|ARM = Debug|ARM
		Debug|iPhone = Debug|iPhone
		Debug|iPhoneSimulator = Debug|iPhoneSimulator
		Debug|x64 = Debug|x64
		Debug|x86 = Debug|x86
		Release|Any CPU = Release|Any CPU
		Release|ARM = Release|ARM
		Release|iPhone = Release|iPhone
		Release|iPhoneSimulator = Release|iPhoneSimulator
		Release|x64 = Release|x64
		Release|x86 = Release|x86
	EndGlobalSection
	GlobalSection(ProjectConfigurationPlatforms) = postSolution
		{3A394DE5-41D7-4D9A-B561-4B8566138B6F}.Ad-Hoc|Any CPU.ActiveCfg = Debug|Any CPU
		{3A394DE5-41D7-4D9A-B561-4B8566138B6F}.Ad-Hoc|Any CPU.Build.0 = Debug|Any CPU
		{3A394DE5-41D7-4D9A-B561-4B8566138B6F}.Ad-Hoc|ARM.ActiveCfg = Debug|Any CPU
		{3A394DE5-41D7-4D9A-B561-4B8566138B6F}.Ad-Hoc|ARM.Build.0 = Debug|Any CPU
		{3A394DE5-41D7-4D9A-B561-4B8566138B6F}.Ad-Hoc|iPhone.ActiveCfg = Debug|Any CPU
		{3A394DE5-41D7-4D9A-B561-4B8566138B6F}.Ad-Hoc|iPhone.Build.0 = Debug|Any CPU
		{3A394DE5-41D7-4D9A-B561-4B8566138B6F}.Ad-Hoc|iPhoneSimulator.ActiveCfg = Debug|Any CPU
		{3A394DE5-41D7-4D9A-B561-4B8566138B6F}.Ad-Hoc|iPhoneSimulator.Build.0 = Debug|Any CPU
		{3A394DE5-41D7-4D9A-B561-4B8566138B6F}.Ad-Hoc|x64.ActiveCfg = Debug|Any CPU
		{3A394DE5-41D7-4D9A-B561-4B8566138B6F}.Ad-Hoc|x64.Build.0 = Debug|Any CPU
		{3A394DE5-41D7-4D9A-B561-4B8566138B6F}.Ad-Hoc|x86.ActiveCfg = Debug|Any CPU
		{3A394DE5-41D7-4D9A-B561-4B8566138B6F}.Ad-Hoc|x86.Build.0 = Debug|Any CPU
		{3A394DE5-41D7-4D9A-B561-4B8566138B6F}.AppStore|Any CPU.ActiveCfg = Debug|Any CPU
		{3A394DE5-41D7-4D9A-B561-4B8566138B6F}.AppStore|Any CPU.Build.0 = Debug|Any CPU
		{3A394DE5-41D7-4D9A-B561-4B8566138B6F}.AppStore|ARM.ActiveCfg = Debug|Any CPU
		{3A394DE5-41D7-4D9A-B561-4B8566138B6F}.AppStore|ARM.Build.0 = Debug|Any CPU
		{3A394DE5-41D7-4D9A-B561-4B8566138B6F}.AppStore|iPhone.ActiveCfg = Debug|Any CPU
		{3A394DE5-41D7-4D9A-B561-4B8566138B6F}.AppStore|iPhone.Build.0 = Debug|Any CPU
		{3A394DE5-41D7-4D9A-B561-4B8566138B6F}.AppStore|iPhoneSimulator.ActiveCfg = Debug|Any CPU
		{3A394DE5-41D7-4D9A-B561-4B8566138B6F}.AppStore|iPhoneSimulator.Build.0 = Debug|Any CPU
		{3A394DE5-41D7-4D9A-B561-4B8566138B6F}.AppStore|x64.ActiveCfg = Debug|Any CPU
		{3A394DE5-41D7-4D9A-B561-4B8566138B6F}.AppStore|x64.Build.0 = Debug|Any CPU
		{3A394DE5-41D7-4D9A-B561-4B8566138B6F}.AppStore|x86.ActiveCfg = Debug|Any CPU
		{3A394DE5-41D7-4D9A-B561-4B8566138B6F}.AppStore|x86.Build.0 = Debug|Any CPU
		{3A394DE5-41D7-4D9A-B561-4B8566138B6F}.Debug|Any CPU.ActiveCfg = Debug|Any CPU
		{3A394DE5-41D7-4D9A-B561-4B8566138B6F}.Debug|Any CPU.Build.0 = Debug|Any CPU
		{3A394DE5-41D7-4D9A-B561-4B8566138B6F}.Debug|ARM.ActiveCfg = Debug|Any CPU
		{3A394DE5-41D7-4D9A-B561-4B8566138B6F}.Debug|ARM.Build.0 = Debug|Any CPU
		{3A394DE5-41D7-4D9A-B561-4B8566138B6F}.Debug|iPhone.ActiveCfg = Debug|Any CPU
		{3A394DE5-41D7-4D9A-B561-4B8566138B6F}.Debug|iPhone.Build.0 = Debug|Any CPU
		{3A394DE5-41D7-4D9A-B561-4B8566138B6F}.Debug|iPhoneSimulator.ActiveCfg = Debug|Any CPU
		{3A394DE5-41D7-4D9A-B561-4B8566138B6F}.Debug|iPhoneSimulator.Build.0 = Debug|Any CPU
		{3A394DE5-41D7-4D9A-B561-4B8566138B6F}.Debug|x64.ActiveCfg = Debug|Any CPU
		{3A394DE5-41D7-4D9A-B561-4B8566138B6F}.Debug|x64.Build.0 = Debug|Any CPU
		{3A394DE5-41D7-4D9A-B561-4B8566138B6F}.Debug|x86.ActiveCfg = Debug|Any CPU
		{3A394DE5-41D7-4D9A-B561-4B8566138B6F}.Debug|x86.Build.0 = Debug|Any CPU
		{3A394DE5-41D7-4D9A-B561-4B8566138B6F}.Release|Any CPU.ActiveCfg = Release|Any CPU
		{3A394DE5-41D7-4D9A-B561-4B8566138B6F}.Release|Any CPU.Build.0 = Release|Any CPU
		{3A394DE5-41D7-4D9A-B561-4B8566138B6F}.Release|ARM.ActiveCfg = Release|Any CPU
		{3A394DE5-41D7-4D9A-B561-4B8566138B6F}.Release|ARM.Build.0 = Release|Any CPU
		{3A394DE5-41D7-4D9A-B561-4B8566138B6F}.Release|iPhone.ActiveCfg = Release|Any CPU
		{3A394DE5-41D7-4D9A-B561-4B8566138B6F}.Release|iPhone.Build.0 = Release|Any CPU
		{3A394DE5-41D7-4D9A-B561-4B8566138B6F}.Release|iPhoneSimulator.ActiveCfg = Release|Any CPU
		{3A394DE5-41D7-4D9A-B561-4B8566138B6F}.Release|iPhoneSimulator.Build.0 = Release|Any CPU
		{3A394DE5-41D7-4D9A-B561-4B8566138B6F}.Release|x64.ActiveCfg = Release|Any CPU
		{3A394DE5-41D7-4D9A-B561-4B8566138B6F}.Release|x64.Build.0 = Release|Any CPU
		{3A394DE5-41D7-4D9A-B561-4B8566138B6F}.Release|x86.ActiveCfg = Release|Any CPU
		{3A394DE5-41D7-4D9A-B561-4B8566138B6F}.Release|x86.Build.0 = Release|Any CPU
		{B93A1254-6367-4D7D-9BC1-DC0097D33F01}.Ad-Hoc|Any CPU.ActiveCfg = Debug|Any CPU
		{B93A1254-6367-4D7D-9BC1-DC0097D33F01}.Ad-Hoc|Any CPU.Build.0 = Debug|Any CPU
		{B93A1254-6367-4D7D-9BC1-DC0097D33F01}.Ad-Hoc|ARM.ActiveCfg = Debug|Any CPU
		{B93A1254-6367-4D7D-9BC1-DC0097D33F01}.Ad-Hoc|ARM.Build.0 = Debug|Any CPU
		{B93A1254-6367-4D7D-9BC1-DC0097D33F01}.Ad-Hoc|iPhone.ActiveCfg = Debug|Any CPU
		{B93A1254-6367-4D7D-9BC1-DC0097D33F01}.Ad-Hoc|iPhone.Build.0 = Debug|Any CPU
		{B93A1254-6367-4D7D-9BC1-DC0097D33F01}.Ad-Hoc|iPhoneSimulator.ActiveCfg = Debug|Any CPU
		{B93A1254-6367-4D7D-9BC1-DC0097D33F01}.Ad-Hoc|iPhoneSimulator.Build.0 = Debug|Any CPU
		{B93A1254-6367-4D7D-9BC1-DC0097D33F01}.Ad-Hoc|x64.ActiveCfg = Debug|Any CPU
		{B93A1254-6367-4D7D-9BC1-DC0097D33F01}.Ad-Hoc|x64.Build.0 = Debug|Any CPU
		{B93A1254-6367-4D7D-9BC1-DC0097D33F01}.Ad-Hoc|x86.ActiveCfg = Debug|Any CPU
		{B93A1254-6367-4D7D-9BC1-DC0097D33F01}.Ad-Hoc|x86.Build.0 = Debug|Any CPU
		{B93A1254-6367-4D7D-9BC1-DC0097D33F01}.AppStore|Any CPU.ActiveCfg = Debug|Any CPU
		{B93A1254-6367-4D7D-9BC1-DC0097D33F01}.AppStore|Any CPU.Build.0 = Debug|Any CPU
		{B93A1254-6367-4D7D-9BC1-DC0097D33F01}.AppStore|ARM.ActiveCfg = Debug|Any CPU
		{B93A1254-6367-4D7D-9BC1-DC0097D33F01}.AppStore|ARM.Build.0 = Debug|Any CPU
		{B93A1254-6367-4D7D-9BC1-DC0097D33F01}.AppStore|iPhone.ActiveCfg = Debug|Any CPU
		{B93A1254-6367-4D7D-9BC1-DC0097D33F01}.AppStore|iPhone.Build.0 = Debug|Any CPU
		{B93A1254-6367-4D7D-9BC1-DC0097D33F01}.AppStore|iPhoneSimulator.ActiveCfg = Debug|Any CPU
		{B93A1254-6367-4D7D-9BC1-DC0097D33F01}.AppStore|iPhoneSimulator.Build.0 = Debug|Any CPU
		{B93A1254-6367-4D7D-9BC1-DC0097D33F01}.AppStore|x64.ActiveCfg = Debug|Any CPU
		{B93A1254-6367-4D7D-9BC1-DC0097D33F01}.AppStore|x64.Build.0 = Debug|Any CPU
		{B93A1254-6367-4D7D-9BC1-DC0097D33F01}.AppStore|x86.ActiveCfg = Debug|Any CPU
		{B93A1254-6367-4D7D-9BC1-DC0097D33F01}.AppStore|x86.Build.0 = Debug|Any CPU
		{B93A1254-6367-4D7D-9BC1-DC0097D33F01}.Debug|Any CPU.ActiveCfg = Debug|Any CPU
		{B93A1254-6367-4D7D-9BC1-DC0097D33F01}.Debug|Any CPU.Build.0 = Debug|Any CPU
		{B93A1254-6367-4D7D-9BC1-DC0097D33F01}.Debug|ARM.ActiveCfg = Debug|Any CPU
		{B93A1254-6367-4D7D-9BC1-DC0097D33F01}.Debug|ARM.Build.0 = Debug|Any CPU
		{B93A1254-6367-4D7D-9BC1-DC0097D33F01}.Debug|iPhone.ActiveCfg = Debug|Any CPU
		{B93A1254-6367-4D7D-9BC1-DC0097D33F01}.Debug|iPhone.Build.0 = Debug|Any CPU
		{B93A1254-6367-4D7D-9BC1-DC0097D33F01}.Debug|iPhoneSimulator.ActiveCfg = Debug|Any CPU
		{B93A1254-6367-4D7D-9BC1-DC0097D33F01}.Debug|iPhoneSimulator.Build.0 = Debug|Any CPU
		{B93A1254-6367-4D7D-9BC1-DC0097D33F01}.Debug|x64.ActiveCfg = Debug|Any CPU
		{B93A1254-6367-4D7D-9BC1-DC0097D33F01}.Debug|x64.Build.0 = Debug|Any CPU
		{B93A1254-6367-4D7D-9BC1-DC0097D33F01}.Debug|x86.ActiveCfg = Debug|Any CPU
		{B93A1254-6367-4D7D-9BC1-DC0097D33F01}.Debug|x86.Build.0 = Debug|Any CPU
		{B93A1254-6367-4D7D-9BC1-DC0097D33F01}.Release|Any CPU.ActiveCfg = Release|Any CPU
		{B93A1254-6367-4D7D-9BC1-DC0097D33F01}.Release|Any CPU.Build.0 = Release|Any CPU
		{B93A1254-6367-4D7D-9BC1-DC0097D33F01}.Release|ARM.ActiveCfg = Release|Any CPU
		{B93A1254-6367-4D7D-9BC1-DC0097D33F01}.Release|ARM.Build.0 = Release|Any CPU
		{B93A1254-6367-4D7D-9BC1-DC0097D33F01}.Release|iPhone.ActiveCfg = Release|Any CPU
		{B93A1254-6367-4D7D-9BC1-DC0097D33F01}.Release|iPhone.Build.0 = Release|Any CPU
		{B93A1254-6367-4D7D-9BC1-DC0097D33F01}.Release|iPhoneSimulator.ActiveCfg = Release|Any CPU
		{B93A1254-6367-4D7D-9BC1-DC0097D33F01}.Release|iPhoneSimulator.Build.0 = Release|Any CPU
		{B93A1254-6367-4D7D-9BC1-DC0097D33F01}.Release|x64.ActiveCfg = Release|Any CPU
		{B93A1254-6367-4D7D-9BC1-DC0097D33F01}.Release|x64.Build.0 = Release|Any CPU
		{B93A1254-6367-4D7D-9BC1-DC0097D33F01}.Release|x86.ActiveCfg = Release|Any CPU
		{B93A1254-6367-4D7D-9BC1-DC0097D33F01}.Release|x86.Build.0 = Release|Any CPU
		{1473D82D-9EB7-4E24-9475-F49EDC475B30}.Ad-Hoc|Any CPU.ActiveCfg = Debug|Any CPU
		{1473D82D-9EB7-4E24-9475-F49EDC475B30}.Ad-Hoc|Any CPU.Build.0 = Debug|Any CPU
		{1473D82D-9EB7-4E24-9475-F49EDC475B30}.Ad-Hoc|ARM.ActiveCfg = Debug|Any CPU
		{1473D82D-9EB7-4E24-9475-F49EDC475B30}.Ad-Hoc|ARM.Build.0 = Debug|Any CPU
		{1473D82D-9EB7-4E24-9475-F49EDC475B30}.Ad-Hoc|iPhone.ActiveCfg = Debug|Any CPU
		{1473D82D-9EB7-4E24-9475-F49EDC475B30}.Ad-Hoc|iPhone.Build.0 = Debug|Any CPU
		{1473D82D-9EB7-4E24-9475-F49EDC475B30}.Ad-Hoc|iPhoneSimulator.ActiveCfg = Debug|Any CPU
		{1473D82D-9EB7-4E24-9475-F49EDC475B30}.Ad-Hoc|iPhoneSimulator.Build.0 = Debug|Any CPU
		{1473D82D-9EB7-4E24-9475-F49EDC475B30}.Ad-Hoc|x64.ActiveCfg = Debug|Any CPU
		{1473D82D-9EB7-4E24-9475-F49EDC475B30}.Ad-Hoc|x64.Build.0 = Debug|Any CPU
		{1473D82D-9EB7-4E24-9475-F49EDC475B30}.Ad-Hoc|x86.ActiveCfg = Debug|Any CPU
		{1473D82D-9EB7-4E24-9475-F49EDC475B30}.Ad-Hoc|x86.Build.0 = Debug|Any CPU
		{1473D82D-9EB7-4E24-9475-F49EDC475B30}.AppStore|Any CPU.ActiveCfg = Debug|Any CPU
		{1473D82D-9EB7-4E24-9475-F49EDC475B30}.AppStore|Any CPU.Build.0 = Debug|Any CPU
		{1473D82D-9EB7-4E24-9475-F49EDC475B30}.AppStore|ARM.ActiveCfg = Debug|Any CPU
		{1473D82D-9EB7-4E24-9475-F49EDC475B30}.AppStore|ARM.Build.0 = Debug|Any CPU
		{1473D82D-9EB7-4E24-9475-F49EDC475B30}.AppStore|iPhone.ActiveCfg = Debug|Any CPU
		{1473D82D-9EB7-4E24-9475-F49EDC475B30}.AppStore|iPhone.Build.0 = Debug|Any CPU
		{1473D82D-9EB7-4E24-9475-F49EDC475B30}.AppStore|iPhoneSimulator.ActiveCfg = Debug|Any CPU
		{1473D82D-9EB7-4E24-9475-F49EDC475B30}.AppStore|iPhoneSimulator.Build.0 = Debug|Any CPU
		{1473D82D-9EB7-4E24-9475-F49EDC475B30}.AppStore|x64.ActiveCfg = Debug|Any CPU
		{1473D82D-9EB7-4E24-9475-F49EDC475B30}.AppStore|x64.Build.0 = Debug|Any CPU
		{1473D82D-9EB7-4E24-9475-F49EDC475B30}.AppStore|x86.ActiveCfg = Debug|Any CPU
		{1473D82D-9EB7-4E24-9475-F49EDC475B30}.AppStore|x86.Build.0 = Debug|Any CPU
		{1473D82D-9EB7-4E24-9475-F49EDC475B30}.Debug|Any CPU.ActiveCfg = Debug|Any CPU
		{1473D82D-9EB7-4E24-9475-F49EDC475B30}.Debug|Any CPU.Build.0 = Debug|Any CPU
		{1473D82D-9EB7-4E24-9475-F49EDC475B30}.Debug|ARM.ActiveCfg = Debug|Any CPU
		{1473D82D-9EB7-4E24-9475-F49EDC475B30}.Debug|ARM.Build.0 = Debug|Any CPU
		{1473D82D-9EB7-4E24-9475-F49EDC475B30}.Debug|iPhone.ActiveCfg = Debug|Any CPU
		{1473D82D-9EB7-4E24-9475-F49EDC475B30}.Debug|iPhone.Build.0 = Debug|Any CPU
		{1473D82D-9EB7-4E24-9475-F49EDC475B30}.Debug|iPhoneSimulator.ActiveCfg = Debug|Any CPU
		{1473D82D-9EB7-4E24-9475-F49EDC475B30}.Debug|iPhoneSimulator.Build.0 = Debug|Any CPU
		{1473D82D-9EB7-4E24-9475-F49EDC475B30}.Debug|x64.ActiveCfg = Debug|Any CPU
		{1473D82D-9EB7-4E24-9475-F49EDC475B30}.Debug|x64.Build.0 = Debug|Any CPU
		{1473D82D-9EB7-4E24-9475-F49EDC475B30}.Debug|x86.ActiveCfg = Debug|Any CPU
		{1473D82D-9EB7-4E24-9475-F49EDC475B30}.Debug|x86.Build.0 = Debug|Any CPU
		{1473D82D-9EB7-4E24-9475-F49EDC475B30}.Release|Any CPU.ActiveCfg = Release|Any CPU
		{1473D82D-9EB7-4E24-9475-F49EDC475B30}.Release|Any CPU.Build.0 = Release|Any CPU
		{1473D82D-9EB7-4E24-9475-F49EDC475B30}.Release|ARM.ActiveCfg = Release|Any CPU
		{1473D82D-9EB7-4E24-9475-F49EDC475B30}.Release|ARM.Build.0 = Release|Any CPU
		{1473D82D-9EB7-4E24-9475-F49EDC475B30}.Release|iPhone.ActiveCfg = Release|Any CPU
		{1473D82D-9EB7-4E24-9475-F49EDC475B30}.Release|iPhone.Build.0 = Release|Any CPU
		{1473D82D-9EB7-4E24-9475-F49EDC475B30}.Release|iPhoneSimulator.ActiveCfg = Release|Any CPU
		{1473D82D-9EB7-4E24-9475-F49EDC475B30}.Release|iPhoneSimulator.Build.0 = Release|Any CPU
		{1473D82D-9EB7-4E24-9475-F49EDC475B30}.Release|x64.ActiveCfg = Release|Any CPU
		{1473D82D-9EB7-4E24-9475-F49EDC475B30}.Release|x64.Build.0 = Release|Any CPU
		{1473D82D-9EB7-4E24-9475-F49EDC475B30}.Release|x86.ActiveCfg = Release|Any CPU
		{1473D82D-9EB7-4E24-9475-F49EDC475B30}.Release|x86.Build.0 = Release|Any CPU
		{FBDBF69C-5AF3-4A6D-9FC9-64BC608A0ED9}.Ad-Hoc|Any CPU.ActiveCfg = Debug|Any CPU
		{FBDBF69C-5AF3-4A6D-9FC9-64BC608A0ED9}.Ad-Hoc|Any CPU.Build.0 = Debug|Any CPU
		{FBDBF69C-5AF3-4A6D-9FC9-64BC608A0ED9}.Ad-Hoc|ARM.ActiveCfg = Debug|Any CPU
		{FBDBF69C-5AF3-4A6D-9FC9-64BC608A0ED9}.Ad-Hoc|ARM.Build.0 = Debug|Any CPU
		{FBDBF69C-5AF3-4A6D-9FC9-64BC608A0ED9}.Ad-Hoc|iPhone.ActiveCfg = Debug|Any CPU
		{FBDBF69C-5AF3-4A6D-9FC9-64BC608A0ED9}.Ad-Hoc|iPhone.Build.0 = Debug|Any CPU
		{FBDBF69C-5AF3-4A6D-9FC9-64BC608A0ED9}.Ad-Hoc|iPhoneSimulator.ActiveCfg = Debug|Any CPU
		{FBDBF69C-5AF3-4A6D-9FC9-64BC608A0ED9}.Ad-Hoc|iPhoneSimulator.Build.0 = Debug|Any CPU
		{FBDBF69C-5AF3-4A6D-9FC9-64BC608A0ED9}.Ad-Hoc|x64.ActiveCfg = Debug|Any CPU
		{FBDBF69C-5AF3-4A6D-9FC9-64BC608A0ED9}.Ad-Hoc|x64.Build.0 = Debug|Any CPU
		{FBDBF69C-5AF3-4A6D-9FC9-64BC608A0ED9}.Ad-Hoc|x86.ActiveCfg = Debug|Any CPU
		{FBDBF69C-5AF3-4A6D-9FC9-64BC608A0ED9}.Ad-Hoc|x86.Build.0 = Debug|Any CPU
		{FBDBF69C-5AF3-4A6D-9FC9-64BC608A0ED9}.AppStore|Any CPU.ActiveCfg = Debug|Any CPU
		{FBDBF69C-5AF3-4A6D-9FC9-64BC608A0ED9}.AppStore|Any CPU.Build.0 = Debug|Any CPU
		{FBDBF69C-5AF3-4A6D-9FC9-64BC608A0ED9}.AppStore|ARM.ActiveCfg = Debug|Any CPU
		{FBDBF69C-5AF3-4A6D-9FC9-64BC608A0ED9}.AppStore|ARM.Build.0 = Debug|Any CPU
		{FBDBF69C-5AF3-4A6D-9FC9-64BC608A0ED9}.AppStore|iPhone.ActiveCfg = Debug|Any CPU
		{FBDBF69C-5AF3-4A6D-9FC9-64BC608A0ED9}.AppStore|iPhone.Build.0 = Debug|Any CPU
		{FBDBF69C-5AF3-4A6D-9FC9-64BC608A0ED9}.AppStore|iPhoneSimulator.ActiveCfg = Debug|Any CPU
		{FBDBF69C-5AF3-4A6D-9FC9-64BC608A0ED9}.AppStore|iPhoneSimulator.Build.0 = Debug|Any CPU
		{FBDBF69C-5AF3-4A6D-9FC9-64BC608A0ED9}.AppStore|x64.ActiveCfg = Debug|Any CPU
		{FBDBF69C-5AF3-4A6D-9FC9-64BC608A0ED9}.AppStore|x64.Build.0 = Debug|Any CPU
		{FBDBF69C-5AF3-4A6D-9FC9-64BC608A0ED9}.AppStore|x86.ActiveCfg = Debug|Any CPU
		{FBDBF69C-5AF3-4A6D-9FC9-64BC608A0ED9}.AppStore|x86.Build.0 = Debug|Any CPU
		{FBDBF69C-5AF3-4A6D-9FC9-64BC608A0ED9}.Debug|Any CPU.ActiveCfg = Debug|Any CPU
		{FBDBF69C-5AF3-4A6D-9FC9-64BC608A0ED9}.Debug|Any CPU.Build.0 = Debug|Any CPU
		{FBDBF69C-5AF3-4A6D-9FC9-64BC608A0ED9}.Debug|ARM.ActiveCfg = Debug|Any CPU
		{FBDBF69C-5AF3-4A6D-9FC9-64BC608A0ED9}.Debug|ARM.Build.0 = Debug|Any CPU
		{FBDBF69C-5AF3-4A6D-9FC9-64BC608A0ED9}.Debug|iPhone.ActiveCfg = Debug|Any CPU
		{FBDBF69C-5AF3-4A6D-9FC9-64BC608A0ED9}.Debug|iPhone.Build.0 = Debug|Any CPU
		{FBDBF69C-5AF3-4A6D-9FC9-64BC608A0ED9}.Debug|iPhoneSimulator.ActiveCfg = Debug|Any CPU
		{FBDBF69C-5AF3-4A6D-9FC9-64BC608A0ED9}.Debug|iPhoneSimulator.Build.0 = Debug|Any CPU
		{FBDBF69C-5AF3-4A6D-9FC9-64BC608A0ED9}.Debug|x64.ActiveCfg = Debug|Any CPU
		{FBDBF69C-5AF3-4A6D-9FC9-64BC608A0ED9}.Debug|x64.Build.0 = Debug|Any CPU
		{FBDBF69C-5AF3-4A6D-9FC9-64BC608A0ED9}.Debug|x86.ActiveCfg = Debug|Any CPU
		{FBDBF69C-5AF3-4A6D-9FC9-64BC608A0ED9}.Debug|x86.Build.0 = Debug|Any CPU
		{FBDBF69C-5AF3-4A6D-9FC9-64BC608A0ED9}.Release|Any CPU.ActiveCfg = Release|Any CPU
		{FBDBF69C-5AF3-4A6D-9FC9-64BC608A0ED9}.Release|Any CPU.Build.0 = Release|Any CPU
		{FBDBF69C-5AF3-4A6D-9FC9-64BC608A0ED9}.Release|ARM.ActiveCfg = Release|Any CPU
		{FBDBF69C-5AF3-4A6D-9FC9-64BC608A0ED9}.Release|ARM.Build.0 = Release|Any CPU
		{FBDBF69C-5AF3-4A6D-9FC9-64BC608A0ED9}.Release|iPhone.ActiveCfg = Release|Any CPU
		{FBDBF69C-5AF3-4A6D-9FC9-64BC608A0ED9}.Release|iPhone.Build.0 = Release|Any CPU
		{FBDBF69C-5AF3-4A6D-9FC9-64BC608A0ED9}.Release|iPhoneSimulator.ActiveCfg = Release|Any CPU
		{FBDBF69C-5AF3-4A6D-9FC9-64BC608A0ED9}.Release|iPhoneSimulator.Build.0 = Release|Any CPU
		{FBDBF69C-5AF3-4A6D-9FC9-64BC608A0ED9}.Release|x64.ActiveCfg = Release|Any CPU
		{FBDBF69C-5AF3-4A6D-9FC9-64BC608A0ED9}.Release|x64.Build.0 = Release|Any CPU
		{FBDBF69C-5AF3-4A6D-9FC9-64BC608A0ED9}.Release|x86.ActiveCfg = Release|Any CPU
		{FBDBF69C-5AF3-4A6D-9FC9-64BC608A0ED9}.Release|x86.Build.0 = Release|Any CPU
		{366CE8FC-D1AE-46F3-9949-91763819A813}.Ad-Hoc|Any CPU.ActiveCfg = Debug|Any CPU
		{366CE8FC-D1AE-46F3-9949-91763819A813}.Ad-Hoc|Any CPU.Build.0 = Debug|Any CPU
		{366CE8FC-D1AE-46F3-9949-91763819A813}.Ad-Hoc|ARM.ActiveCfg = Debug|Any CPU
		{366CE8FC-D1AE-46F3-9949-91763819A813}.Ad-Hoc|ARM.Build.0 = Debug|Any CPU
		{366CE8FC-D1AE-46F3-9949-91763819A813}.Ad-Hoc|iPhone.ActiveCfg = Debug|Any CPU
		{366CE8FC-D1AE-46F3-9949-91763819A813}.Ad-Hoc|iPhone.Build.0 = Debug|Any CPU
		{366CE8FC-D1AE-46F3-9949-91763819A813}.Ad-Hoc|iPhoneSimulator.ActiveCfg = Debug|Any CPU
		{366CE8FC-D1AE-46F3-9949-91763819A813}.Ad-Hoc|iPhoneSimulator.Build.0 = Debug|Any CPU
		{366CE8FC-D1AE-46F3-9949-91763819A813}.Ad-Hoc|x64.ActiveCfg = Debug|Any CPU
		{366CE8FC-D1AE-46F3-9949-91763819A813}.Ad-Hoc|x64.Build.0 = Debug|Any CPU
		{366CE8FC-D1AE-46F3-9949-91763819A813}.Ad-Hoc|x86.ActiveCfg = Debug|Any CPU
		{366CE8FC-D1AE-46F3-9949-91763819A813}.Ad-Hoc|x86.Build.0 = Debug|Any CPU
		{366CE8FC-D1AE-46F3-9949-91763819A813}.AppStore|Any CPU.ActiveCfg = Debug|Any CPU
		{366CE8FC-D1AE-46F3-9949-91763819A813}.AppStore|Any CPU.Build.0 = Debug|Any CPU
		{366CE8FC-D1AE-46F3-9949-91763819A813}.AppStore|ARM.ActiveCfg = Debug|Any CPU
		{366CE8FC-D1AE-46F3-9949-91763819A813}.AppStore|ARM.Build.0 = Debug|Any CPU
		{366CE8FC-D1AE-46F3-9949-91763819A813}.AppStore|iPhone.ActiveCfg = Debug|Any CPU
		{366CE8FC-D1AE-46F3-9949-91763819A813}.AppStore|iPhone.Build.0 = Debug|Any CPU
		{366CE8FC-D1AE-46F3-9949-91763819A813}.AppStore|iPhoneSimulator.ActiveCfg = Debug|Any CPU
		{366CE8FC-D1AE-46F3-9949-91763819A813}.AppStore|iPhoneSimulator.Build.0 = Debug|Any CPU
		{366CE8FC-D1AE-46F3-9949-91763819A813}.AppStore|x64.ActiveCfg = Debug|Any CPU
		{366CE8FC-D1AE-46F3-9949-91763819A813}.AppStore|x64.Build.0 = Debug|Any CPU
		{366CE8FC-D1AE-46F3-9949-91763819A813}.AppStore|x86.ActiveCfg = Debug|Any CPU
		{366CE8FC-D1AE-46F3-9949-91763819A813}.AppStore|x86.Build.0 = Debug|Any CPU
		{366CE8FC-D1AE-46F3-9949-91763819A813}.Debug|Any CPU.ActiveCfg = Debug|Any CPU
		{366CE8FC-D1AE-46F3-9949-91763819A813}.Debug|Any CPU.Build.0 = Debug|Any CPU
		{366CE8FC-D1AE-46F3-9949-91763819A813}.Debug|ARM.ActiveCfg = Debug|Any CPU
		{366CE8FC-D1AE-46F3-9949-91763819A813}.Debug|ARM.Build.0 = Debug|Any CPU
		{366CE8FC-D1AE-46F3-9949-91763819A813}.Debug|iPhone.ActiveCfg = Debug|Any CPU
		{366CE8FC-D1AE-46F3-9949-91763819A813}.Debug|iPhone.Build.0 = Debug|Any CPU
		{366CE8FC-D1AE-46F3-9949-91763819A813}.Debug|iPhoneSimulator.ActiveCfg = Debug|Any CPU
		{366CE8FC-D1AE-46F3-9949-91763819A813}.Debug|iPhoneSimulator.Build.0 = Debug|Any CPU
		{366CE8FC-D1AE-46F3-9949-91763819A813}.Debug|x64.ActiveCfg = Debug|Any CPU
		{366CE8FC-D1AE-46F3-9949-91763819A813}.Debug|x64.Build.0 = Debug|Any CPU
		{366CE8FC-D1AE-46F3-9949-91763819A813}.Debug|x86.ActiveCfg = Debug|Any CPU
		{366CE8FC-D1AE-46F3-9949-91763819A813}.Debug|x86.Build.0 = Debug|Any CPU
		{366CE8FC-D1AE-46F3-9949-91763819A813}.Release|Any CPU.ActiveCfg = Release|Any CPU
		{366CE8FC-D1AE-46F3-9949-91763819A813}.Release|Any CPU.Build.0 = Release|Any CPU
		{366CE8FC-D1AE-46F3-9949-91763819A813}.Release|ARM.ActiveCfg = Release|Any CPU
		{366CE8FC-D1AE-46F3-9949-91763819A813}.Release|ARM.Build.0 = Release|Any CPU
		{366CE8FC-D1AE-46F3-9949-91763819A813}.Release|iPhone.ActiveCfg = Release|Any CPU
		{366CE8FC-D1AE-46F3-9949-91763819A813}.Release|iPhone.Build.0 = Release|Any CPU
		{366CE8FC-D1AE-46F3-9949-91763819A813}.Release|iPhoneSimulator.ActiveCfg = Release|Any CPU
		{366CE8FC-D1AE-46F3-9949-91763819A813}.Release|iPhoneSimulator.Build.0 = Release|Any CPU
		{366CE8FC-D1AE-46F3-9949-91763819A813}.Release|x64.ActiveCfg = Release|Any CPU
		{366CE8FC-D1AE-46F3-9949-91763819A813}.Release|x64.Build.0 = Release|Any CPU
		{366CE8FC-D1AE-46F3-9949-91763819A813}.Release|x86.ActiveCfg = Release|Any CPU
		{366CE8FC-D1AE-46F3-9949-91763819A813}.Release|x86.Build.0 = Release|Any CPU
		{E69E3F22-727F-4E36-8463-D4C749E31AFA}.Ad-Hoc|Any CPU.ActiveCfg = Debug|Any CPU
		{E69E3F22-727F-4E36-8463-D4C749E31AFA}.Ad-Hoc|Any CPU.Build.0 = Debug|Any CPU
		{E69E3F22-727F-4E36-8463-D4C749E31AFA}.Ad-Hoc|ARM.ActiveCfg = Debug|Any CPU
		{E69E3F22-727F-4E36-8463-D4C749E31AFA}.Ad-Hoc|ARM.Build.0 = Debug|Any CPU
		{E69E3F22-727F-4E36-8463-D4C749E31AFA}.Ad-Hoc|iPhone.ActiveCfg = Debug|Any CPU
		{E69E3F22-727F-4E36-8463-D4C749E31AFA}.Ad-Hoc|iPhone.Build.0 = Debug|Any CPU
		{E69E3F22-727F-4E36-8463-D4C749E31AFA}.Ad-Hoc|iPhoneSimulator.ActiveCfg = Debug|Any CPU
		{E69E3F22-727F-4E36-8463-D4C749E31AFA}.Ad-Hoc|iPhoneSimulator.Build.0 = Debug|Any CPU
		{E69E3F22-727F-4E36-8463-D4C749E31AFA}.Ad-Hoc|x64.ActiveCfg = Debug|Any CPU
		{E69E3F22-727F-4E36-8463-D4C749E31AFA}.Ad-Hoc|x64.Build.0 = Debug|Any CPU
		{E69E3F22-727F-4E36-8463-D4C749E31AFA}.Ad-Hoc|x86.ActiveCfg = Debug|Any CPU
		{E69E3F22-727F-4E36-8463-D4C749E31AFA}.Ad-Hoc|x86.Build.0 = Debug|Any CPU
		{E69E3F22-727F-4E36-8463-D4C749E31AFA}.AppStore|Any CPU.ActiveCfg = Debug|Any CPU
		{E69E3F22-727F-4E36-8463-D4C749E31AFA}.AppStore|Any CPU.Build.0 = Debug|Any CPU
		{E69E3F22-727F-4E36-8463-D4C749E31AFA}.AppStore|ARM.ActiveCfg = Debug|Any CPU
		{E69E3F22-727F-4E36-8463-D4C749E31AFA}.AppStore|ARM.Build.0 = Debug|Any CPU
		{E69E3F22-727F-4E36-8463-D4C749E31AFA}.AppStore|iPhone.ActiveCfg = Debug|Any CPU
		{E69E3F22-727F-4E36-8463-D4C749E31AFA}.AppStore|iPhone.Build.0 = Debug|Any CPU
		{E69E3F22-727F-4E36-8463-D4C749E31AFA}.AppStore|iPhoneSimulator.ActiveCfg = Debug|Any CPU
		{E69E3F22-727F-4E36-8463-D4C749E31AFA}.AppStore|iPhoneSimulator.Build.0 = Debug|Any CPU
		{E69E3F22-727F-4E36-8463-D4C749E31AFA}.AppStore|x64.ActiveCfg = Debug|Any CPU
		{E69E3F22-727F-4E36-8463-D4C749E31AFA}.AppStore|x64.Build.0 = Debug|Any CPU
		{E69E3F22-727F-4E36-8463-D4C749E31AFA}.AppStore|x86.ActiveCfg = Debug|Any CPU
		{E69E3F22-727F-4E36-8463-D4C749E31AFA}.AppStore|x86.Build.0 = Debug|Any CPU
		{E69E3F22-727F-4E36-8463-D4C749E31AFA}.Debug|Any CPU.ActiveCfg = Debug|Any CPU
		{E69E3F22-727F-4E36-8463-D4C749E31AFA}.Debug|Any CPU.Build.0 = Debug|Any CPU
		{E69E3F22-727F-4E36-8463-D4C749E31AFA}.Debug|ARM.ActiveCfg = Debug|Any CPU
		{E69E3F22-727F-4E36-8463-D4C749E31AFA}.Debug|ARM.Build.0 = Debug|Any CPU
		{E69E3F22-727F-4E36-8463-D4C749E31AFA}.Debug|iPhone.ActiveCfg = Debug|Any CPU
		{E69E3F22-727F-4E36-8463-D4C749E31AFA}.Debug|iPhone.Build.0 = Debug|Any CPU
		{E69E3F22-727F-4E36-8463-D4C749E31AFA}.Debug|iPhoneSimulator.ActiveCfg = Debug|Any CPU
		{E69E3F22-727F-4E36-8463-D4C749E31AFA}.Debug|iPhoneSimulator.Build.0 = Debug|Any CPU
		{E69E3F22-727F-4E36-8463-D4C749E31AFA}.Debug|x64.ActiveCfg = Debug|Any CPU
		{E69E3F22-727F-4E36-8463-D4C749E31AFA}.Debug|x64.Build.0 = Debug|Any CPU
		{E69E3F22-727F-4E36-8463-D4C749E31AFA}.Debug|x86.ActiveCfg = Debug|Any CPU
		{E69E3F22-727F-4E36-8463-D4C749E31AFA}.Debug|x86.Build.0 = Debug|Any CPU
		{E69E3F22-727F-4E36-8463-D4C749E31AFA}.Release|Any CPU.ActiveCfg = Release|Any CPU
		{E69E3F22-727F-4E36-8463-D4C749E31AFA}.Release|Any CPU.Build.0 = Release|Any CPU
		{E69E3F22-727F-4E36-8463-D4C749E31AFA}.Release|ARM.ActiveCfg = Release|Any CPU
		{E69E3F22-727F-4E36-8463-D4C749E31AFA}.Release|ARM.Build.0 = Release|Any CPU
		{E69E3F22-727F-4E36-8463-D4C749E31AFA}.Release|iPhone.ActiveCfg = Release|Any CPU
		{E69E3F22-727F-4E36-8463-D4C749E31AFA}.Release|iPhone.Build.0 = Release|Any CPU
		{E69E3F22-727F-4E36-8463-D4C749E31AFA}.Release|iPhoneSimulator.ActiveCfg = Release|Any CPU
		{E69E3F22-727F-4E36-8463-D4C749E31AFA}.Release|iPhoneSimulator.Build.0 = Release|Any CPU
		{E69E3F22-727F-4E36-8463-D4C749E31AFA}.Release|x64.ActiveCfg = Release|Any CPU
		{E69E3F22-727F-4E36-8463-D4C749E31AFA}.Release|x64.Build.0 = Release|Any CPU
		{E69E3F22-727F-4E36-8463-D4C749E31AFA}.Release|x86.ActiveCfg = Release|Any CPU
		{E69E3F22-727F-4E36-8463-D4C749E31AFA}.Release|x86.Build.0 = Release|Any CPU
		{14178B2F-6681-491B-ABB4-CE3C469F5894}.Ad-Hoc|Any CPU.ActiveCfg = Debug|Any CPU
		{14178B2F-6681-491B-ABB4-CE3C469F5894}.Ad-Hoc|Any CPU.Build.0 = Debug|Any CPU
		{14178B2F-6681-491B-ABB4-CE3C469F5894}.Ad-Hoc|ARM.ActiveCfg = Debug|Any CPU
		{14178B2F-6681-491B-ABB4-CE3C469F5894}.Ad-Hoc|ARM.Build.0 = Debug|Any CPU
		{14178B2F-6681-491B-ABB4-CE3C469F5894}.Ad-Hoc|iPhone.ActiveCfg = Debug|Any CPU
		{14178B2F-6681-491B-ABB4-CE3C469F5894}.Ad-Hoc|iPhone.Build.0 = Debug|Any CPU
		{14178B2F-6681-491B-ABB4-CE3C469F5894}.Ad-Hoc|iPhoneSimulator.ActiveCfg = Debug|Any CPU
		{14178B2F-6681-491B-ABB4-CE3C469F5894}.Ad-Hoc|iPhoneSimulator.Build.0 = Debug|Any CPU
		{14178B2F-6681-491B-ABB4-CE3C469F5894}.Ad-Hoc|x64.ActiveCfg = Debug|Any CPU
		{14178B2F-6681-491B-ABB4-CE3C469F5894}.Ad-Hoc|x64.Build.0 = Debug|Any CPU
		{14178B2F-6681-491B-ABB4-CE3C469F5894}.Ad-Hoc|x86.ActiveCfg = Debug|Any CPU
		{14178B2F-6681-491B-ABB4-CE3C469F5894}.Ad-Hoc|x86.Build.0 = Debug|Any CPU
		{14178B2F-6681-491B-ABB4-CE3C469F5894}.AppStore|Any CPU.ActiveCfg = Debug|Any CPU
		{14178B2F-6681-491B-ABB4-CE3C469F5894}.AppStore|Any CPU.Build.0 = Debug|Any CPU
		{14178B2F-6681-491B-ABB4-CE3C469F5894}.AppStore|ARM.ActiveCfg = Debug|Any CPU
		{14178B2F-6681-491B-ABB4-CE3C469F5894}.AppStore|ARM.Build.0 = Debug|Any CPU
		{14178B2F-6681-491B-ABB4-CE3C469F5894}.AppStore|iPhone.ActiveCfg = Debug|Any CPU
		{14178B2F-6681-491B-ABB4-CE3C469F5894}.AppStore|iPhone.Build.0 = Debug|Any CPU
		{14178B2F-6681-491B-ABB4-CE3C469F5894}.AppStore|iPhoneSimulator.ActiveCfg = Debug|Any CPU
		{14178B2F-6681-491B-ABB4-CE3C469F5894}.AppStore|iPhoneSimulator.Build.0 = Debug|Any CPU
		{14178B2F-6681-491B-ABB4-CE3C469F5894}.AppStore|x64.ActiveCfg = Debug|Any CPU
		{14178B2F-6681-491B-ABB4-CE3C469F5894}.AppStore|x64.Build.0 = Debug|Any CPU
		{14178B2F-6681-491B-ABB4-CE3C469F5894}.AppStore|x86.ActiveCfg = Debug|Any CPU
		{14178B2F-6681-491B-ABB4-CE3C469F5894}.AppStore|x86.Build.0 = Debug|Any CPU
		{14178B2F-6681-491B-ABB4-CE3C469F5894}.Debug|Any CPU.ActiveCfg = Debug|Any CPU
		{14178B2F-6681-491B-ABB4-CE3C469F5894}.Debug|Any CPU.Build.0 = Debug|Any CPU
		{14178B2F-6681-491B-ABB4-CE3C469F5894}.Debug|ARM.ActiveCfg = Debug|Any CPU
		{14178B2F-6681-491B-ABB4-CE3C469F5894}.Debug|ARM.Build.0 = Debug|Any CPU
		{14178B2F-6681-491B-ABB4-CE3C469F5894}.Debug|iPhone.ActiveCfg = Debug|Any CPU
		{14178B2F-6681-491B-ABB4-CE3C469F5894}.Debug|iPhone.Build.0 = Debug|Any CPU
		{14178B2F-6681-491B-ABB4-CE3C469F5894}.Debug|iPhoneSimulator.ActiveCfg = Debug|Any CPU
		{14178B2F-6681-491B-ABB4-CE3C469F5894}.Debug|iPhoneSimulator.Build.0 = Debug|Any CPU
		{14178B2F-6681-491B-ABB4-CE3C469F5894}.Debug|x64.ActiveCfg = Debug|Any CPU
		{14178B2F-6681-491B-ABB4-CE3C469F5894}.Debug|x64.Build.0 = Debug|Any CPU
		{14178B2F-6681-491B-ABB4-CE3C469F5894}.Debug|x86.ActiveCfg = Debug|Any CPU
		{14178B2F-6681-491B-ABB4-CE3C469F5894}.Debug|x86.Build.0 = Debug|Any CPU
		{14178B2F-6681-491B-ABB4-CE3C469F5894}.Release|Any CPU.ActiveCfg = Release|Any CPU
		{14178B2F-6681-491B-ABB4-CE3C469F5894}.Release|Any CPU.Build.0 = Release|Any CPU
		{14178B2F-6681-491B-ABB4-CE3C469F5894}.Release|ARM.ActiveCfg = Release|Any CPU
		{14178B2F-6681-491B-ABB4-CE3C469F5894}.Release|ARM.Build.0 = Release|Any CPU
		{14178B2F-6681-491B-ABB4-CE3C469F5894}.Release|iPhone.ActiveCfg = Release|Any CPU
		{14178B2F-6681-491B-ABB4-CE3C469F5894}.Release|iPhone.Build.0 = Release|Any CPU
		{14178B2F-6681-491B-ABB4-CE3C469F5894}.Release|iPhoneSimulator.ActiveCfg = Release|Any CPU
		{14178B2F-6681-491B-ABB4-CE3C469F5894}.Release|iPhoneSimulator.Build.0 = Release|Any CPU
		{14178B2F-6681-491B-ABB4-CE3C469F5894}.Release|x64.ActiveCfg = Release|Any CPU
		{14178B2F-6681-491B-ABB4-CE3C469F5894}.Release|x64.Build.0 = Release|Any CPU
		{14178B2F-6681-491B-ABB4-CE3C469F5894}.Release|x86.ActiveCfg = Release|Any CPU
		{14178B2F-6681-491B-ABB4-CE3C469F5894}.Release|x86.Build.0 = Release|Any CPU
		{AA689E0E-E6FB-4352-916B-6310FDAB92ED}.Ad-Hoc|Any CPU.ActiveCfg = Debug|Any CPU
		{AA689E0E-E6FB-4352-916B-6310FDAB92ED}.Ad-Hoc|Any CPU.Build.0 = Debug|Any CPU
		{AA689E0E-E6FB-4352-916B-6310FDAB92ED}.Ad-Hoc|Any CPU.Deploy.0 = Debug|Any CPU
		{AA689E0E-E6FB-4352-916B-6310FDAB92ED}.Ad-Hoc|ARM.ActiveCfg = Debug|Any CPU
		{AA689E0E-E6FB-4352-916B-6310FDAB92ED}.Ad-Hoc|ARM.Build.0 = Debug|Any CPU
		{AA689E0E-E6FB-4352-916B-6310FDAB92ED}.Ad-Hoc|ARM.Deploy.0 = Debug|Any CPU
		{AA689E0E-E6FB-4352-916B-6310FDAB92ED}.Ad-Hoc|iPhone.ActiveCfg = Debug|Any CPU
		{AA689E0E-E6FB-4352-916B-6310FDAB92ED}.Ad-Hoc|iPhone.Build.0 = Debug|Any CPU
		{AA689E0E-E6FB-4352-916B-6310FDAB92ED}.Ad-Hoc|iPhone.Deploy.0 = Debug|Any CPU
		{AA689E0E-E6FB-4352-916B-6310FDAB92ED}.Ad-Hoc|iPhoneSimulator.ActiveCfg = Debug|Any CPU
		{AA689E0E-E6FB-4352-916B-6310FDAB92ED}.Ad-Hoc|iPhoneSimulator.Build.0 = Debug|Any CPU
		{AA689E0E-E6FB-4352-916B-6310FDAB92ED}.Ad-Hoc|iPhoneSimulator.Deploy.0 = Debug|Any CPU
		{AA689E0E-E6FB-4352-916B-6310FDAB92ED}.Ad-Hoc|x64.ActiveCfg = Debug|Any CPU
		{AA689E0E-E6FB-4352-916B-6310FDAB92ED}.Ad-Hoc|x64.Build.0 = Debug|Any CPU
		{AA689E0E-E6FB-4352-916B-6310FDAB92ED}.Ad-Hoc|x64.Deploy.0 = Debug|Any CPU
		{AA689E0E-E6FB-4352-916B-6310FDAB92ED}.Ad-Hoc|x86.ActiveCfg = Debug|Any CPU
		{AA689E0E-E6FB-4352-916B-6310FDAB92ED}.Ad-Hoc|x86.Build.0 = Debug|Any CPU
		{AA689E0E-E6FB-4352-916B-6310FDAB92ED}.Ad-Hoc|x86.Deploy.0 = Debug|Any CPU
		{AA689E0E-E6FB-4352-916B-6310FDAB92ED}.AppStore|Any CPU.ActiveCfg = Debug|Any CPU
		{AA689E0E-E6FB-4352-916B-6310FDAB92ED}.AppStore|Any CPU.Build.0 = Debug|Any CPU
		{AA689E0E-E6FB-4352-916B-6310FDAB92ED}.AppStore|Any CPU.Deploy.0 = Debug|Any CPU
		{AA689E0E-E6FB-4352-916B-6310FDAB92ED}.AppStore|ARM.ActiveCfg = Debug|Any CPU
		{AA689E0E-E6FB-4352-916B-6310FDAB92ED}.AppStore|ARM.Build.0 = Debug|Any CPU
		{AA689E0E-E6FB-4352-916B-6310FDAB92ED}.AppStore|ARM.Deploy.0 = Debug|Any CPU
		{AA689E0E-E6FB-4352-916B-6310FDAB92ED}.AppStore|iPhone.ActiveCfg = Debug|Any CPU
		{AA689E0E-E6FB-4352-916B-6310FDAB92ED}.AppStore|iPhone.Build.0 = Debug|Any CPU
		{AA689E0E-E6FB-4352-916B-6310FDAB92ED}.AppStore|iPhone.Deploy.0 = Debug|Any CPU
		{AA689E0E-E6FB-4352-916B-6310FDAB92ED}.AppStore|iPhoneSimulator.ActiveCfg = Debug|Any CPU
		{AA689E0E-E6FB-4352-916B-6310FDAB92ED}.AppStore|iPhoneSimulator.Build.0 = Debug|Any CPU
		{AA689E0E-E6FB-4352-916B-6310FDAB92ED}.AppStore|iPhoneSimulator.Deploy.0 = Debug|Any CPU
		{AA689E0E-E6FB-4352-916B-6310FDAB92ED}.AppStore|x64.ActiveCfg = Debug|Any CPU
		{AA689E0E-E6FB-4352-916B-6310FDAB92ED}.AppStore|x64.Build.0 = Debug|Any CPU
		{AA689E0E-E6FB-4352-916B-6310FDAB92ED}.AppStore|x64.Deploy.0 = Debug|Any CPU
		{AA689E0E-E6FB-4352-916B-6310FDAB92ED}.AppStore|x86.ActiveCfg = Debug|Any CPU
		{AA689E0E-E6FB-4352-916B-6310FDAB92ED}.AppStore|x86.Build.0 = Debug|Any CPU
		{AA689E0E-E6FB-4352-916B-6310FDAB92ED}.AppStore|x86.Deploy.0 = Debug|Any CPU
		{AA689E0E-E6FB-4352-916B-6310FDAB92ED}.Debug|Any CPU.ActiveCfg = Debug|Any CPU
		{AA689E0E-E6FB-4352-916B-6310FDAB92ED}.Debug|Any CPU.Build.0 = Debug|Any CPU
		{AA689E0E-E6FB-4352-916B-6310FDAB92ED}.Debug|Any CPU.Deploy.0 = Debug|Any CPU
		{AA689E0E-E6FB-4352-916B-6310FDAB92ED}.Debug|ARM.ActiveCfg = Debug|Any CPU
		{AA689E0E-E6FB-4352-916B-6310FDAB92ED}.Debug|ARM.Build.0 = Debug|Any CPU
		{AA689E0E-E6FB-4352-916B-6310FDAB92ED}.Debug|ARM.Deploy.0 = Debug|Any CPU
		{AA689E0E-E6FB-4352-916B-6310FDAB92ED}.Debug|iPhone.ActiveCfg = Debug|Any CPU
		{AA689E0E-E6FB-4352-916B-6310FDAB92ED}.Debug|iPhone.Build.0 = Debug|Any CPU
		{AA689E0E-E6FB-4352-916B-6310FDAB92ED}.Debug|iPhone.Deploy.0 = Debug|Any CPU
		{AA689E0E-E6FB-4352-916B-6310FDAB92ED}.Debug|iPhoneSimulator.ActiveCfg = Debug|Any CPU
		{AA689E0E-E6FB-4352-916B-6310FDAB92ED}.Debug|iPhoneSimulator.Build.0 = Debug|Any CPU
		{AA689E0E-E6FB-4352-916B-6310FDAB92ED}.Debug|iPhoneSimulator.Deploy.0 = Debug|Any CPU
		{AA689E0E-E6FB-4352-916B-6310FDAB92ED}.Debug|x64.ActiveCfg = Debug|Any CPU
		{AA689E0E-E6FB-4352-916B-6310FDAB92ED}.Debug|x64.Build.0 = Debug|Any CPU
		{AA689E0E-E6FB-4352-916B-6310FDAB92ED}.Debug|x64.Deploy.0 = Debug|Any CPU
		{AA689E0E-E6FB-4352-916B-6310FDAB92ED}.Debug|x86.ActiveCfg = Debug|Any CPU
		{AA689E0E-E6FB-4352-916B-6310FDAB92ED}.Debug|x86.Build.0 = Debug|Any CPU
		{AA689E0E-E6FB-4352-916B-6310FDAB92ED}.Debug|x86.Deploy.0 = Debug|Any CPU
		{AA689E0E-E6FB-4352-916B-6310FDAB92ED}.Release|Any CPU.ActiveCfg = Release|Any CPU
		{AA689E0E-E6FB-4352-916B-6310FDAB92ED}.Release|Any CPU.Build.0 = Release|Any CPU
		{AA689E0E-E6FB-4352-916B-6310FDAB92ED}.Release|Any CPU.Deploy.0 = Release|Any CPU
		{AA689E0E-E6FB-4352-916B-6310FDAB92ED}.Release|ARM.ActiveCfg = Release|Any CPU
		{AA689E0E-E6FB-4352-916B-6310FDAB92ED}.Release|ARM.Build.0 = Release|Any CPU
		{AA689E0E-E6FB-4352-916B-6310FDAB92ED}.Release|ARM.Deploy.0 = Release|Any CPU
		{AA689E0E-E6FB-4352-916B-6310FDAB92ED}.Release|iPhone.ActiveCfg = Release|Any CPU
		{AA689E0E-E6FB-4352-916B-6310FDAB92ED}.Release|iPhone.Build.0 = Release|Any CPU
		{AA689E0E-E6FB-4352-916B-6310FDAB92ED}.Release|iPhone.Deploy.0 = Release|Any CPU
		{AA689E0E-E6FB-4352-916B-6310FDAB92ED}.Release|iPhoneSimulator.ActiveCfg = Release|Any CPU
		{AA689E0E-E6FB-4352-916B-6310FDAB92ED}.Release|iPhoneSimulator.Build.0 = Release|Any CPU
		{AA689E0E-E6FB-4352-916B-6310FDAB92ED}.Release|iPhoneSimulator.Deploy.0 = Release|Any CPU
		{AA689E0E-E6FB-4352-916B-6310FDAB92ED}.Release|x64.ActiveCfg = Release|Any CPU
		{AA689E0E-E6FB-4352-916B-6310FDAB92ED}.Release|x64.Build.0 = Release|Any CPU
		{AA689E0E-E6FB-4352-916B-6310FDAB92ED}.Release|x64.Deploy.0 = Release|Any CPU
		{AA689E0E-E6FB-4352-916B-6310FDAB92ED}.Release|x86.ActiveCfg = Release|Any CPU
		{AA689E0E-E6FB-4352-916B-6310FDAB92ED}.Release|x86.Build.0 = Release|Any CPU
		{AA689E0E-E6FB-4352-916B-6310FDAB92ED}.Release|x86.Deploy.0 = Release|Any CPU
		{15016D1C-0745-48B8-AC4A-0D7D1E155BF0}.Ad-Hoc|Any CPU.ActiveCfg = Ad-Hoc|iPhoneSimulator
		{15016D1C-0745-48B8-AC4A-0D7D1E155BF0}.Ad-Hoc|Any CPU.Build.0 = Ad-Hoc|iPhoneSimulator
		{15016D1C-0745-48B8-AC4A-0D7D1E155BF0}.Ad-Hoc|ARM.ActiveCfg = Ad-Hoc|iPhoneSimulator
		{15016D1C-0745-48B8-AC4A-0D7D1E155BF0}.Ad-Hoc|ARM.Build.0 = Ad-Hoc|iPhoneSimulator
		{15016D1C-0745-48B8-AC4A-0D7D1E155BF0}.Ad-Hoc|iPhone.ActiveCfg = Ad-Hoc|iPhone
		{15016D1C-0745-48B8-AC4A-0D7D1E155BF0}.Ad-Hoc|iPhone.Build.0 = Ad-Hoc|iPhone
		{15016D1C-0745-48B8-AC4A-0D7D1E155BF0}.Ad-Hoc|iPhoneSimulator.ActiveCfg = Ad-Hoc|iPhoneSimulator
		{15016D1C-0745-48B8-AC4A-0D7D1E155BF0}.Ad-Hoc|iPhoneSimulator.Build.0 = Ad-Hoc|iPhoneSimulator
		{15016D1C-0745-48B8-AC4A-0D7D1E155BF0}.Ad-Hoc|x64.ActiveCfg = Ad-Hoc|iPhoneSimulator
		{15016D1C-0745-48B8-AC4A-0D7D1E155BF0}.Ad-Hoc|x64.Build.0 = Ad-Hoc|iPhoneSimulator
		{15016D1C-0745-48B8-AC4A-0D7D1E155BF0}.Ad-Hoc|x86.ActiveCfg = Ad-Hoc|iPhoneSimulator
		{15016D1C-0745-48B8-AC4A-0D7D1E155BF0}.Ad-Hoc|x86.Build.0 = Ad-Hoc|iPhoneSimulator
		{15016D1C-0745-48B8-AC4A-0D7D1E155BF0}.AppStore|Any CPU.ActiveCfg = AppStore|iPhoneSimulator
		{15016D1C-0745-48B8-AC4A-0D7D1E155BF0}.AppStore|Any CPU.Build.0 = AppStore|iPhoneSimulator
		{15016D1C-0745-48B8-AC4A-0D7D1E155BF0}.AppStore|ARM.ActiveCfg = AppStore|iPhoneSimulator
		{15016D1C-0745-48B8-AC4A-0D7D1E155BF0}.AppStore|ARM.Build.0 = AppStore|iPhoneSimulator
		{15016D1C-0745-48B8-AC4A-0D7D1E155BF0}.AppStore|iPhone.ActiveCfg = AppStore|iPhone
		{15016D1C-0745-48B8-AC4A-0D7D1E155BF0}.AppStore|iPhone.Build.0 = AppStore|iPhone
		{15016D1C-0745-48B8-AC4A-0D7D1E155BF0}.AppStore|iPhoneSimulator.ActiveCfg = AppStore|iPhoneSimulator
		{15016D1C-0745-48B8-AC4A-0D7D1E155BF0}.AppStore|iPhoneSimulator.Build.0 = AppStore|iPhoneSimulator
		{15016D1C-0745-48B8-AC4A-0D7D1E155BF0}.AppStore|x64.ActiveCfg = AppStore|iPhoneSimulator
		{15016D1C-0745-48B8-AC4A-0D7D1E155BF0}.AppStore|x64.Build.0 = AppStore|iPhoneSimulator
		{15016D1C-0745-48B8-AC4A-0D7D1E155BF0}.AppStore|x86.ActiveCfg = AppStore|iPhoneSimulator
		{15016D1C-0745-48B8-AC4A-0D7D1E155BF0}.AppStore|x86.Build.0 = AppStore|iPhoneSimulator
		{15016D1C-0745-48B8-AC4A-0D7D1E155BF0}.Debug|Any CPU.ActiveCfg = Debug|iPhoneSimulator
		{15016D1C-0745-48B8-AC4A-0D7D1E155BF0}.Debug|Any CPU.Build.0 = Debug|iPhoneSimulator
		{15016D1C-0745-48B8-AC4A-0D7D1E155BF0}.Debug|ARM.ActiveCfg = Debug|iPhoneSimulator
		{15016D1C-0745-48B8-AC4A-0D7D1E155BF0}.Debug|ARM.Build.0 = Debug|iPhoneSimulator
		{15016D1C-0745-48B8-AC4A-0D7D1E155BF0}.Debug|iPhone.ActiveCfg = Debug|iPhone
		{15016D1C-0745-48B8-AC4A-0D7D1E155BF0}.Debug|iPhone.Build.0 = Debug|iPhone
		{15016D1C-0745-48B8-AC4A-0D7D1E155BF0}.Debug|iPhoneSimulator.ActiveCfg = Debug|iPhoneSimulator
		{15016D1C-0745-48B8-AC4A-0D7D1E155BF0}.Debug|iPhoneSimulator.Build.0 = Debug|iPhoneSimulator
		{15016D1C-0745-48B8-AC4A-0D7D1E155BF0}.Debug|x64.ActiveCfg = Debug|iPhoneSimulator
		{15016D1C-0745-48B8-AC4A-0D7D1E155BF0}.Debug|x64.Build.0 = Debug|iPhoneSimulator
		{15016D1C-0745-48B8-AC4A-0D7D1E155BF0}.Debug|x86.ActiveCfg = Debug|iPhoneSimulator
		{15016D1C-0745-48B8-AC4A-0D7D1E155BF0}.Debug|x86.Build.0 = Debug|iPhoneSimulator
		{15016D1C-0745-48B8-AC4A-0D7D1E155BF0}.Release|Any CPU.ActiveCfg = Release|iPhoneSimulator
		{15016D1C-0745-48B8-AC4A-0D7D1E155BF0}.Release|Any CPU.Build.0 = Release|iPhoneSimulator
		{15016D1C-0745-48B8-AC4A-0D7D1E155BF0}.Release|ARM.ActiveCfg = Release|iPhoneSimulator
		{15016D1C-0745-48B8-AC4A-0D7D1E155BF0}.Release|ARM.Build.0 = Release|iPhoneSimulator
		{15016D1C-0745-48B8-AC4A-0D7D1E155BF0}.Release|iPhone.ActiveCfg = Release|iPhone
		{15016D1C-0745-48B8-AC4A-0D7D1E155BF0}.Release|iPhone.Build.0 = Release|iPhone
		{15016D1C-0745-48B8-AC4A-0D7D1E155BF0}.Release|iPhoneSimulator.ActiveCfg = Release|iPhoneSimulator
		{15016D1C-0745-48B8-AC4A-0D7D1E155BF0}.Release|iPhoneSimulator.Build.0 = Release|iPhoneSimulator
		{15016D1C-0745-48B8-AC4A-0D7D1E155BF0}.Release|x64.ActiveCfg = Release|iPhoneSimulator
		{15016D1C-0745-48B8-AC4A-0D7D1E155BF0}.Release|x64.Build.0 = Release|iPhoneSimulator
		{15016D1C-0745-48B8-AC4A-0D7D1E155BF0}.Release|x86.ActiveCfg = Release|iPhoneSimulator
		{15016D1C-0745-48B8-AC4A-0D7D1E155BF0}.Release|x86.Build.0 = Release|iPhoneSimulator
		{4EAF4AD2-DBDA-4E03-B7E6-32E6132D7491}.Ad-Hoc|Any CPU.ActiveCfg = Debug|Any CPU
		{4EAF4AD2-DBDA-4E03-B7E6-32E6132D7491}.Ad-Hoc|Any CPU.Build.0 = Debug|Any CPU
		{4EAF4AD2-DBDA-4E03-B7E6-32E6132D7491}.Ad-Hoc|ARM.ActiveCfg = Debug|Any CPU
		{4EAF4AD2-DBDA-4E03-B7E6-32E6132D7491}.Ad-Hoc|ARM.Build.0 = Debug|Any CPU
		{4EAF4AD2-DBDA-4E03-B7E6-32E6132D7491}.Ad-Hoc|iPhone.ActiveCfg = Debug|Any CPU
		{4EAF4AD2-DBDA-4E03-B7E6-32E6132D7491}.Ad-Hoc|iPhone.Build.0 = Debug|Any CPU
		{4EAF4AD2-DBDA-4E03-B7E6-32E6132D7491}.Ad-Hoc|iPhoneSimulator.ActiveCfg = Debug|Any CPU
		{4EAF4AD2-DBDA-4E03-B7E6-32E6132D7491}.Ad-Hoc|iPhoneSimulator.Build.0 = Debug|Any CPU
		{4EAF4AD2-DBDA-4E03-B7E6-32E6132D7491}.Ad-Hoc|x64.ActiveCfg = Debug|Any CPU
		{4EAF4AD2-DBDA-4E03-B7E6-32E6132D7491}.Ad-Hoc|x64.Build.0 = Debug|Any CPU
		{4EAF4AD2-DBDA-4E03-B7E6-32E6132D7491}.Ad-Hoc|x86.ActiveCfg = Debug|Any CPU
		{4EAF4AD2-DBDA-4E03-B7E6-32E6132D7491}.Ad-Hoc|x86.Build.0 = Debug|Any CPU
		{4EAF4AD2-DBDA-4E03-B7E6-32E6132D7491}.AppStore|Any CPU.ActiveCfg = Debug|Any CPU
		{4EAF4AD2-DBDA-4E03-B7E6-32E6132D7491}.AppStore|Any CPU.Build.0 = Debug|Any CPU
		{4EAF4AD2-DBDA-4E03-B7E6-32E6132D7491}.AppStore|ARM.ActiveCfg = Debug|Any CPU
		{4EAF4AD2-DBDA-4E03-B7E6-32E6132D7491}.AppStore|ARM.Build.0 = Debug|Any CPU
		{4EAF4AD2-DBDA-4E03-B7E6-32E6132D7491}.AppStore|iPhone.ActiveCfg = Debug|Any CPU
		{4EAF4AD2-DBDA-4E03-B7E6-32E6132D7491}.AppStore|iPhone.Build.0 = Debug|Any CPU
		{4EAF4AD2-DBDA-4E03-B7E6-32E6132D7491}.AppStore|iPhoneSimulator.ActiveCfg = Debug|Any CPU
		{4EAF4AD2-DBDA-4E03-B7E6-32E6132D7491}.AppStore|iPhoneSimulator.Build.0 = Debug|Any CPU
		{4EAF4AD2-DBDA-4E03-B7E6-32E6132D7491}.AppStore|x64.ActiveCfg = Debug|Any CPU
		{4EAF4AD2-DBDA-4E03-B7E6-32E6132D7491}.AppStore|x64.Build.0 = Debug|Any CPU
		{4EAF4AD2-DBDA-4E03-B7E6-32E6132D7491}.AppStore|x86.ActiveCfg = Debug|Any CPU
		{4EAF4AD2-DBDA-4E03-B7E6-32E6132D7491}.AppStore|x86.Build.0 = Debug|Any CPU
		{4EAF4AD2-DBDA-4E03-B7E6-32E6132D7491}.Debug|Any CPU.ActiveCfg = Debug|Any CPU
		{4EAF4AD2-DBDA-4E03-B7E6-32E6132D7491}.Debug|Any CPU.Build.0 = Debug|Any CPU
		{4EAF4AD2-DBDA-4E03-B7E6-32E6132D7491}.Debug|ARM.ActiveCfg = Debug|Any CPU
		{4EAF4AD2-DBDA-4E03-B7E6-32E6132D7491}.Debug|ARM.Build.0 = Debug|Any CPU
		{4EAF4AD2-DBDA-4E03-B7E6-32E6132D7491}.Debug|iPhone.ActiveCfg = Debug|Any CPU
		{4EAF4AD2-DBDA-4E03-B7E6-32E6132D7491}.Debug|iPhone.Build.0 = Debug|Any CPU
		{4EAF4AD2-DBDA-4E03-B7E6-32E6132D7491}.Debug|iPhoneSimulator.ActiveCfg = Debug|Any CPU
		{4EAF4AD2-DBDA-4E03-B7E6-32E6132D7491}.Debug|iPhoneSimulator.Build.0 = Debug|Any CPU
		{4EAF4AD2-DBDA-4E03-B7E6-32E6132D7491}.Debug|x64.ActiveCfg = Debug|Any CPU
		{4EAF4AD2-DBDA-4E03-B7E6-32E6132D7491}.Debug|x64.Build.0 = Debug|Any CPU
		{4EAF4AD2-DBDA-4E03-B7E6-32E6132D7491}.Debug|x86.ActiveCfg = Debug|Any CPU
		{4EAF4AD2-DBDA-4E03-B7E6-32E6132D7491}.Debug|x86.Build.0 = Debug|Any CPU
		{4EAF4AD2-DBDA-4E03-B7E6-32E6132D7491}.Release|Any CPU.ActiveCfg = Release|Any CPU
		{4EAF4AD2-DBDA-4E03-B7E6-32E6132D7491}.Release|Any CPU.Build.0 = Release|Any CPU
		{4EAF4AD2-DBDA-4E03-B7E6-32E6132D7491}.Release|ARM.ActiveCfg = Release|Any CPU
		{4EAF4AD2-DBDA-4E03-B7E6-32E6132D7491}.Release|ARM.Build.0 = Release|Any CPU
		{4EAF4AD2-DBDA-4E03-B7E6-32E6132D7491}.Release|iPhone.ActiveCfg = Release|Any CPU
		{4EAF4AD2-DBDA-4E03-B7E6-32E6132D7491}.Release|iPhone.Build.0 = Release|Any CPU
		{4EAF4AD2-DBDA-4E03-B7E6-32E6132D7491}.Release|iPhoneSimulator.ActiveCfg = Release|Any CPU
		{4EAF4AD2-DBDA-4E03-B7E6-32E6132D7491}.Release|iPhoneSimulator.Build.0 = Release|Any CPU
		{4EAF4AD2-DBDA-4E03-B7E6-32E6132D7491}.Release|x64.ActiveCfg = Release|Any CPU
		{4EAF4AD2-DBDA-4E03-B7E6-32E6132D7491}.Release|x64.Build.0 = Release|Any CPU
		{4EAF4AD2-DBDA-4E03-B7E6-32E6132D7491}.Release|x86.ActiveCfg = Release|Any CPU
		{4EAF4AD2-DBDA-4E03-B7E6-32E6132D7491}.Release|x86.Build.0 = Release|Any CPU
		{617C2F0B-CD3B-44A5-94BB-CE18F08F1F7A}.Ad-Hoc|Any CPU.ActiveCfg = Debug|x64
		{617C2F0B-CD3B-44A5-94BB-CE18F08F1F7A}.Ad-Hoc|Any CPU.Build.0 = Debug|x64
		{617C2F0B-CD3B-44A5-94BB-CE18F08F1F7A}.Ad-Hoc|Any CPU.Deploy.0 = Debug|x64
		{617C2F0B-CD3B-44A5-94BB-CE18F08F1F7A}.Ad-Hoc|ARM.ActiveCfg = Debug|ARM
		{617C2F0B-CD3B-44A5-94BB-CE18F08F1F7A}.Ad-Hoc|ARM.Build.0 = Debug|ARM
		{617C2F0B-CD3B-44A5-94BB-CE18F08F1F7A}.Ad-Hoc|ARM.Deploy.0 = Debug|ARM
		{617C2F0B-CD3B-44A5-94BB-CE18F08F1F7A}.Ad-Hoc|iPhone.ActiveCfg = Debug|x64
		{617C2F0B-CD3B-44A5-94BB-CE18F08F1F7A}.Ad-Hoc|iPhone.Build.0 = Debug|x64
		{617C2F0B-CD3B-44A5-94BB-CE18F08F1F7A}.Ad-Hoc|iPhone.Deploy.0 = Debug|x64
		{617C2F0B-CD3B-44A5-94BB-CE18F08F1F7A}.Ad-Hoc|iPhoneSimulator.ActiveCfg = Debug|x64
		{617C2F0B-CD3B-44A5-94BB-CE18F08F1F7A}.Ad-Hoc|iPhoneSimulator.Build.0 = Debug|x64
		{617C2F0B-CD3B-44A5-94BB-CE18F08F1F7A}.Ad-Hoc|iPhoneSimulator.Deploy.0 = Debug|x64
		{617C2F0B-CD3B-44A5-94BB-CE18F08F1F7A}.Ad-Hoc|x64.ActiveCfg = Debug|x64
		{617C2F0B-CD3B-44A5-94BB-CE18F08F1F7A}.Ad-Hoc|x64.Build.0 = Debug|x64
		{617C2F0B-CD3B-44A5-94BB-CE18F08F1F7A}.Ad-Hoc|x64.Deploy.0 = Debug|x64
		{617C2F0B-CD3B-44A5-94BB-CE18F08F1F7A}.Ad-Hoc|x86.ActiveCfg = Debug|x86
		{617C2F0B-CD3B-44A5-94BB-CE18F08F1F7A}.Ad-Hoc|x86.Build.0 = Debug|x86
		{617C2F0B-CD3B-44A5-94BB-CE18F08F1F7A}.Ad-Hoc|x86.Deploy.0 = Debug|x86
		{617C2F0B-CD3B-44A5-94BB-CE18F08F1F7A}.AppStore|Any CPU.ActiveCfg = Debug|x64
		{617C2F0B-CD3B-44A5-94BB-CE18F08F1F7A}.AppStore|Any CPU.Build.0 = Debug|x64
		{617C2F0B-CD3B-44A5-94BB-CE18F08F1F7A}.AppStore|Any CPU.Deploy.0 = Debug|x64
		{617C2F0B-CD3B-44A5-94BB-CE18F08F1F7A}.AppStore|ARM.ActiveCfg = Debug|ARM
		{617C2F0B-CD3B-44A5-94BB-CE18F08F1F7A}.AppStore|ARM.Build.0 = Debug|ARM
		{617C2F0B-CD3B-44A5-94BB-CE18F08F1F7A}.AppStore|ARM.Deploy.0 = Debug|ARM
		{617C2F0B-CD3B-44A5-94BB-CE18F08F1F7A}.AppStore|iPhone.ActiveCfg = Debug|x64
		{617C2F0B-CD3B-44A5-94BB-CE18F08F1F7A}.AppStore|iPhone.Build.0 = Debug|x64
		{617C2F0B-CD3B-44A5-94BB-CE18F08F1F7A}.AppStore|iPhone.Deploy.0 = Debug|x64
		{617C2F0B-CD3B-44A5-94BB-CE18F08F1F7A}.AppStore|iPhoneSimulator.ActiveCfg = Debug|x64
		{617C2F0B-CD3B-44A5-94BB-CE18F08F1F7A}.AppStore|iPhoneSimulator.Build.0 = Debug|x64
		{617C2F0B-CD3B-44A5-94BB-CE18F08F1F7A}.AppStore|iPhoneSimulator.Deploy.0 = Debug|x64
		{617C2F0B-CD3B-44A5-94BB-CE18F08F1F7A}.AppStore|x64.ActiveCfg = Debug|x64
		{617C2F0B-CD3B-44A5-94BB-CE18F08F1F7A}.AppStore|x64.Build.0 = Debug|x64
		{617C2F0B-CD3B-44A5-94BB-CE18F08F1F7A}.AppStore|x64.Deploy.0 = Debug|x64
		{617C2F0B-CD3B-44A5-94BB-CE18F08F1F7A}.AppStore|x86.ActiveCfg = Debug|x86
		{617C2F0B-CD3B-44A5-94BB-CE18F08F1F7A}.AppStore|x86.Build.0 = Debug|x86
		{617C2F0B-CD3B-44A5-94BB-CE18F08F1F7A}.AppStore|x86.Deploy.0 = Debug|x86
		{617C2F0B-CD3B-44A5-94BB-CE18F08F1F7A}.Debug|Any CPU.ActiveCfg = Debug|x64
		{617C2F0B-CD3B-44A5-94BB-CE18F08F1F7A}.Debug|Any CPU.Build.0 = Debug|x64
		{617C2F0B-CD3B-44A5-94BB-CE18F08F1F7A}.Debug|Any CPU.Deploy.0 = Debug|x64
		{617C2F0B-CD3B-44A5-94BB-CE18F08F1F7A}.Debug|ARM.ActiveCfg = Debug|ARM
		{617C2F0B-CD3B-44A5-94BB-CE18F08F1F7A}.Debug|ARM.Build.0 = Debug|ARM
		{617C2F0B-CD3B-44A5-94BB-CE18F08F1F7A}.Debug|ARM.Deploy.0 = Debug|ARM
		{617C2F0B-CD3B-44A5-94BB-CE18F08F1F7A}.Debug|iPhone.ActiveCfg = Debug|x64
		{617C2F0B-CD3B-44A5-94BB-CE18F08F1F7A}.Debug|iPhone.Build.0 = Debug|x64
		{617C2F0B-CD3B-44A5-94BB-CE18F08F1F7A}.Debug|iPhone.Deploy.0 = Debug|x64
		{617C2F0B-CD3B-44A5-94BB-CE18F08F1F7A}.Debug|iPhoneSimulator.ActiveCfg = Debug|x64
		{617C2F0B-CD3B-44A5-94BB-CE18F08F1F7A}.Debug|iPhoneSimulator.Build.0 = Debug|x64
		{617C2F0B-CD3B-44A5-94BB-CE18F08F1F7A}.Debug|iPhoneSimulator.Deploy.0 = Debug|x64
		{617C2F0B-CD3B-44A5-94BB-CE18F08F1F7A}.Debug|x64.ActiveCfg = Debug|x64
		{617C2F0B-CD3B-44A5-94BB-CE18F08F1F7A}.Debug|x64.Build.0 = Debug|x64
		{617C2F0B-CD3B-44A5-94BB-CE18F08F1F7A}.Debug|x64.Deploy.0 = Debug|x64
		{617C2F0B-CD3B-44A5-94BB-CE18F08F1F7A}.Debug|x86.ActiveCfg = Debug|x86
		{617C2F0B-CD3B-44A5-94BB-CE18F08F1F7A}.Debug|x86.Build.0 = Debug|x86
		{617C2F0B-CD3B-44A5-94BB-CE18F08F1F7A}.Debug|x86.Deploy.0 = Debug|x86
		{617C2F0B-CD3B-44A5-94BB-CE18F08F1F7A}.Release|Any CPU.ActiveCfg = Release|x64
		{617C2F0B-CD3B-44A5-94BB-CE18F08F1F7A}.Release|Any CPU.Build.0 = Release|x64
		{617C2F0B-CD3B-44A5-94BB-CE18F08F1F7A}.Release|Any CPU.Deploy.0 = Release|x64
		{617C2F0B-CD3B-44A5-94BB-CE18F08F1F7A}.Release|ARM.ActiveCfg = Release|ARM
		{617C2F0B-CD3B-44A5-94BB-CE18F08F1F7A}.Release|ARM.Build.0 = Release|ARM
		{617C2F0B-CD3B-44A5-94BB-CE18F08F1F7A}.Release|ARM.Deploy.0 = Release|ARM
		{617C2F0B-CD3B-44A5-94BB-CE18F08F1F7A}.Release|iPhone.ActiveCfg = Release|x64
		{617C2F0B-CD3B-44A5-94BB-CE18F08F1F7A}.Release|iPhone.Build.0 = Release|x64
		{617C2F0B-CD3B-44A5-94BB-CE18F08F1F7A}.Release|iPhone.Deploy.0 = Release|x64
		{617C2F0B-CD3B-44A5-94BB-CE18F08F1F7A}.Release|iPhoneSimulator.ActiveCfg = Release|x64
		{617C2F0B-CD3B-44A5-94BB-CE18F08F1F7A}.Release|iPhoneSimulator.Build.0 = Release|x64
		{617C2F0B-CD3B-44A5-94BB-CE18F08F1F7A}.Release|iPhoneSimulator.Deploy.0 = Release|x64
		{617C2F0B-CD3B-44A5-94BB-CE18F08F1F7A}.Release|x64.ActiveCfg = Release|x64
		{617C2F0B-CD3B-44A5-94BB-CE18F08F1F7A}.Release|x64.Build.0 = Release|x64
		{617C2F0B-CD3B-44A5-94BB-CE18F08F1F7A}.Release|x64.Deploy.0 = Release|x64
		{617C2F0B-CD3B-44A5-94BB-CE18F08F1F7A}.Release|x86.ActiveCfg = Release|x86
		{617C2F0B-CD3B-44A5-94BB-CE18F08F1F7A}.Release|x86.Build.0 = Release|x86
		{617C2F0B-CD3B-44A5-94BB-CE18F08F1F7A}.Release|x86.Deploy.0 = Release|x86
		{29F3698D-B50C-4B77-B5F0-A26C0E067A2B}.Ad-Hoc|Any CPU.ActiveCfg = Debug|Any CPU
		{29F3698D-B50C-4B77-B5F0-A26C0E067A2B}.Ad-Hoc|Any CPU.Build.0 = Debug|Any CPU
		{29F3698D-B50C-4B77-B5F0-A26C0E067A2B}.Ad-Hoc|ARM.ActiveCfg = Debug|Any CPU
		{29F3698D-B50C-4B77-B5F0-A26C0E067A2B}.Ad-Hoc|ARM.Build.0 = Debug|Any CPU
		{29F3698D-B50C-4B77-B5F0-A26C0E067A2B}.Ad-Hoc|iPhone.ActiveCfg = Debug|Any CPU
		{29F3698D-B50C-4B77-B5F0-A26C0E067A2B}.Ad-Hoc|iPhone.Build.0 = Debug|Any CPU
		{29F3698D-B50C-4B77-B5F0-A26C0E067A2B}.Ad-Hoc|iPhoneSimulator.ActiveCfg = Debug|Any CPU
		{29F3698D-B50C-4B77-B5F0-A26C0E067A2B}.Ad-Hoc|iPhoneSimulator.Build.0 = Debug|Any CPU
		{29F3698D-B50C-4B77-B5F0-A26C0E067A2B}.Ad-Hoc|x64.ActiveCfg = Debug|Any CPU
		{29F3698D-B50C-4B77-B5F0-A26C0E067A2B}.Ad-Hoc|x64.Build.0 = Debug|Any CPU
		{29F3698D-B50C-4B77-B5F0-A26C0E067A2B}.Ad-Hoc|x86.ActiveCfg = Debug|Any CPU
		{29F3698D-B50C-4B77-B5F0-A26C0E067A2B}.Ad-Hoc|x86.Build.0 = Debug|Any CPU
		{29F3698D-B50C-4B77-B5F0-A26C0E067A2B}.AppStore|Any CPU.ActiveCfg = Debug|Any CPU
		{29F3698D-B50C-4B77-B5F0-A26C0E067A2B}.AppStore|Any CPU.Build.0 = Debug|Any CPU
		{29F3698D-B50C-4B77-B5F0-A26C0E067A2B}.AppStore|ARM.ActiveCfg = Debug|Any CPU
		{29F3698D-B50C-4B77-B5F0-A26C0E067A2B}.AppStore|ARM.Build.0 = Debug|Any CPU
		{29F3698D-B50C-4B77-B5F0-A26C0E067A2B}.AppStore|iPhone.ActiveCfg = Debug|Any CPU
		{29F3698D-B50C-4B77-B5F0-A26C0E067A2B}.AppStore|iPhone.Build.0 = Debug|Any CPU
		{29F3698D-B50C-4B77-B5F0-A26C0E067A2B}.AppStore|iPhoneSimulator.ActiveCfg = Debug|Any CPU
		{29F3698D-B50C-4B77-B5F0-A26C0E067A2B}.AppStore|iPhoneSimulator.Build.0 = Debug|Any CPU
		{29F3698D-B50C-4B77-B5F0-A26C0E067A2B}.AppStore|x64.ActiveCfg = Debug|Any CPU
		{29F3698D-B50C-4B77-B5F0-A26C0E067A2B}.AppStore|x64.Build.0 = Debug|Any CPU
		{29F3698D-B50C-4B77-B5F0-A26C0E067A2B}.AppStore|x86.ActiveCfg = Debug|Any CPU
		{29F3698D-B50C-4B77-B5F0-A26C0E067A2B}.AppStore|x86.Build.0 = Debug|Any CPU
		{29F3698D-B50C-4B77-B5F0-A26C0E067A2B}.Debug|Any CPU.ActiveCfg = Debug|Any CPU
		{29F3698D-B50C-4B77-B5F0-A26C0E067A2B}.Debug|Any CPU.Build.0 = Debug|Any CPU
		{29F3698D-B50C-4B77-B5F0-A26C0E067A2B}.Debug|ARM.ActiveCfg = Debug|Any CPU
		{29F3698D-B50C-4B77-B5F0-A26C0E067A2B}.Debug|ARM.Build.0 = Debug|Any CPU
		{29F3698D-B50C-4B77-B5F0-A26C0E067A2B}.Debug|iPhone.ActiveCfg = Debug|Any CPU
		{29F3698D-B50C-4B77-B5F0-A26C0E067A2B}.Debug|iPhone.Build.0 = Debug|Any CPU
		{29F3698D-B50C-4B77-B5F0-A26C0E067A2B}.Debug|iPhoneSimulator.ActiveCfg = Debug|Any CPU
		{29F3698D-B50C-4B77-B5F0-A26C0E067A2B}.Debug|iPhoneSimulator.Build.0 = Debug|Any CPU
		{29F3698D-B50C-4B77-B5F0-A26C0E067A2B}.Debug|x64.ActiveCfg = Debug|Any CPU
		{29F3698D-B50C-4B77-B5F0-A26C0E067A2B}.Debug|x64.Build.0 = Debug|Any CPU
		{29F3698D-B50C-4B77-B5F0-A26C0E067A2B}.Debug|x86.ActiveCfg = Debug|Any CPU
		{29F3698D-B50C-4B77-B5F0-A26C0E067A2B}.Debug|x86.Build.0 = Debug|Any CPU
		{29F3698D-B50C-4B77-B5F0-A26C0E067A2B}.Release|Any CPU.ActiveCfg = Release|Any CPU
		{29F3698D-B50C-4B77-B5F0-A26C0E067A2B}.Release|Any CPU.Build.0 = Release|Any CPU
		{29F3698D-B50C-4B77-B5F0-A26C0E067A2B}.Release|ARM.ActiveCfg = Release|Any CPU
		{29F3698D-B50C-4B77-B5F0-A26C0E067A2B}.Release|ARM.Build.0 = Release|Any CPU
		{29F3698D-B50C-4B77-B5F0-A26C0E067A2B}.Release|iPhone.ActiveCfg = Release|Any CPU
		{29F3698D-B50C-4B77-B5F0-A26C0E067A2B}.Release|iPhone.Build.0 = Release|Any CPU
		{29F3698D-B50C-4B77-B5F0-A26C0E067A2B}.Release|iPhoneSimulator.ActiveCfg = Release|Any CPU
		{29F3698D-B50C-4B77-B5F0-A26C0E067A2B}.Release|iPhoneSimulator.Build.0 = Release|Any CPU
		{29F3698D-B50C-4B77-B5F0-A26C0E067A2B}.Release|x64.ActiveCfg = Release|Any CPU
		{29F3698D-B50C-4B77-B5F0-A26C0E067A2B}.Release|x64.Build.0 = Release|Any CPU
		{29F3698D-B50C-4B77-B5F0-A26C0E067A2B}.Release|x86.ActiveCfg = Release|Any CPU
		{29F3698D-B50C-4B77-B5F0-A26C0E067A2B}.Release|x86.Build.0 = Release|Any CPU
		{7D6D4D36-5BD1-4D23-8892-1817F6D13D7D}.Ad-Hoc|Any CPU.ActiveCfg = Debug|Any CPU
		{7D6D4D36-5BD1-4D23-8892-1817F6D13D7D}.Ad-Hoc|Any CPU.Build.0 = Debug|Any CPU
		{7D6D4D36-5BD1-4D23-8892-1817F6D13D7D}.Ad-Hoc|ARM.ActiveCfg = Debug|Any CPU
		{7D6D4D36-5BD1-4D23-8892-1817F6D13D7D}.Ad-Hoc|ARM.Build.0 = Debug|Any CPU
		{7D6D4D36-5BD1-4D23-8892-1817F6D13D7D}.Ad-Hoc|iPhone.ActiveCfg = Debug|Any CPU
		{7D6D4D36-5BD1-4D23-8892-1817F6D13D7D}.Ad-Hoc|iPhone.Build.0 = Debug|Any CPU
		{7D6D4D36-5BD1-4D23-8892-1817F6D13D7D}.Ad-Hoc|iPhoneSimulator.ActiveCfg = Debug|Any CPU
		{7D6D4D36-5BD1-4D23-8892-1817F6D13D7D}.Ad-Hoc|iPhoneSimulator.Build.0 = Debug|Any CPU
		{7D6D4D36-5BD1-4D23-8892-1817F6D13D7D}.Ad-Hoc|x64.ActiveCfg = Debug|Any CPU
		{7D6D4D36-5BD1-4D23-8892-1817F6D13D7D}.Ad-Hoc|x64.Build.0 = Debug|Any CPU
		{7D6D4D36-5BD1-4D23-8892-1817F6D13D7D}.Ad-Hoc|x86.ActiveCfg = Debug|Any CPU
		{7D6D4D36-5BD1-4D23-8892-1817F6D13D7D}.Ad-Hoc|x86.Build.0 = Debug|Any CPU
		{7D6D4D36-5BD1-4D23-8892-1817F6D13D7D}.AppStore|Any CPU.ActiveCfg = Debug|Any CPU
		{7D6D4D36-5BD1-4D23-8892-1817F6D13D7D}.AppStore|Any CPU.Build.0 = Debug|Any CPU
		{7D6D4D36-5BD1-4D23-8892-1817F6D13D7D}.AppStore|ARM.ActiveCfg = Debug|Any CPU
		{7D6D4D36-5BD1-4D23-8892-1817F6D13D7D}.AppStore|ARM.Build.0 = Debug|Any CPU
		{7D6D4D36-5BD1-4D23-8892-1817F6D13D7D}.AppStore|iPhone.ActiveCfg = Debug|Any CPU
		{7D6D4D36-5BD1-4D23-8892-1817F6D13D7D}.AppStore|iPhone.Build.0 = Debug|Any CPU
		{7D6D4D36-5BD1-4D23-8892-1817F6D13D7D}.AppStore|iPhoneSimulator.ActiveCfg = Debug|Any CPU
		{7D6D4D36-5BD1-4D23-8892-1817F6D13D7D}.AppStore|iPhoneSimulator.Build.0 = Debug|Any CPU
		{7D6D4D36-5BD1-4D23-8892-1817F6D13D7D}.AppStore|x64.ActiveCfg = Debug|Any CPU
		{7D6D4D36-5BD1-4D23-8892-1817F6D13D7D}.AppStore|x64.Build.0 = Debug|Any CPU
		{7D6D4D36-5BD1-4D23-8892-1817F6D13D7D}.AppStore|x86.ActiveCfg = Debug|Any CPU
		{7D6D4D36-5BD1-4D23-8892-1817F6D13D7D}.AppStore|x86.Build.0 = Debug|Any CPU
		{7D6D4D36-5BD1-4D23-8892-1817F6D13D7D}.Debug|Any CPU.ActiveCfg = Debug|Any CPU
		{7D6D4D36-5BD1-4D23-8892-1817F6D13D7D}.Debug|Any CPU.Build.0 = Debug|Any CPU
		{7D6D4D36-5BD1-4D23-8892-1817F6D13D7D}.Debug|ARM.ActiveCfg = Debug|Any CPU
		{7D6D4D36-5BD1-4D23-8892-1817F6D13D7D}.Debug|ARM.Build.0 = Debug|Any CPU
		{7D6D4D36-5BD1-4D23-8892-1817F6D13D7D}.Debug|iPhone.ActiveCfg = Debug|Any CPU
		{7D6D4D36-5BD1-4D23-8892-1817F6D13D7D}.Debug|iPhone.Build.0 = Debug|Any CPU
		{7D6D4D36-5BD1-4D23-8892-1817F6D13D7D}.Debug|iPhoneSimulator.ActiveCfg = Debug|Any CPU
		{7D6D4D36-5BD1-4D23-8892-1817F6D13D7D}.Debug|iPhoneSimulator.Build.0 = Debug|Any CPU
		{7D6D4D36-5BD1-4D23-8892-1817F6D13D7D}.Debug|x64.ActiveCfg = Debug|Any CPU
		{7D6D4D36-5BD1-4D23-8892-1817F6D13D7D}.Debug|x64.Build.0 = Debug|Any CPU
		{7D6D4D36-5BD1-4D23-8892-1817F6D13D7D}.Debug|x86.ActiveCfg = Debug|Any CPU
		{7D6D4D36-5BD1-4D23-8892-1817F6D13D7D}.Debug|x86.Build.0 = Debug|Any CPU
		{7D6D4D36-5BD1-4D23-8892-1817F6D13D7D}.Release|Any CPU.ActiveCfg = Release|Any CPU
		{7D6D4D36-5BD1-4D23-8892-1817F6D13D7D}.Release|Any CPU.Build.0 = Release|Any CPU
		{7D6D4D36-5BD1-4D23-8892-1817F6D13D7D}.Release|ARM.ActiveCfg = Release|Any CPU
		{7D6D4D36-5BD1-4D23-8892-1817F6D13D7D}.Release|ARM.Build.0 = Release|Any CPU
		{7D6D4D36-5BD1-4D23-8892-1817F6D13D7D}.Release|iPhone.ActiveCfg = Release|Any CPU
		{7D6D4D36-5BD1-4D23-8892-1817F6D13D7D}.Release|iPhone.Build.0 = Release|Any CPU
		{7D6D4D36-5BD1-4D23-8892-1817F6D13D7D}.Release|iPhoneSimulator.ActiveCfg = Release|Any CPU
		{7D6D4D36-5BD1-4D23-8892-1817F6D13D7D}.Release|iPhoneSimulator.Build.0 = Release|Any CPU
		{7D6D4D36-5BD1-4D23-8892-1817F6D13D7D}.Release|x64.ActiveCfg = Release|Any CPU
		{7D6D4D36-5BD1-4D23-8892-1817F6D13D7D}.Release|x64.Build.0 = Release|Any CPU
		{7D6D4D36-5BD1-4D23-8892-1817F6D13D7D}.Release|x86.ActiveCfg = Release|Any CPU
		{7D6D4D36-5BD1-4D23-8892-1817F6D13D7D}.Release|x86.Build.0 = Release|Any CPU
		{DB87F27D-CEDE-437B-9F5D-779B2618B386}.Ad-Hoc|Any CPU.ActiveCfg = Debug|Any CPU
		{DB87F27D-CEDE-437B-9F5D-779B2618B386}.Ad-Hoc|Any CPU.Build.0 = Debug|Any CPU
		{DB87F27D-CEDE-437B-9F5D-779B2618B386}.Ad-Hoc|ARM.ActiveCfg = Debug|Any CPU
		{DB87F27D-CEDE-437B-9F5D-779B2618B386}.Ad-Hoc|ARM.Build.0 = Debug|Any CPU
		{DB87F27D-CEDE-437B-9F5D-779B2618B386}.Ad-Hoc|iPhone.ActiveCfg = Debug|Any CPU
		{DB87F27D-CEDE-437B-9F5D-779B2618B386}.Ad-Hoc|iPhone.Build.0 = Debug|Any CPU
		{DB87F27D-CEDE-437B-9F5D-779B2618B386}.Ad-Hoc|iPhoneSimulator.ActiveCfg = Debug|Any CPU
		{DB87F27D-CEDE-437B-9F5D-779B2618B386}.Ad-Hoc|iPhoneSimulator.Build.0 = Debug|Any CPU
		{DB87F27D-CEDE-437B-9F5D-779B2618B386}.Ad-Hoc|x64.ActiveCfg = Debug|Any CPU
		{DB87F27D-CEDE-437B-9F5D-779B2618B386}.Ad-Hoc|x64.Build.0 = Debug|Any CPU
		{DB87F27D-CEDE-437B-9F5D-779B2618B386}.Ad-Hoc|x86.ActiveCfg = Debug|Any CPU
		{DB87F27D-CEDE-437B-9F5D-779B2618B386}.Ad-Hoc|x86.Build.0 = Debug|Any CPU
		{DB87F27D-CEDE-437B-9F5D-779B2618B386}.AppStore|Any CPU.ActiveCfg = Debug|Any CPU
		{DB87F27D-CEDE-437B-9F5D-779B2618B386}.AppStore|Any CPU.Build.0 = Debug|Any CPU
		{DB87F27D-CEDE-437B-9F5D-779B2618B386}.AppStore|ARM.ActiveCfg = Debug|Any CPU
		{DB87F27D-CEDE-437B-9F5D-779B2618B386}.AppStore|ARM.Build.0 = Debug|Any CPU
		{DB87F27D-CEDE-437B-9F5D-779B2618B386}.AppStore|iPhone.ActiveCfg = Debug|Any CPU
		{DB87F27D-CEDE-437B-9F5D-779B2618B386}.AppStore|iPhone.Build.0 = Debug|Any CPU
		{DB87F27D-CEDE-437B-9F5D-779B2618B386}.AppStore|iPhoneSimulator.ActiveCfg = Debug|Any CPU
		{DB87F27D-CEDE-437B-9F5D-779B2618B386}.AppStore|iPhoneSimulator.Build.0 = Debug|Any CPU
		{DB87F27D-CEDE-437B-9F5D-779B2618B386}.AppStore|x64.ActiveCfg = Debug|Any CPU
		{DB87F27D-CEDE-437B-9F5D-779B2618B386}.AppStore|x64.Build.0 = Debug|Any CPU
		{DB87F27D-CEDE-437B-9F5D-779B2618B386}.AppStore|x86.ActiveCfg = Debug|Any CPU
		{DB87F27D-CEDE-437B-9F5D-779B2618B386}.AppStore|x86.Build.0 = Debug|Any CPU
		{DB87F27D-CEDE-437B-9F5D-779B2618B386}.Debug|Any CPU.ActiveCfg = Debug|Any CPU
		{DB87F27D-CEDE-437B-9F5D-779B2618B386}.Debug|Any CPU.Build.0 = Debug|Any CPU
		{DB87F27D-CEDE-437B-9F5D-779B2618B386}.Debug|ARM.ActiveCfg = Debug|Any CPU
		{DB87F27D-CEDE-437B-9F5D-779B2618B386}.Debug|ARM.Build.0 = Debug|Any CPU
		{DB87F27D-CEDE-437B-9F5D-779B2618B386}.Debug|iPhone.ActiveCfg = Debug|Any CPU
		{DB87F27D-CEDE-437B-9F5D-779B2618B386}.Debug|iPhone.Build.0 = Debug|Any CPU
		{DB87F27D-CEDE-437B-9F5D-779B2618B386}.Debug|iPhoneSimulator.ActiveCfg = Debug|Any CPU
		{DB87F27D-CEDE-437B-9F5D-779B2618B386}.Debug|iPhoneSimulator.Build.0 = Debug|Any CPU
		{DB87F27D-CEDE-437B-9F5D-779B2618B386}.Debug|x64.ActiveCfg = Debug|Any CPU
		{DB87F27D-CEDE-437B-9F5D-779B2618B386}.Debug|x64.Build.0 = Debug|Any CPU
		{DB87F27D-CEDE-437B-9F5D-779B2618B386}.Debug|x86.ActiveCfg = Debug|Any CPU
		{DB87F27D-CEDE-437B-9F5D-779B2618B386}.Debug|x86.Build.0 = Debug|Any CPU
		{DB87F27D-CEDE-437B-9F5D-779B2618B386}.Release|Any CPU.ActiveCfg = Release|Any CPU
		{DB87F27D-CEDE-437B-9F5D-779B2618B386}.Release|Any CPU.Build.0 = Release|Any CPU
		{DB87F27D-CEDE-437B-9F5D-779B2618B386}.Release|ARM.ActiveCfg = Release|Any CPU
		{DB87F27D-CEDE-437B-9F5D-779B2618B386}.Release|ARM.Build.0 = Release|Any CPU
		{DB87F27D-CEDE-437B-9F5D-779B2618B386}.Release|iPhone.ActiveCfg = Release|Any CPU
		{DB87F27D-CEDE-437B-9F5D-779B2618B386}.Release|iPhone.Build.0 = Release|Any CPU
		{DB87F27D-CEDE-437B-9F5D-779B2618B386}.Release|iPhoneSimulator.ActiveCfg = Release|Any CPU
		{DB87F27D-CEDE-437B-9F5D-779B2618B386}.Release|iPhoneSimulator.Build.0 = Release|Any CPU
		{DB87F27D-CEDE-437B-9F5D-779B2618B386}.Release|x64.ActiveCfg = Release|Any CPU
		{DB87F27D-CEDE-437B-9F5D-779B2618B386}.Release|x64.Build.0 = Release|Any CPU
		{DB87F27D-CEDE-437B-9F5D-779B2618B386}.Release|x86.ActiveCfg = Release|Any CPU
		{DB87F27D-CEDE-437B-9F5D-779B2618B386}.Release|x86.Build.0 = Release|Any CPU
		{5FEEEA6F-CCCD-49AC-B8CF-50977DEB3820}.Ad-Hoc|Any CPU.ActiveCfg = Debug|Any CPU
		{5FEEEA6F-CCCD-49AC-B8CF-50977DEB3820}.Ad-Hoc|Any CPU.Build.0 = Debug|Any CPU
		{5FEEEA6F-CCCD-49AC-B8CF-50977DEB3820}.Ad-Hoc|ARM.ActiveCfg = Debug|Any CPU
		{5FEEEA6F-CCCD-49AC-B8CF-50977DEB3820}.Ad-Hoc|ARM.Build.0 = Debug|Any CPU
		{5FEEEA6F-CCCD-49AC-B8CF-50977DEB3820}.Ad-Hoc|iPhone.ActiveCfg = Debug|Any CPU
		{5FEEEA6F-CCCD-49AC-B8CF-50977DEB3820}.Ad-Hoc|iPhone.Build.0 = Debug|Any CPU
		{5FEEEA6F-CCCD-49AC-B8CF-50977DEB3820}.Ad-Hoc|iPhoneSimulator.ActiveCfg = Debug|Any CPU
		{5FEEEA6F-CCCD-49AC-B8CF-50977DEB3820}.Ad-Hoc|iPhoneSimulator.Build.0 = Debug|Any CPU
		{5FEEEA6F-CCCD-49AC-B8CF-50977DEB3820}.Ad-Hoc|x64.ActiveCfg = Debug|Any CPU
		{5FEEEA6F-CCCD-49AC-B8CF-50977DEB3820}.Ad-Hoc|x64.Build.0 = Debug|Any CPU
		{5FEEEA6F-CCCD-49AC-B8CF-50977DEB3820}.Ad-Hoc|x86.ActiveCfg = Debug|Any CPU
		{5FEEEA6F-CCCD-49AC-B8CF-50977DEB3820}.Ad-Hoc|x86.Build.0 = Debug|Any CPU
		{5FEEEA6F-CCCD-49AC-B8CF-50977DEB3820}.AppStore|Any CPU.ActiveCfg = Debug|Any CPU
		{5FEEEA6F-CCCD-49AC-B8CF-50977DEB3820}.AppStore|Any CPU.Build.0 = Debug|Any CPU
		{5FEEEA6F-CCCD-49AC-B8CF-50977DEB3820}.AppStore|ARM.ActiveCfg = Debug|Any CPU
		{5FEEEA6F-CCCD-49AC-B8CF-50977DEB3820}.AppStore|ARM.Build.0 = Debug|Any CPU
		{5FEEEA6F-CCCD-49AC-B8CF-50977DEB3820}.AppStore|iPhone.ActiveCfg = Debug|Any CPU
		{5FEEEA6F-CCCD-49AC-B8CF-50977DEB3820}.AppStore|iPhone.Build.0 = Debug|Any CPU
		{5FEEEA6F-CCCD-49AC-B8CF-50977DEB3820}.AppStore|iPhoneSimulator.ActiveCfg = Debug|Any CPU
		{5FEEEA6F-CCCD-49AC-B8CF-50977DEB3820}.AppStore|iPhoneSimulator.Build.0 = Debug|Any CPU
		{5FEEEA6F-CCCD-49AC-B8CF-50977DEB3820}.AppStore|x64.ActiveCfg = Debug|Any CPU
		{5FEEEA6F-CCCD-49AC-B8CF-50977DEB3820}.AppStore|x64.Build.0 = Debug|Any CPU
		{5FEEEA6F-CCCD-49AC-B8CF-50977DEB3820}.AppStore|x86.ActiveCfg = Debug|Any CPU
		{5FEEEA6F-CCCD-49AC-B8CF-50977DEB3820}.AppStore|x86.Build.0 = Debug|Any CPU
		{5FEEEA6F-CCCD-49AC-B8CF-50977DEB3820}.Debug|Any CPU.ActiveCfg = Debug|Any CPU
		{5FEEEA6F-CCCD-49AC-B8CF-50977DEB3820}.Debug|Any CPU.Build.0 = Debug|Any CPU
		{5FEEEA6F-CCCD-49AC-B8CF-50977DEB3820}.Debug|ARM.ActiveCfg = Debug|Any CPU
		{5FEEEA6F-CCCD-49AC-B8CF-50977DEB3820}.Debug|ARM.Build.0 = Debug|Any CPU
		{5FEEEA6F-CCCD-49AC-B8CF-50977DEB3820}.Debug|iPhone.ActiveCfg = Debug|Any CPU
		{5FEEEA6F-CCCD-49AC-B8CF-50977DEB3820}.Debug|iPhone.Build.0 = Debug|Any CPU
		{5FEEEA6F-CCCD-49AC-B8CF-50977DEB3820}.Debug|iPhoneSimulator.ActiveCfg = Debug|Any CPU
		{5FEEEA6F-CCCD-49AC-B8CF-50977DEB3820}.Debug|iPhoneSimulator.Build.0 = Debug|Any CPU
		{5FEEEA6F-CCCD-49AC-B8CF-50977DEB3820}.Debug|x64.ActiveCfg = Debug|Any CPU
		{5FEEEA6F-CCCD-49AC-B8CF-50977DEB3820}.Debug|x64.Build.0 = Debug|Any CPU
		{5FEEEA6F-CCCD-49AC-B8CF-50977DEB3820}.Debug|x86.ActiveCfg = Debug|Any CPU
		{5FEEEA6F-CCCD-49AC-B8CF-50977DEB3820}.Debug|x86.Build.0 = Debug|Any CPU
		{5FEEEA6F-CCCD-49AC-B8CF-50977DEB3820}.Release|Any CPU.ActiveCfg = Release|Any CPU
		{5FEEEA6F-CCCD-49AC-B8CF-50977DEB3820}.Release|Any CPU.Build.0 = Release|Any CPU
		{5FEEEA6F-CCCD-49AC-B8CF-50977DEB3820}.Release|ARM.ActiveCfg = Release|Any CPU
		{5FEEEA6F-CCCD-49AC-B8CF-50977DEB3820}.Release|ARM.Build.0 = Release|Any CPU
		{5FEEEA6F-CCCD-49AC-B8CF-50977DEB3820}.Release|iPhone.ActiveCfg = Release|Any CPU
		{5FEEEA6F-CCCD-49AC-B8CF-50977DEB3820}.Release|iPhone.Build.0 = Release|Any CPU
		{5FEEEA6F-CCCD-49AC-B8CF-50977DEB3820}.Release|iPhoneSimulator.ActiveCfg = Release|Any CPU
		{5FEEEA6F-CCCD-49AC-B8CF-50977DEB3820}.Release|iPhoneSimulator.Build.0 = Release|Any CPU
		{5FEEEA6F-CCCD-49AC-B8CF-50977DEB3820}.Release|x64.ActiveCfg = Release|Any CPU
		{5FEEEA6F-CCCD-49AC-B8CF-50977DEB3820}.Release|x64.Build.0 = Release|Any CPU
		{5FEEEA6F-CCCD-49AC-B8CF-50977DEB3820}.Release|x86.ActiveCfg = Release|Any CPU
		{5FEEEA6F-CCCD-49AC-B8CF-50977DEB3820}.Release|x86.Build.0 = Release|Any CPU
	EndGlobalSection
	GlobalSection(SolutionProperties) = preSolution
		HideSolutionNode = FALSE
	EndGlobalSection
	GlobalSection(NestedProjects) = preSolution
		{3A394DE5-41D7-4D9A-B561-4B8566138B6F} = {383892EF-5A21-44A8-A21B-15D8A3DB4014}
		{B93A1254-6367-4D7D-9BC1-DC0097D33F01} = {383892EF-5A21-44A8-A21B-15D8A3DB4014}
		{1473D82D-9EB7-4E24-9475-F49EDC475B30} = {2CD3DFDB-106E-42F5-B776-0F07ADDCAA23}
		{FBDBF69C-5AF3-4A6D-9FC9-64BC608A0ED9} = {2CD3DFDB-106E-42F5-B776-0F07ADDCAA23}
		{366CE8FC-D1AE-46F3-9949-91763819A813} = {6556D5BE-02C7-4043-BB23-14B9081D76FD}
		{E69E3F22-727F-4E36-8463-D4C749E31AFA} = {6556D5BE-02C7-4043-BB23-14B9081D76FD}
		{14178B2F-6681-491B-ABB4-CE3C469F5894} = {DA3EB6A2-FB08-438D-B7C8-580ADDF1B113}
		{AA689E0E-E6FB-4352-916B-6310FDAB92ED} = {DA3EB6A2-FB08-438D-B7C8-580ADDF1B113}
		{15016D1C-0745-48B8-AC4A-0D7D1E155BF0} = {DA3EB6A2-FB08-438D-B7C8-580ADDF1B113}
		{4EAF4AD2-DBDA-4E03-B7E6-32E6132D7491} = {DA3EB6A2-FB08-438D-B7C8-580ADDF1B113}
		{617C2F0B-CD3B-44A5-94BB-CE18F08F1F7A} = {DA3EB6A2-FB08-438D-B7C8-580ADDF1B113}
		{29F3698D-B50C-4B77-B5F0-A26C0E067A2B} = {DA3EB6A2-FB08-438D-B7C8-580ADDF1B113}
		{7D6D4D36-5BD1-4D23-8892-1817F6D13D7D} = {984C7AD3-59E3-4672-A599-3BD5BFF8635C}
		{DB87F27D-CEDE-437B-9F5D-779B2618B386} = {984C7AD3-59E3-4672-A599-3BD5BFF8635C}
		{5FEEEA6F-CCCD-49AC-B8CF-50977DEB3820} = {984C7AD3-59E3-4672-A599-3BD5BFF8635C}
	EndGlobalSection
	GlobalSection(ExtensibilityGlobals) = postSolution
		SolutionGuid = {2B9DDFAD-C0FA-4BC4-BD00-81A549846D5C}
	EndGlobalSection
EndGlobal
