
Microsoft Visual Studio Solution File, Format Version 12.00
# Visual Studio Version 17
VisualStudioVersion = 17.2.32414.248
MinimumVisualStudioVersion = 10.0.40219.1
Project("{2150E333-8FDC-42A3-9474-1A3956D46DE8}") = "EnterpriseApp.Core", "EnterpriseApp.Core", "{B268511B-8D5C-4B07-AA67-5893B8F94748}"
EndProject
Project("{FAE04EC0-301F-11D3-BF4B-00C04F79EFBC}") = "EnterpriseApp.Core", "EnterpriseApp\EnterpriseApp.Core\EnterpriseApp.Core\EnterpriseApp.Core.csproj", "{0B907FB9-FF2F-4427-B798-9E551BC2C74C}"
EndProject
Project("{FAE04EC0-301F-11D3-BF4B-00C04F79EFBC}") = "EnterpriseApp.Core.UnitTest", "EnterpriseApp\EnterpriseApp.Core\EnterpriseApp.Core.UnitTest\EnterpriseApp.Core.UnitTest.csproj", "{D49FC9A6-6EB3-4698-A074-22104FA97025}"
EndProject
Project("{2150E333-8FDC-42A3-9474-1A3956D46DE8}") = "EnterpriseApp.Desktop", "EnterpriseApp.Desktop", "{34B55106-82FB-48DB-BC85-ED93CBE7661D}"
EndProject
Project("{FAE04EC0-301F-11D3-BF4B-00C04F79EFBC}") = "EnterpriseApp.Desktop.WinForms", "EnterpriseApp\EnterpriseApp.Desktop\EnterpriseApp.Desktop.WinForms\EnterpriseApp.Desktop.WinForms.csproj", "{E1711DA9-4D4D-49E6-AF1E-8725B1F9A964}"
EndProject
Project("{FAE04EC0-301F-11D3-BF4B-00C04F79EFBC}") = "EnterpriseApp.Desktop.WPF", "EnterpriseApp\EnterpriseApp.Desktop\EnterpriseApp.Desktop.WPF\EnterpriseApp.Desktop.WPF.csproj", "{16125E1D-0CDB-49B3-BC92-37FAD83A7C00}"
EndProject
Project("{2150E333-8FDC-42A3-9474-1A3956D46DE8}") = "EnterpriseApp.ML", "EnterpriseApp.ML", "{556DB760-964D-4915-9434-1D431859240E}"
EndProject
Project("{FAE04EC0-301F-11D3-BF4B-00C04F79EFBC}") = "EnterpriseApp.ML.Train", "EnterpriseApp\EnterpriseApp.ML\EnterpriseApp.ML.Train\EnterpriseApp.ML.Train.csproj", "{E6C271C7-A7A3-4036-A9D9-AEA60A0D7967}"
EndProject
Project("{FAE04EC0-301F-11D3-BF4B-00C04F79EFBC}") = "EnterpriseApp.ML.Consume", "EnterpriseApp\EnterpriseApp.ML\EnterpriseApp.ML.Consume\EnterpriseApp.ML.Consume.csproj", "{9F61E7BF-3A6A-4587-AF9A-85A60E4E2E76}"
EndProject
Project("{2150E333-8FDC-42A3-9474-1A3956D46DE8}") = "EnterpriseApp.Mobile", "EnterpriseApp.Mobile", "{38D444BD-94F9-4847-AB89-D79A56962D85}"
EndProject
Project("{FAE04EC0-301F-11D3-BF4B-00C04F79EFBC}") = "EnterpriseApp.Mobile", "EnterpriseApp\EnterpriseApp.Mobile\EnterpriseApp.Mobile\EnterpriseApp.Mobile.csproj", "{1AE948D7-2AC5-4653-B47C-B3A588C681D0}"
EndProject
Project("{FAE04EC0-301F-11D3-BF4B-00C04F79EFBC}") = "EnterpriseApp.Mobile.UITest", "EnterpriseApp\EnterpriseApp.Mobile\EnterpriseApp.Mobile.UITest\EnterpriseApp.Mobile.UITest.csproj", "{833A0330-813A-4466-AF8A-617762604F5D}"
EndProject
Project("{2150E333-8FDC-42A3-9474-1A3956D46DE8}") = "EnterpriseApp.Web", "EnterpriseApp.Web", "{AB9799A7-9BD2-4EFA-8D8E-C9562B8E5C53}"
EndProject
Project("{FAE04EC0-301F-11D3-BF4B-00C04F79EFBC}") = "EnterpriseApp.Web", "EnterpriseApp\EnterpriseApp.Web\EnterpriseApp.Web\EnterpriseApp.Web.csproj", "{94C43C27-1156-45D9-A258-6683938579DF}"
EndProject
Project("{FAE04EC0-301F-11D3-BF4B-00C04F79EFBC}") = "EnterpriseApp.Web.Static", "EnterpriseApp\EnterpriseApp.Web\EnterpriseApp.Web.Static\EnterpriseApp.Web.Static.csproj", "{5C54C977-3162-4E2D-A88E-3FE064595CD9}"
EndProject
Project("{FAE04EC0-301F-11D3-BF4B-00C04F79EFBC}") = "EnterpriseApp.Web.UnitTest", "EnterpriseApp\EnterpriseApp.Web\EnterpriseApp.Web.UnitTest\EnterpriseApp.Web.UnitTest.csproj", "{2BF0A8E6-808A-4364-A3EF-D5C4F48D4E61}"
EndProject
Project("{2150E333-8FDC-42A3-9474-1A3956D46DE8}") = "EnterpriseApp.Prototype", "EnterpriseApp.Prototype", "{DFFA83EA-7684-4E42-8A6E-D65BF6246776}"
	ProjectSection(SolutionItems) = preProject
		EnterpriseApp\EnterpriseApp.Prototype\EnterpriseApp.Core.xd = EnterpriseApp\EnterpriseApp.Prototype\EnterpriseApp.Core.xd
		EnterpriseApp\EnterpriseApp.Prototype\EnterpriseApp.Desktop.xd = EnterpriseApp\EnterpriseApp.Prototype\EnterpriseApp.Desktop.xd
		EnterpriseApp\EnterpriseApp.Prototype\EnterpriseApp.Mobile.xd = EnterpriseApp\EnterpriseApp.Prototype\EnterpriseApp.Mobile.xd
		EnterpriseApp\EnterpriseApp.Prototype\EnterpriseApp.UIKit.xd = EnterpriseApp\EnterpriseApp.Prototype\EnterpriseApp.UIKit.xd
		EnterpriseApp\EnterpriseApp.Prototype\EnterpriseApp.Web.xd = EnterpriseApp\EnterpriseApp.Prototype\EnterpriseApp.Web.xd
	EndProjectSection
EndProject
Project("{2150E333-8FDC-42A3-9474-1A3956D46DE8}") = "SolutionItems", "SolutionItems", "{7BBD9145-4C13-441B-9FA0-5D65C45F8A67}"
	ProjectSection(SolutionItems) = preProject
		SolutionItems\build.props = SolutionItems\build.props
		SolutionItems\license.txt = SolutionItems\license.txt
	EndProjectSection
EndProject
Global
	GlobalSection(SolutionConfigurationPlatforms) = preSolution
		Debug|Any CPU = Debug|Any CPU
		Release|Any CPU = Release|Any CPU
	EndGlobalSection
	GlobalSection(ProjectConfigurationPlatforms) = postSolution
		{0B907FB9-FF2F-4427-B798-9E551BC2C74C}.Debug|Any CPU.ActiveCfg = Debug|Any CPU
		{0B907FB9-FF2F-4427-B798-9E551BC2C74C}.Debug|Any CPU.Build.0 = Debug|Any CPU
		{0B907FB9-FF2F-4427-B798-9E551BC2C74C}.Release|Any CPU.ActiveCfg = Release|Any CPU
		{0B907FB9-FF2F-4427-B798-9E551BC2C74C}.Release|Any CPU.Build.0 = Release|Any CPU
		{D49FC9A6-6EB3-4698-A074-22104FA97025}.Debug|Any CPU.ActiveCfg = Debug|Any CPU
		{D49FC9A6-6EB3-4698-A074-22104FA97025}.Debug|Any CPU.Build.0 = Debug|Any CPU
		{D49FC9A6-6EB3-4698-A074-22104FA97025}.Release|Any CPU.ActiveCfg = Release|Any CPU
		{D49FC9A6-6EB3-4698-A074-22104FA97025}.Release|Any CPU.Build.0 = Release|Any CPU
		{E1711DA9-4D4D-49E6-AF1E-8725B1F9A964}.Debug|Any CPU.ActiveCfg = Debug|Any CPU
		{E1711DA9-4D4D-49E6-AF1E-8725B1F9A964}.Debug|Any CPU.Build.0 = Debug|Any CPU
		{E1711DA9-4D4D-49E6-AF1E-8725B1F9A964}.Release|Any CPU.ActiveCfg = Release|Any CPU
		{E1711DA9-4D4D-49E6-AF1E-8725B1F9A964}.Release|Any CPU.Build.0 = Release|Any CPU
		{16125E1D-0CDB-49B3-BC92-37FAD83A7C00}.Debug|Any CPU.ActiveCfg = Debug|Any CPU
		{16125E1D-0CDB-49B3-BC92-37FAD83A7C00}.Debug|Any CPU.Build.0 = Debug|Any CPU
		{16125E1D-0CDB-49B3-BC92-37FAD83A7C00}.Release|Any CPU.ActiveCfg = Release|Any CPU
		{16125E1D-0CDB-49B3-BC92-37FAD83A7C00}.Release|Any CPU.Build.0 = Release|Any CPU
		{E6C271C7-A7A3-4036-A9D9-AEA60A0D7967}.Debug|Any CPU.ActiveCfg = Debug|Any CPU
		{E6C271C7-A7A3-4036-A9D9-AEA60A0D7967}.Debug|Any CPU.Build.0 = Debug|Any CPU
		{E6C271C7-A7A3-4036-A9D9-AEA60A0D7967}.Release|Any CPU.ActiveCfg = Release|Any CPU
		{E6C271C7-A7A3-4036-A9D9-AEA60A0D7967}.Release|Any CPU.Build.0 = Release|Any CPU
		{9F61E7BF-3A6A-4587-AF9A-85A60E4E2E76}.Debug|Any CPU.ActiveCfg = Debug|Any CPU
		{9F61E7BF-3A6A-4587-AF9A-85A60E4E2E76}.Debug|Any CPU.Build.0 = Debug|Any CPU
		{9F61E7BF-3A6A-4587-AF9A-85A60E4E2E76}.Release|Any CPU.ActiveCfg = Release|Any CPU
		{9F61E7BF-3A6A-4587-AF9A-85A60E4E2E76}.Release|Any CPU.Build.0 = Release|Any CPU
		{1AE948D7-2AC5-4653-B47C-B3A588C681D0}.Debug|Any CPU.ActiveCfg = Debug|Any CPU
		{1AE948D7-2AC5-4653-B47C-B3A588C681D0}.Debug|Any CPU.Build.0 = Debug|Any CPU
		{1AE948D7-2AC5-4653-B47C-B3A588C681D0}.Debug|Any CPU.Deploy.0 = Debug|Any CPU
		{1AE948D7-2AC5-4653-B47C-B3A588C681D0}.Release|Any CPU.ActiveCfg = Release|Any CPU
		{1AE948D7-2AC5-4653-B47C-B3A588C681D0}.Release|Any CPU.Build.0 = Release|Any CPU
		{1AE948D7-2AC5-4653-B47C-B3A588C681D0}.Release|Any CPU.Deploy.0 = Release|Any CPU
		{833A0330-813A-4466-AF8A-617762604F5D}.Debug|Any CPU.ActiveCfg = Debug|Any CPU
		{833A0330-813A-4466-AF8A-617762604F5D}.Debug|Any CPU.Build.0 = Debug|Any CPU
		{833A0330-813A-4466-AF8A-617762604F5D}.Release|Any CPU.ActiveCfg = Release|Any CPU
		{833A0330-813A-4466-AF8A-617762604F5D}.Release|Any CPU.Build.0 = Release|Any CPU
		{94C43C27-1156-45D9-A258-6683938579DF}.Debug|Any CPU.ActiveCfg = Debug|Any CPU
		{94C43C27-1156-45D9-A258-6683938579DF}.Debug|Any CPU.Build.0 = Debug|Any CPU
		{94C43C27-1156-45D9-A258-6683938579DF}.Release|Any CPU.ActiveCfg = Release|Any CPU
		{94C43C27-1156-45D9-A258-6683938579DF}.Release|Any CPU.Build.0 = Release|Any CPU
		{5C54C977-3162-4E2D-A88E-3FE064595CD9}.Debug|Any CPU.ActiveCfg = Debug|Any CPU
		{5C54C977-3162-4E2D-A88E-3FE064595CD9}.Debug|Any CPU.Build.0 = Debug|Any CPU
		{5C54C977-3162-4E2D-A88E-3FE064595CD9}.Release|Any CPU.ActiveCfg = Release|Any CPU
		{5C54C977-3162-4E2D-A88E-3FE064595CD9}.Release|Any CPU.Build.0 = Release|Any CPU
		{2BF0A8E6-808A-4364-A3EF-D5C4F48D4E61}.Debug|Any CPU.ActiveCfg = Debug|Any CPU
		{2BF0A8E6-808A-4364-A3EF-D5C4F48D4E61}.Debug|Any CPU.Build.0 = Debug|Any CPU
		{2BF0A8E6-808A-4364-A3EF-D5C4F48D4E61}.Release|Any CPU.ActiveCfg = Release|Any CPU
		{2BF0A8E6-808A-4364-A3EF-D5C4F48D4E61}.Release|Any CPU.Build.0 = Release|Any CPU
	EndGlobalSection
	GlobalSection(SolutionProperties) = preSolution
		HideSolutionNode = FALSE
	EndGlobalSection
	GlobalSection(NestedProjects) = preSolution
		{0B907FB9-FF2F-4427-B798-9E551BC2C74C} = {B268511B-8D5C-4B07-AA67-5893B8F94748}
		{D49FC9A6-6EB3-4698-A074-22104FA97025} = {B268511B-8D5C-4B07-AA67-5893B8F94748}
		{E1711DA9-4D4D-49E6-AF1E-8725B1F9A964} = {34B55106-82FB-48DB-BC85-ED93CBE7661D}
		{16125E1D-0CDB-49B3-BC92-37FAD83A7C00} = {34B55106-82FB-48DB-BC85-ED93CBE7661D}
		{E6C271C7-A7A3-4036-A9D9-AEA60A0D7967} = {556DB760-964D-4915-9434-1D431859240E}
		{9F61E7BF-3A6A-4587-AF9A-85A60E4E2E76} = {556DB760-964D-4915-9434-1D431859240E}
		{1AE948D7-2AC5-4653-B47C-B3A588C681D0} = {38D444BD-94F9-4847-AB89-D79A56962D85}
		{833A0330-813A-4466-AF8A-617762604F5D} = {38D444BD-94F9-4847-AB89-D79A56962D85}
		{94C43C27-1156-45D9-A258-6683938579DF} = {AB9799A7-9BD2-4EFA-8D8E-C9562B8E5C53}
		{5C54C977-3162-4E2D-A88E-3FE064595CD9} = {AB9799A7-9BD2-4EFA-8D8E-C9562B8E5C53}
		{2BF0A8E6-808A-4364-A3EF-D5C4F48D4E61} = {AB9799A7-9BD2-4EFA-8D8E-C9562B8E5C53}
	EndGlobalSection
	GlobalSection(ExtensibilityGlobals) = postSolution
		SolutionGuid = {E3E8E3CE-A219-4C8C-BFAD-4ECD29094D23}
	EndGlobalSection
EndGlobal
