
Microsoft Visual Studio Solution File, Format Version 12.00
# Visual Studio Version 16
VisualStudioVersion = 16.0.30011.22
MinimumVisualStudioVersion = 10.0.40219.1
Project("{2150E333-8FDC-42A3-9474-1A3956D46DE8}") = "EnterpriseApp1.Core", "EnterpriseApp1.Core", "{8E338CDB-B773-4D66-BD87-A8890B16F413}"
EndProject
Project("{FAE04EC0-301F-11D3-BF4B-00C04F79EFBC}") = "EnterpriseApp1.Core", "EnterpriseApp1\EnterpriseApp1.Core\EnterpriseApp1.Core\EnterpriseApp1.Core.csproj", "{2C6D028B-0FC6-4BA4-9B59-A0CA0353D6BD}"
EndProject
Project("{2150E333-8FDC-42A3-9474-1A3956D46DE8}") = "EnterpriseApp1.ML", "EnterpriseApp1.ML", "{8980A9FB-6453-407B-A40D-2AD7701BEBD8}"
EndProject
Project("{FAE04EC0-301F-11D3-BF4B-00C04F79EFBC}") = "EnterpriseApp1.ML.Train", "EnterpriseApp1\EnterpriseApp1.ML\EnterpriseApp1.ML.Train\EnterpriseApp1.ML.Train.csproj", "{6F92F3EE-CAF9-4719-882D-1D927FD97290}"
EndProject
Project("{FAE04EC0-301F-11D3-BF4B-00C04F79EFBC}") = "EnterpriseApp1.ML.Consume", "EnterpriseApp1\EnterpriseApp1.ML\EnterpriseApp1.ML.Consume\EnterpriseApp1.ML.Consume.csproj", "{81960AF4-9345-4661-8005-B2F48D4C7B1B}"
EndProject
Project("{2150E333-8FDC-42A3-9474-1A3956D46DE8}") = "EnterpriseApp1.Mobile", "EnterpriseApp1.Mobile", "{18C6DE81-8B39-45A6-881F-F491A190D99C}"
EndProject
Project("{FAE04EC0-301F-11D3-BF4B-00C04F79EFBC}") = "EnterpriseApp1.Mobile.Shared", "EnterpriseApp1\EnterpriseApp1.Mobile\EnterpriseApp1.Mobile.Shared\EnterpriseApp1.Mobile.Shared.csproj", "{7B8504A0-A65F-4456-91E6-2A7E57D665F3}"
EndProject
Project("{FAE04EC0-301F-11D3-BF4B-00C04F79EFBC}") = "EnterpriseApp1.Mobile.Android", "EnterpriseApp1\EnterpriseApp1.Mobile\EnterpriseApp1.Mobile.Android\EnterpriseApp1.Mobile.Android.csproj", "{2A350D98-8F2D-4A1B-BCF6-8FA95D016148}"
EndProject
Project("{FAE04EC0-301F-11D3-BF4B-00C04F79EFBC}") = "EnterpriseApp1.Mobile.iOS", "EnterpriseApp1\EnterpriseApp1.Mobile\EnterpriseApp1.Mobile.iOS\EnterpriseApp1.Mobile.iOS.csproj", "{A2AA3E6F-7921-4436-924A-A4ECF0655592}"
EndProject
Project("{FAE04EC0-301F-11D3-BF4B-00C04F79EFBC}") = "EnterpriseApp1.Mobile.Tizen", "EnterpriseApp1\EnterpriseApp1.Mobile\EnterpriseApp1.Mobile.Tizen\EnterpriseApp1.Mobile.Tizen.csproj", "{7D341B04-B3AF-4083-9184-F0AC8474C509}"
EndProject
Project("{FAE04EC0-301F-11D3-BF4B-00C04F79EFBC}") = "EnterpriseApp1.Mobile.UWP", "EnterpriseApp1\EnterpriseApp1.Mobile\EnterpriseApp1.Mobile.UWP\EnterpriseApp1.Mobile.UWP.csproj", "{D8A142FB-5E74-48C0-A5BE-A80336F4C06C}"
EndProject
Project("{2150E333-8FDC-42A3-9474-1A3956D46DE8}") = "EnterpriseApp1.Desktop", "EnterpriseApp1.Desktop", "{6DC63268-1D37-4457-B417-A8BF810A9882}"
EndProject
Project("{FAE04EC0-301F-11D3-BF4B-00C04F79EFBC}") = "EnterpriseApp1.Desktop.WinForms", "EnterpriseApp1\EnterpriseApp1.Desktop\EnterpriseApp1.Desktop.WinForms\EnterpriseApp1.Desktop.WinForms.csproj", "{A5FA7313-E7D6-4005-968D-8D626BDFCED7}"
EndProject
Project("{FAE04EC0-301F-11D3-BF4B-00C04F79EFBC}") = "EnterpriseApp1.Desktop.WPF", "EnterpriseApp1\EnterpriseApp1.Desktop\EnterpriseApp1.Desktop.WPF\EnterpriseApp1.Desktop.WPF.csproj", "{9EDCE8FB-D61A-4BEC-84D3-22297CDA956B}"
EndProject
Project("{2150E333-8FDC-42A3-9474-1A3956D46DE8}") = "EnterpriseApp1.Test", "EnterpriseApp1.Test", "{437F6447-9CC0-4786-A12E-85BD3C8D5B79}"
EndProject
Project("{FAE04EC0-301F-11D3-BF4B-00C04F79EFBC}") = "EnterpriseApp1.Core.UnitTest", "EnterpriseApp1\EnterpriseApp1.Test\EnterpriseApp1.Core.UnitTest\EnterpriseApp1.Core.UnitTest.csproj", "{355EA074-EA92-4730-BD45-58A0E897FD91}"
EndProject
Project("{FAE04EC0-301F-11D3-BF4B-00C04F79EFBC}") = "EnterpriseApp1.Web.UnitTest", "EnterpriseApp1\EnterpriseApp1.Test\EnterpriseApp1.Web.UnitTest\EnterpriseApp1.Web.UnitTest.csproj", "{1C21E8A7-FF6F-4F04-BC4B-E24FC775A49B}"
EndProject
Project("{FAE04EC0-301F-11D3-BF4B-00C04F79EFBC}") = "EnterpriseApp1.Mobile.Shared.UITest", "EnterpriseApp1\EnterpriseApp1.Test\EnterpriseApp1.Mobile.Shared.UITest\EnterpriseApp1.Mobile.Shared.UITest.csproj", "{98D3B378-B609-45C1-8A4B-6B76E28C30E4}"
EndProject
Project("{2150E333-8FDC-42A3-9474-1A3956D46DE8}") = "EnterpriseApp1.Web", "EnterpriseApp1.Web", "{9BC37019-41C9-4991-888F-7507145C9740}"
EndProject
Project("{FAE04EC0-301F-11D3-BF4B-00C04F79EFBC}") = "EnterpriseApp1.Web", "EnterpriseApp1\EnterpriseApp1.Web\EnterpriseApp1.Web\EnterpriseApp1.Web.csproj", "{62F684CB-BDC3-4611-8F26-6FF0BCD426FD}"
EndProject
Project("{FAE04EC0-301F-11D3-BF4B-00C04F79EFBC}") = "EnterpriseApp1.Web.Static", "EnterpriseApp1\EnterpriseApp1.Web\EnterpriseApp1.Web.Static\EnterpriseApp1.Web.Static.csproj", "{F80287A0-C9CE-4FCC-964A-91399AD507F6}"
EndProject
Project("{2150E333-8FDC-42A3-9474-1A3956D46DE8}") = "EnterpriseApp1.Prototype", "EnterpriseApp1.Prototype", "{F744FBE6-99DE-4900-919A-44F43245BA6D}"
	ProjectSection(SolutionItems) = preProject
		EnterpriseApp1\EnterpriseApp1.Prototype\EnterpriseApp1.Core.xd = EnterpriseApp1\EnterpriseApp1.Prototype\EnterpriseApp1.Core.xd
		EnterpriseApp1\EnterpriseApp1.Prototype\EnterpriseApp1.Desktop.xd = EnterpriseApp1\EnterpriseApp1.Prototype\EnterpriseApp1.Desktop.xd
		EnterpriseApp1\EnterpriseApp1.Prototype\EnterpriseApp1.Mobile.xd = EnterpriseApp1\EnterpriseApp1.Prototype\EnterpriseApp1.Mobile.xd
		EnterpriseApp1\EnterpriseApp1.Prototype\EnterpriseApp1.UIKit.xd = EnterpriseApp1\EnterpriseApp1.Prototype\EnterpriseApp1.UIKit.xd
		EnterpriseApp1\EnterpriseApp1.Prototype\EnterpriseApp1.Web.xd = EnterpriseApp1\EnterpriseApp1.Prototype\EnterpriseApp1.Web.xd
	EndProjectSection
EndProject
Global
	GlobalSection(SolutionConfigurationPlatforms) = preSolution
		Ad-Hoc|Any CPU = Ad-Hoc|Any CPU
		Ad-Hoc|ARM = Ad-Hoc|ARM
		Ad-Hoc|iPhone = Ad-Hoc|iPhone
		Ad-Hoc|iPhoneSimulator = Ad-Hoc|iPhoneSimulator
		Ad-Hoc|x64 = Ad-Hoc|x64
		Ad-Hoc|x86 = Ad-Hoc|x86
		AppStore|Any CPU = AppStore|Any CPU
		AppStore|ARM = AppStore|ARM
		AppStore|iPhone = AppStore|iPhone
		AppStore|iPhoneSimulator = AppStore|iPhoneSimulator
		AppStore|x64 = AppStore|x64
		AppStore|x86 = AppStore|x86
		Debug|Any CPU = Debug|Any CPU
		Debug|ARM = Debug|ARM
		Debug|iPhone = Debug|iPhone
		Debug|iPhoneSimulator = Debug|iPhoneSimulator
		Debug|x64 = Debug|x64
		Debug|x86 = Debug|x86
		Release|Any CPU = Release|Any CPU
		Release|ARM = Release|ARM
		Release|iPhone = Release|iPhone
		Release|iPhoneSimulator = Release|iPhoneSimulator
		Release|x64 = Release|x64
		Release|x86 = Release|x86
	EndGlobalSection
	GlobalSection(ProjectConfigurationPlatforms) = postSolution
		{2C6D028B-0FC6-4BA4-9B59-A0CA0353D6BD}.Ad-Hoc|Any CPU.ActiveCfg = Debug|Any CPU
		{2C6D028B-0FC6-4BA4-9B59-A0CA0353D6BD}.Ad-Hoc|Any CPU.Build.0 = Debug|Any CPU
		{2C6D028B-0FC6-4BA4-9B59-A0CA0353D6BD}.Ad-Hoc|ARM.ActiveCfg = Debug|Any CPU
		{2C6D028B-0FC6-4BA4-9B59-A0CA0353D6BD}.Ad-Hoc|ARM.Build.0 = Debug|Any CPU
		{2C6D028B-0FC6-4BA4-9B59-A0CA0353D6BD}.Ad-Hoc|iPhone.ActiveCfg = Debug|Any CPU
		{2C6D028B-0FC6-4BA4-9B59-A0CA0353D6BD}.Ad-Hoc|iPhone.Build.0 = Debug|Any CPU
		{2C6D028B-0FC6-4BA4-9B59-A0CA0353D6BD}.Ad-Hoc|iPhoneSimulator.ActiveCfg = Debug|Any CPU
		{2C6D028B-0FC6-4BA4-9B59-A0CA0353D6BD}.Ad-Hoc|iPhoneSimulator.Build.0 = Debug|Any CPU
		{2C6D028B-0FC6-4BA4-9B59-A0CA0353D6BD}.Ad-Hoc|x64.ActiveCfg = Debug|Any CPU
		{2C6D028B-0FC6-4BA4-9B59-A0CA0353D6BD}.Ad-Hoc|x64.Build.0 = Debug|Any CPU
		{2C6D028B-0FC6-4BA4-9B59-A0CA0353D6BD}.Ad-Hoc|x86.ActiveCfg = Debug|Any CPU
		{2C6D028B-0FC6-4BA4-9B59-A0CA0353D6BD}.Ad-Hoc|x86.Build.0 = Debug|Any CPU
		{2C6D028B-0FC6-4BA4-9B59-A0CA0353D6BD}.AppStore|Any CPU.ActiveCfg = Debug|Any CPU
		{2C6D028B-0FC6-4BA4-9B59-A0CA0353D6BD}.AppStore|Any CPU.Build.0 = Debug|Any CPU
		{2C6D028B-0FC6-4BA4-9B59-A0CA0353D6BD}.AppStore|ARM.ActiveCfg = Debug|Any CPU
		{2C6D028B-0FC6-4BA4-9B59-A0CA0353D6BD}.AppStore|ARM.Build.0 = Debug|Any CPU
		{2C6D028B-0FC6-4BA4-9B59-A0CA0353D6BD}.AppStore|iPhone.ActiveCfg = Debug|Any CPU
		{2C6D028B-0FC6-4BA4-9B59-A0CA0353D6BD}.AppStore|iPhone.Build.0 = Debug|Any CPU
		{2C6D028B-0FC6-4BA4-9B59-A0CA0353D6BD}.AppStore|iPhoneSimulator.ActiveCfg = Debug|Any CPU
		{2C6D028B-0FC6-4BA4-9B59-A0CA0353D6BD}.AppStore|iPhoneSimulator.Build.0 = Debug|Any CPU
		{2C6D028B-0FC6-4BA4-9B59-A0CA0353D6BD}.AppStore|x64.ActiveCfg = Debug|Any CPU
		{2C6D028B-0FC6-4BA4-9B59-A0CA0353D6BD}.AppStore|x64.Build.0 = Debug|Any CPU
		{2C6D028B-0FC6-4BA4-9B59-A0CA0353D6BD}.AppStore|x86.ActiveCfg = Debug|Any CPU
		{2C6D028B-0FC6-4BA4-9B59-A0CA0353D6BD}.AppStore|x86.Build.0 = Debug|Any CPU
		{2C6D028B-0FC6-4BA4-9B59-A0CA0353D6BD}.Debug|Any CPU.ActiveCfg = Debug|Any CPU
		{2C6D028B-0FC6-4BA4-9B59-A0CA0353D6BD}.Debug|Any CPU.Build.0 = Debug|Any CPU
		{2C6D028B-0FC6-4BA4-9B59-A0CA0353D6BD}.Debug|ARM.ActiveCfg = Debug|Any CPU
		{2C6D028B-0FC6-4BA4-9B59-A0CA0353D6BD}.Debug|ARM.Build.0 = Debug|Any CPU
		{2C6D028B-0FC6-4BA4-9B59-A0CA0353D6BD}.Debug|iPhone.ActiveCfg = Debug|Any CPU
		{2C6D028B-0FC6-4BA4-9B59-A0CA0353D6BD}.Debug|iPhone.Build.0 = Debug|Any CPU
		{2C6D028B-0FC6-4BA4-9B59-A0CA0353D6BD}.Debug|iPhoneSimulator.ActiveCfg = Debug|Any CPU
		{2C6D028B-0FC6-4BA4-9B59-A0CA0353D6BD}.Debug|iPhoneSimulator.Build.0 = Debug|Any CPU
		{2C6D028B-0FC6-4BA4-9B59-A0CA0353D6BD}.Debug|x64.ActiveCfg = Debug|Any CPU
		{2C6D028B-0FC6-4BA4-9B59-A0CA0353D6BD}.Debug|x64.Build.0 = Debug|Any CPU
		{2C6D028B-0FC6-4BA4-9B59-A0CA0353D6BD}.Debug|x86.ActiveCfg = Debug|Any CPU
		{2C6D028B-0FC6-4BA4-9B59-A0CA0353D6BD}.Debug|x86.Build.0 = Debug|Any CPU
		{2C6D028B-0FC6-4BA4-9B59-A0CA0353D6BD}.Release|Any CPU.ActiveCfg = Release|Any CPU
		{2C6D028B-0FC6-4BA4-9B59-A0CA0353D6BD}.Release|Any CPU.Build.0 = Release|Any CPU
		{2C6D028B-0FC6-4BA4-9B59-A0CA0353D6BD}.Release|ARM.ActiveCfg = Release|Any CPU
		{2C6D028B-0FC6-4BA4-9B59-A0CA0353D6BD}.Release|ARM.Build.0 = Release|Any CPU
		{2C6D028B-0FC6-4BA4-9B59-A0CA0353D6BD}.Release|iPhone.ActiveCfg = Release|Any CPU
		{2C6D028B-0FC6-4BA4-9B59-A0CA0353D6BD}.Release|iPhone.Build.0 = Release|Any CPU
		{2C6D028B-0FC6-4BA4-9B59-A0CA0353D6BD}.Release|iPhoneSimulator.ActiveCfg = Release|Any CPU
		{2C6D028B-0FC6-4BA4-9B59-A0CA0353D6BD}.Release|iPhoneSimulator.Build.0 = Release|Any CPU
		{2C6D028B-0FC6-4BA4-9B59-A0CA0353D6BD}.Release|x64.ActiveCfg = Release|Any CPU
		{2C6D028B-0FC6-4BA4-9B59-A0CA0353D6BD}.Release|x64.Build.0 = Release|Any CPU
		{2C6D028B-0FC6-4BA4-9B59-A0CA0353D6BD}.Release|x86.ActiveCfg = Release|Any CPU
		{2C6D028B-0FC6-4BA4-9B59-A0CA0353D6BD}.Release|x86.Build.0 = Release|Any CPU
		{6F92F3EE-CAF9-4719-882D-1D927FD97290}.Ad-Hoc|Any CPU.ActiveCfg = Debug|Any CPU
		{6F92F3EE-CAF9-4719-882D-1D927FD97290}.Ad-Hoc|Any CPU.Build.0 = Debug|Any CPU
		{6F92F3EE-CAF9-4719-882D-1D927FD97290}.Ad-Hoc|ARM.ActiveCfg = Debug|Any CPU
		{6F92F3EE-CAF9-4719-882D-1D927FD97290}.Ad-Hoc|ARM.Build.0 = Debug|Any CPU
		{6F92F3EE-CAF9-4719-882D-1D927FD97290}.Ad-Hoc|iPhone.ActiveCfg = Debug|Any CPU
		{6F92F3EE-CAF9-4719-882D-1D927FD97290}.Ad-Hoc|iPhone.Build.0 = Debug|Any CPU
		{6F92F3EE-CAF9-4719-882D-1D927FD97290}.Ad-Hoc|iPhoneSimulator.ActiveCfg = Debug|Any CPU
		{6F92F3EE-CAF9-4719-882D-1D927FD97290}.Ad-Hoc|iPhoneSimulator.Build.0 = Debug|Any CPU
		{6F92F3EE-CAF9-4719-882D-1D927FD97290}.Ad-Hoc|x64.ActiveCfg = Debug|Any CPU
		{6F92F3EE-CAF9-4719-882D-1D927FD97290}.Ad-Hoc|x64.Build.0 = Debug|Any CPU
		{6F92F3EE-CAF9-4719-882D-1D927FD97290}.Ad-Hoc|x86.ActiveCfg = Debug|Any CPU
		{6F92F3EE-CAF9-4719-882D-1D927FD97290}.Ad-Hoc|x86.Build.0 = Debug|Any CPU
		{6F92F3EE-CAF9-4719-882D-1D927FD97290}.AppStore|Any CPU.ActiveCfg = Debug|Any CPU
		{6F92F3EE-CAF9-4719-882D-1D927FD97290}.AppStore|Any CPU.Build.0 = Debug|Any CPU
		{6F92F3EE-CAF9-4719-882D-1D927FD97290}.AppStore|ARM.ActiveCfg = Debug|Any CPU
		{6F92F3EE-CAF9-4719-882D-1D927FD97290}.AppStore|ARM.Build.0 = Debug|Any CPU
		{6F92F3EE-CAF9-4719-882D-1D927FD97290}.AppStore|iPhone.ActiveCfg = Debug|Any CPU
		{6F92F3EE-CAF9-4719-882D-1D927FD97290}.AppStore|iPhone.Build.0 = Debug|Any CPU
		{6F92F3EE-CAF9-4719-882D-1D927FD97290}.AppStore|iPhoneSimulator.ActiveCfg = Debug|Any CPU
		{6F92F3EE-CAF9-4719-882D-1D927FD97290}.AppStore|iPhoneSimulator.Build.0 = Debug|Any CPU
		{6F92F3EE-CAF9-4719-882D-1D927FD97290}.AppStore|x64.ActiveCfg = Debug|Any CPU
		{6F92F3EE-CAF9-4719-882D-1D927FD97290}.AppStore|x64.Build.0 = Debug|Any CPU
		{6F92F3EE-CAF9-4719-882D-1D927FD97290}.AppStore|x86.ActiveCfg = Debug|Any CPU
		{6F92F3EE-CAF9-4719-882D-1D927FD97290}.AppStore|x86.Build.0 = Debug|Any CPU
		{6F92F3EE-CAF9-4719-882D-1D927FD97290}.Debug|Any CPU.ActiveCfg = Debug|Any CPU
		{6F92F3EE-CAF9-4719-882D-1D927FD97290}.Debug|Any CPU.Build.0 = Debug|Any CPU
		{6F92F3EE-CAF9-4719-882D-1D927FD97290}.Debug|ARM.ActiveCfg = Debug|Any CPU
		{6F92F3EE-CAF9-4719-882D-1D927FD97290}.Debug|ARM.Build.0 = Debug|Any CPU
		{6F92F3EE-CAF9-4719-882D-1D927FD97290}.Debug|iPhone.ActiveCfg = Debug|Any CPU
		{6F92F3EE-CAF9-4719-882D-1D927FD97290}.Debug|iPhone.Build.0 = Debug|Any CPU
		{6F92F3EE-CAF9-4719-882D-1D927FD97290}.Debug|iPhoneSimulator.ActiveCfg = Debug|Any CPU
		{6F92F3EE-CAF9-4719-882D-1D927FD97290}.Debug|iPhoneSimulator.Build.0 = Debug|Any CPU
		{6F92F3EE-CAF9-4719-882D-1D927FD97290}.Debug|x64.ActiveCfg = Debug|Any CPU
		{6F92F3EE-CAF9-4719-882D-1D927FD97290}.Debug|x64.Build.0 = Debug|Any CPU
		{6F92F3EE-CAF9-4719-882D-1D927FD97290}.Debug|x86.ActiveCfg = Debug|Any CPU
		{6F92F3EE-CAF9-4719-882D-1D927FD97290}.Debug|x86.Build.0 = Debug|Any CPU
		{6F92F3EE-CAF9-4719-882D-1D927FD97290}.Release|Any CPU.ActiveCfg = Release|Any CPU
		{6F92F3EE-CAF9-4719-882D-1D927FD97290}.Release|Any CPU.Build.0 = Release|Any CPU
		{6F92F3EE-CAF9-4719-882D-1D927FD97290}.Release|ARM.ActiveCfg = Release|Any CPU
		{6F92F3EE-CAF9-4719-882D-1D927FD97290}.Release|ARM.Build.0 = Release|Any CPU
		{6F92F3EE-CAF9-4719-882D-1D927FD97290}.Release|iPhone.ActiveCfg = Release|Any CPU
		{6F92F3EE-CAF9-4719-882D-1D927FD97290}.Release|iPhone.Build.0 = Release|Any CPU
		{6F92F3EE-CAF9-4719-882D-1D927FD97290}.Release|iPhoneSimulator.ActiveCfg = Release|Any CPU
		{6F92F3EE-CAF9-4719-882D-1D927FD97290}.Release|iPhoneSimulator.Build.0 = Release|Any CPU
		{6F92F3EE-CAF9-4719-882D-1D927FD97290}.Release|x64.ActiveCfg = Release|Any CPU
		{6F92F3EE-CAF9-4719-882D-1D927FD97290}.Release|x64.Build.0 = Release|Any CPU
		{6F92F3EE-CAF9-4719-882D-1D927FD97290}.Release|x86.ActiveCfg = Release|Any CPU
		{6F92F3EE-CAF9-4719-882D-1D927FD97290}.Release|x86.Build.0 = Release|Any CPU
		{81960AF4-9345-4661-8005-B2F48D4C7B1B}.Ad-Hoc|Any CPU.ActiveCfg = Debug|Any CPU
		{81960AF4-9345-4661-8005-B2F48D4C7B1B}.Ad-Hoc|Any CPU.Build.0 = Debug|Any CPU
		{81960AF4-9345-4661-8005-B2F48D4C7B1B}.Ad-Hoc|ARM.ActiveCfg = Debug|Any CPU
		{81960AF4-9345-4661-8005-B2F48D4C7B1B}.Ad-Hoc|ARM.Build.0 = Debug|Any CPU
		{81960AF4-9345-4661-8005-B2F48D4C7B1B}.Ad-Hoc|iPhone.ActiveCfg = Debug|Any CPU
		{81960AF4-9345-4661-8005-B2F48D4C7B1B}.Ad-Hoc|iPhone.Build.0 = Debug|Any CPU
		{81960AF4-9345-4661-8005-B2F48D4C7B1B}.Ad-Hoc|iPhoneSimulator.ActiveCfg = Debug|Any CPU
		{81960AF4-9345-4661-8005-B2F48D4C7B1B}.Ad-Hoc|iPhoneSimulator.Build.0 = Debug|Any CPU
		{81960AF4-9345-4661-8005-B2F48D4C7B1B}.Ad-Hoc|x64.ActiveCfg = Debug|Any CPU
		{81960AF4-9345-4661-8005-B2F48D4C7B1B}.Ad-Hoc|x64.Build.0 = Debug|Any CPU
		{81960AF4-9345-4661-8005-B2F48D4C7B1B}.Ad-Hoc|x86.ActiveCfg = Debug|Any CPU
		{81960AF4-9345-4661-8005-B2F48D4C7B1B}.Ad-Hoc|x86.Build.0 = Debug|Any CPU
		{81960AF4-9345-4661-8005-B2F48D4C7B1B}.AppStore|Any CPU.ActiveCfg = Debug|Any CPU
		{81960AF4-9345-4661-8005-B2F48D4C7B1B}.AppStore|Any CPU.Build.0 = Debug|Any CPU
		{81960AF4-9345-4661-8005-B2F48D4C7B1B}.AppStore|ARM.ActiveCfg = Debug|Any CPU
		{81960AF4-9345-4661-8005-B2F48D4C7B1B}.AppStore|ARM.Build.0 = Debug|Any CPU
		{81960AF4-9345-4661-8005-B2F48D4C7B1B}.AppStore|iPhone.ActiveCfg = Debug|Any CPU
		{81960AF4-9345-4661-8005-B2F48D4C7B1B}.AppStore|iPhone.Build.0 = Debug|Any CPU
		{81960AF4-9345-4661-8005-B2F48D4C7B1B}.AppStore|iPhoneSimulator.ActiveCfg = Debug|Any CPU
		{81960AF4-9345-4661-8005-B2F48D4C7B1B}.AppStore|iPhoneSimulator.Build.0 = Debug|Any CPU
		{81960AF4-9345-4661-8005-B2F48D4C7B1B}.AppStore|x64.ActiveCfg = Debug|Any CPU
		{81960AF4-9345-4661-8005-B2F48D4C7B1B}.AppStore|x64.Build.0 = Debug|Any CPU
		{81960AF4-9345-4661-8005-B2F48D4C7B1B}.AppStore|x86.ActiveCfg = Debug|Any CPU
		{81960AF4-9345-4661-8005-B2F48D4C7B1B}.AppStore|x86.Build.0 = Debug|Any CPU
		{81960AF4-9345-4661-8005-B2F48D4C7B1B}.Debug|Any CPU.ActiveCfg = Debug|Any CPU
		{81960AF4-9345-4661-8005-B2F48D4C7B1B}.Debug|Any CPU.Build.0 = Debug|Any CPU
		{81960AF4-9345-4661-8005-B2F48D4C7B1B}.Debug|ARM.ActiveCfg = Debug|Any CPU
		{81960AF4-9345-4661-8005-B2F48D4C7B1B}.Debug|ARM.Build.0 = Debug|Any CPU
		{81960AF4-9345-4661-8005-B2F48D4C7B1B}.Debug|iPhone.ActiveCfg = Debug|Any CPU
		{81960AF4-9345-4661-8005-B2F48D4C7B1B}.Debug|iPhone.Build.0 = Debug|Any CPU
		{81960AF4-9345-4661-8005-B2F48D4C7B1B}.Debug|iPhoneSimulator.ActiveCfg = Debug|Any CPU
		{81960AF4-9345-4661-8005-B2F48D4C7B1B}.Debug|iPhoneSimulator.Build.0 = Debug|Any CPU
		{81960AF4-9345-4661-8005-B2F48D4C7B1B}.Debug|x64.ActiveCfg = Debug|Any CPU
		{81960AF4-9345-4661-8005-B2F48D4C7B1B}.Debug|x64.Build.0 = Debug|Any CPU
		{81960AF4-9345-4661-8005-B2F48D4C7B1B}.Debug|x86.ActiveCfg = Debug|Any CPU
		{81960AF4-9345-4661-8005-B2F48D4C7B1B}.Debug|x86.Build.0 = Debug|Any CPU
		{81960AF4-9345-4661-8005-B2F48D4C7B1B}.Release|Any CPU.ActiveCfg = Release|Any CPU
		{81960AF4-9345-4661-8005-B2F48D4C7B1B}.Release|Any CPU.Build.0 = Release|Any CPU
		{81960AF4-9345-4661-8005-B2F48D4C7B1B}.Release|ARM.ActiveCfg = Release|Any CPU
		{81960AF4-9345-4661-8005-B2F48D4C7B1B}.Release|ARM.Build.0 = Release|Any CPU
		{81960AF4-9345-4661-8005-B2F48D4C7B1B}.Release|iPhone.ActiveCfg = Release|Any CPU
		{81960AF4-9345-4661-8005-B2F48D4C7B1B}.Release|iPhone.Build.0 = Release|Any CPU
		{81960AF4-9345-4661-8005-B2F48D4C7B1B}.Release|iPhoneSimulator.ActiveCfg = Release|Any CPU
		{81960AF4-9345-4661-8005-B2F48D4C7B1B}.Release|iPhoneSimulator.Build.0 = Release|Any CPU
		{81960AF4-9345-4661-8005-B2F48D4C7B1B}.Release|x64.ActiveCfg = Release|Any CPU
		{81960AF4-9345-4661-8005-B2F48D4C7B1B}.Release|x64.Build.0 = Release|Any CPU
		{81960AF4-9345-4661-8005-B2F48D4C7B1B}.Release|x86.ActiveCfg = Release|Any CPU
		{81960AF4-9345-4661-8005-B2F48D4C7B1B}.Release|x86.Build.0 = Release|Any CPU
		{7B8504A0-A65F-4456-91E6-2A7E57D665F3}.Ad-Hoc|Any CPU.ActiveCfg = Debug|Any CPU
		{7B8504A0-A65F-4456-91E6-2A7E57D665F3}.Ad-Hoc|Any CPU.Build.0 = Debug|Any CPU
		{7B8504A0-A65F-4456-91E6-2A7E57D665F3}.Ad-Hoc|ARM.ActiveCfg = Debug|Any CPU
		{7B8504A0-A65F-4456-91E6-2A7E57D665F3}.Ad-Hoc|ARM.Build.0 = Debug|Any CPU
		{7B8504A0-A65F-4456-91E6-2A7E57D665F3}.Ad-Hoc|iPhone.ActiveCfg = Debug|Any CPU
		{7B8504A0-A65F-4456-91E6-2A7E57D665F3}.Ad-Hoc|iPhone.Build.0 = Debug|Any CPU
		{7B8504A0-A65F-4456-91E6-2A7E57D665F3}.Ad-Hoc|iPhoneSimulator.ActiveCfg = Debug|Any CPU
		{7B8504A0-A65F-4456-91E6-2A7E57D665F3}.Ad-Hoc|iPhoneSimulator.Build.0 = Debug|Any CPU
		{7B8504A0-A65F-4456-91E6-2A7E57D665F3}.Ad-Hoc|x64.ActiveCfg = Debug|Any CPU
		{7B8504A0-A65F-4456-91E6-2A7E57D665F3}.Ad-Hoc|x64.Build.0 = Debug|Any CPU
		{7B8504A0-A65F-4456-91E6-2A7E57D665F3}.Ad-Hoc|x86.ActiveCfg = Debug|Any CPU
		{7B8504A0-A65F-4456-91E6-2A7E57D665F3}.Ad-Hoc|x86.Build.0 = Debug|Any CPU
		{7B8504A0-A65F-4456-91E6-2A7E57D665F3}.AppStore|Any CPU.ActiveCfg = Debug|Any CPU
		{7B8504A0-A65F-4456-91E6-2A7E57D665F3}.AppStore|Any CPU.Build.0 = Debug|Any CPU
		{7B8504A0-A65F-4456-91E6-2A7E57D665F3}.AppStore|ARM.ActiveCfg = Debug|Any CPU
		{7B8504A0-A65F-4456-91E6-2A7E57D665F3}.AppStore|ARM.Build.0 = Debug|Any CPU
		{7B8504A0-A65F-4456-91E6-2A7E57D665F3}.AppStore|iPhone.ActiveCfg = Debug|Any CPU
		{7B8504A0-A65F-4456-91E6-2A7E57D665F3}.AppStore|iPhone.Build.0 = Debug|Any CPU
		{7B8504A0-A65F-4456-91E6-2A7E57D665F3}.AppStore|iPhoneSimulator.ActiveCfg = Debug|Any CPU
		{7B8504A0-A65F-4456-91E6-2A7E57D665F3}.AppStore|iPhoneSimulator.Build.0 = Debug|Any CPU
		{7B8504A0-A65F-4456-91E6-2A7E57D665F3}.AppStore|x64.ActiveCfg = Debug|Any CPU
		{7B8504A0-A65F-4456-91E6-2A7E57D665F3}.AppStore|x64.Build.0 = Debug|Any CPU
		{7B8504A0-A65F-4456-91E6-2A7E57D665F3}.AppStore|x86.ActiveCfg = Debug|Any CPU
		{7B8504A0-A65F-4456-91E6-2A7E57D665F3}.AppStore|x86.Build.0 = Debug|Any CPU
		{7B8504A0-A65F-4456-91E6-2A7E57D665F3}.Debug|Any CPU.ActiveCfg = Debug|Any CPU
		{7B8504A0-A65F-4456-91E6-2A7E57D665F3}.Debug|Any CPU.Build.0 = Debug|Any CPU
		{7B8504A0-A65F-4456-91E6-2A7E57D665F3}.Debug|ARM.ActiveCfg = Debug|Any CPU
		{7B8504A0-A65F-4456-91E6-2A7E57D665F3}.Debug|ARM.Build.0 = Debug|Any CPU
		{7B8504A0-A65F-4456-91E6-2A7E57D665F3}.Debug|iPhone.ActiveCfg = Debug|Any CPU
		{7B8504A0-A65F-4456-91E6-2A7E57D665F3}.Debug|iPhone.Build.0 = Debug|Any CPU
		{7B8504A0-A65F-4456-91E6-2A7E57D665F3}.Debug|iPhoneSimulator.ActiveCfg = Debug|Any CPU
		{7B8504A0-A65F-4456-91E6-2A7E57D665F3}.Debug|iPhoneSimulator.Build.0 = Debug|Any CPU
		{7B8504A0-A65F-4456-91E6-2A7E57D665F3}.Debug|x64.ActiveCfg = Debug|Any CPU
		{7B8504A0-A65F-4456-91E6-2A7E57D665F3}.Debug|x64.Build.0 = Debug|Any CPU
		{7B8504A0-A65F-4456-91E6-2A7E57D665F3}.Debug|x86.ActiveCfg = Debug|Any CPU
		{7B8504A0-A65F-4456-91E6-2A7E57D665F3}.Debug|x86.Build.0 = Debug|Any CPU
		{7B8504A0-A65F-4456-91E6-2A7E57D665F3}.Release|Any CPU.ActiveCfg = Release|Any CPU
		{7B8504A0-A65F-4456-91E6-2A7E57D665F3}.Release|Any CPU.Build.0 = Release|Any CPU
		{7B8504A0-A65F-4456-91E6-2A7E57D665F3}.Release|ARM.ActiveCfg = Release|Any CPU
		{7B8504A0-A65F-4456-91E6-2A7E57D665F3}.Release|ARM.Build.0 = Release|Any CPU
		{7B8504A0-A65F-4456-91E6-2A7E57D665F3}.Release|iPhone.ActiveCfg = Release|Any CPU
		{7B8504A0-A65F-4456-91E6-2A7E57D665F3}.Release|iPhone.Build.0 = Release|Any CPU
		{7B8504A0-A65F-4456-91E6-2A7E57D665F3}.Release|iPhoneSimulator.ActiveCfg = Release|Any CPU
		{7B8504A0-A65F-4456-91E6-2A7E57D665F3}.Release|iPhoneSimulator.Build.0 = Release|Any CPU
		{7B8504A0-A65F-4456-91E6-2A7E57D665F3}.Release|x64.ActiveCfg = Release|Any CPU
		{7B8504A0-A65F-4456-91E6-2A7E57D665F3}.Release|x64.Build.0 = Release|Any CPU
		{7B8504A0-A65F-4456-91E6-2A7E57D665F3}.Release|x86.ActiveCfg = Release|Any CPU
		{7B8504A0-A65F-4456-91E6-2A7E57D665F3}.Release|x86.Build.0 = Release|Any CPU
		{2A350D98-8F2D-4A1B-BCF6-8FA95D016148}.Ad-Hoc|Any CPU.ActiveCfg = Release|Any CPU
		{2A350D98-8F2D-4A1B-BCF6-8FA95D016148}.Ad-Hoc|Any CPU.Build.0 = Release|Any CPU
		{2A350D98-8F2D-4A1B-BCF6-8FA95D016148}.Ad-Hoc|Any CPU.Deploy.0 = Release|Any CPU
		{2A350D98-8F2D-4A1B-BCF6-8FA95D016148}.Ad-Hoc|ARM.ActiveCfg = Release|Any CPU
		{2A350D98-8F2D-4A1B-BCF6-8FA95D016148}.Ad-Hoc|ARM.Build.0 = Release|Any CPU
		{2A350D98-8F2D-4A1B-BCF6-8FA95D016148}.Ad-Hoc|ARM.Deploy.0 = Release|Any CPU
		{2A350D98-8F2D-4A1B-BCF6-8FA95D016148}.Ad-Hoc|iPhone.ActiveCfg = Release|Any CPU
		{2A350D98-8F2D-4A1B-BCF6-8FA95D016148}.Ad-Hoc|iPhone.Build.0 = Release|Any CPU
		{2A350D98-8F2D-4A1B-BCF6-8FA95D016148}.Ad-Hoc|iPhone.Deploy.0 = Release|Any CPU
		{2A350D98-8F2D-4A1B-BCF6-8FA95D016148}.Ad-Hoc|iPhoneSimulator.ActiveCfg = Release|Any CPU
		{2A350D98-8F2D-4A1B-BCF6-8FA95D016148}.Ad-Hoc|iPhoneSimulator.Build.0 = Release|Any CPU
		{2A350D98-8F2D-4A1B-BCF6-8FA95D016148}.Ad-Hoc|iPhoneSimulator.Deploy.0 = Release|Any CPU
		{2A350D98-8F2D-4A1B-BCF6-8FA95D016148}.Ad-Hoc|x64.ActiveCfg = Release|Any CPU
		{2A350D98-8F2D-4A1B-BCF6-8FA95D016148}.Ad-Hoc|x64.Build.0 = Release|Any CPU
		{2A350D98-8F2D-4A1B-BCF6-8FA95D016148}.Ad-Hoc|x64.Deploy.0 = Release|Any CPU
		{2A350D98-8F2D-4A1B-BCF6-8FA95D016148}.Ad-Hoc|x86.ActiveCfg = Release|Any CPU
		{2A350D98-8F2D-4A1B-BCF6-8FA95D016148}.Ad-Hoc|x86.Build.0 = Release|Any CPU
		{2A350D98-8F2D-4A1B-BCF6-8FA95D016148}.Ad-Hoc|x86.Deploy.0 = Release|Any CPU
		{2A350D98-8F2D-4A1B-BCF6-8FA95D016148}.AppStore|Any CPU.ActiveCfg = Release|Any CPU
		{2A350D98-8F2D-4A1B-BCF6-8FA95D016148}.AppStore|Any CPU.Build.0 = Release|Any CPU
		{2A350D98-8F2D-4A1B-BCF6-8FA95D016148}.AppStore|Any CPU.Deploy.0 = Release|Any CPU
		{2A350D98-8F2D-4A1B-BCF6-8FA95D016148}.AppStore|ARM.ActiveCfg = Release|Any CPU
		{2A350D98-8F2D-4A1B-BCF6-8FA95D016148}.AppStore|ARM.Build.0 = Release|Any CPU
		{2A350D98-8F2D-4A1B-BCF6-8FA95D016148}.AppStore|ARM.Deploy.0 = Release|Any CPU
		{2A350D98-8F2D-4A1B-BCF6-8FA95D016148}.AppStore|iPhone.ActiveCfg = Release|Any CPU
		{2A350D98-8F2D-4A1B-BCF6-8FA95D016148}.AppStore|iPhone.Build.0 = Release|Any CPU
		{2A350D98-8F2D-4A1B-BCF6-8FA95D016148}.AppStore|iPhone.Deploy.0 = Release|Any CPU
		{2A350D98-8F2D-4A1B-BCF6-8FA95D016148}.AppStore|iPhoneSimulator.ActiveCfg = Release|Any CPU
		{2A350D98-8F2D-4A1B-BCF6-8FA95D016148}.AppStore|iPhoneSimulator.Build.0 = Release|Any CPU
		{2A350D98-8F2D-4A1B-BCF6-8FA95D016148}.AppStore|iPhoneSimulator.Deploy.0 = Release|Any CPU
		{2A350D98-8F2D-4A1B-BCF6-8FA95D016148}.AppStore|x64.ActiveCfg = Release|Any CPU
		{2A350D98-8F2D-4A1B-BCF6-8FA95D016148}.AppStore|x64.Build.0 = Release|Any CPU
		{2A350D98-8F2D-4A1B-BCF6-8FA95D016148}.AppStore|x64.Deploy.0 = Release|Any CPU
		{2A350D98-8F2D-4A1B-BCF6-8FA95D016148}.AppStore|x86.ActiveCfg = Release|Any CPU
		{2A350D98-8F2D-4A1B-BCF6-8FA95D016148}.AppStore|x86.Build.0 = Release|Any CPU
		{2A350D98-8F2D-4A1B-BCF6-8FA95D016148}.AppStore|x86.Deploy.0 = Release|Any CPU
		{2A350D98-8F2D-4A1B-BCF6-8FA95D016148}.Debug|Any CPU.ActiveCfg = Debug|Any CPU
		{2A350D98-8F2D-4A1B-BCF6-8FA95D016148}.Debug|Any CPU.Build.0 = Debug|Any CPU
		{2A350D98-8F2D-4A1B-BCF6-8FA95D016148}.Debug|Any CPU.Deploy.0 = Debug|Any CPU
		{2A350D98-8F2D-4A1B-BCF6-8FA95D016148}.Debug|ARM.ActiveCfg = Debug|Any CPU
		{2A350D98-8F2D-4A1B-BCF6-8FA95D016148}.Debug|ARM.Build.0 = Debug|Any CPU
		{2A350D98-8F2D-4A1B-BCF6-8FA95D016148}.Debug|ARM.Deploy.0 = Debug|Any CPU
		{2A350D98-8F2D-4A1B-BCF6-8FA95D016148}.Debug|iPhone.ActiveCfg = Debug|Any CPU
		{2A350D98-8F2D-4A1B-BCF6-8FA95D016148}.Debug|iPhone.Build.0 = Debug|Any CPU
		{2A350D98-8F2D-4A1B-BCF6-8FA95D016148}.Debug|iPhone.Deploy.0 = Debug|Any CPU
		{2A350D98-8F2D-4A1B-BCF6-8FA95D016148}.Debug|iPhoneSimulator.ActiveCfg = Debug|Any CPU
		{2A350D98-8F2D-4A1B-BCF6-8FA95D016148}.Debug|iPhoneSimulator.Build.0 = Debug|Any CPU
		{2A350D98-8F2D-4A1B-BCF6-8FA95D016148}.Debug|iPhoneSimulator.Deploy.0 = Debug|Any CPU
		{2A350D98-8F2D-4A1B-BCF6-8FA95D016148}.Debug|x64.ActiveCfg = Debug|Any CPU
		{2A350D98-8F2D-4A1B-BCF6-8FA95D016148}.Debug|x64.Build.0 = Debug|Any CPU
		{2A350D98-8F2D-4A1B-BCF6-8FA95D016148}.Debug|x64.Deploy.0 = Debug|Any CPU
		{2A350D98-8F2D-4A1B-BCF6-8FA95D016148}.Debug|x86.ActiveCfg = Debug|Any CPU
		{2A350D98-8F2D-4A1B-BCF6-8FA95D016148}.Debug|x86.Build.0 = Debug|Any CPU
		{2A350D98-8F2D-4A1B-BCF6-8FA95D016148}.Debug|x86.Deploy.0 = Debug|Any CPU
		{2A350D98-8F2D-4A1B-BCF6-8FA95D016148}.Release|Any CPU.ActiveCfg = Release|Any CPU
		{2A350D98-8F2D-4A1B-BCF6-8FA95D016148}.Release|Any CPU.Build.0 = Release|Any CPU
		{2A350D98-8F2D-4A1B-BCF6-8FA95D016148}.Release|Any CPU.Deploy.0 = Release|Any CPU
		{2A350D98-8F2D-4A1B-BCF6-8FA95D016148}.Release|ARM.ActiveCfg = Release|Any CPU
		{2A350D98-8F2D-4A1B-BCF6-8FA95D016148}.Release|ARM.Build.0 = Release|Any CPU
		{2A350D98-8F2D-4A1B-BCF6-8FA95D016148}.Release|ARM.Deploy.0 = Release|Any CPU
		{2A350D98-8F2D-4A1B-BCF6-8FA95D016148}.Release|iPhone.ActiveCfg = Release|Any CPU
		{2A350D98-8F2D-4A1B-BCF6-8FA95D016148}.Release|iPhone.Build.0 = Release|Any CPU
		{2A350D98-8F2D-4A1B-BCF6-8FA95D016148}.Release|iPhone.Deploy.0 = Release|Any CPU
		{2A350D98-8F2D-4A1B-BCF6-8FA95D016148}.Release|iPhoneSimulator.ActiveCfg = Release|Any CPU
		{2A350D98-8F2D-4A1B-BCF6-8FA95D016148}.Release|iPhoneSimulator.Build.0 = Release|Any CPU
		{2A350D98-8F2D-4A1B-BCF6-8FA95D016148}.Release|iPhoneSimulator.Deploy.0 = Release|Any CPU
		{2A350D98-8F2D-4A1B-BCF6-8FA95D016148}.Release|x64.ActiveCfg = Release|Any CPU
		{2A350D98-8F2D-4A1B-BCF6-8FA95D016148}.Release|x64.Build.0 = Release|Any CPU
		{2A350D98-8F2D-4A1B-BCF6-8FA95D016148}.Release|x64.Deploy.0 = Release|Any CPU
		{2A350D98-8F2D-4A1B-BCF6-8FA95D016148}.Release|x86.ActiveCfg = Release|Any CPU
		{2A350D98-8F2D-4A1B-BCF6-8FA95D016148}.Release|x86.Build.0 = Release|Any CPU
		{2A350D98-8F2D-4A1B-BCF6-8FA95D016148}.Release|x86.Deploy.0 = Release|Any CPU
		{A2AA3E6F-7921-4436-924A-A4ECF0655592}.Ad-Hoc|Any CPU.ActiveCfg = Ad-Hoc|iPhone
		{A2AA3E6F-7921-4436-924A-A4ECF0655592}.Ad-Hoc|ARM.ActiveCfg = Ad-Hoc|iPhone
		{A2AA3E6F-7921-4436-924A-A4ECF0655592}.Ad-Hoc|iPhone.ActiveCfg = Ad-Hoc|iPhone
		{A2AA3E6F-7921-4436-924A-A4ECF0655592}.Ad-Hoc|iPhone.Build.0 = Ad-Hoc|iPhone
		{A2AA3E6F-7921-4436-924A-A4ECF0655592}.Ad-Hoc|iPhoneSimulator.ActiveCfg = Ad-Hoc|iPhoneSimulator
		{A2AA3E6F-7921-4436-924A-A4ECF0655592}.Ad-Hoc|iPhoneSimulator.Build.0 = Ad-Hoc|iPhoneSimulator
		{A2AA3E6F-7921-4436-924A-A4ECF0655592}.Ad-Hoc|x64.ActiveCfg = Ad-Hoc|iPhone
		{A2AA3E6F-7921-4436-924A-A4ECF0655592}.Ad-Hoc|x86.ActiveCfg = Ad-Hoc|iPhone
		{A2AA3E6F-7921-4436-924A-A4ECF0655592}.AppStore|Any CPU.ActiveCfg = AppStore|iPhone
		{A2AA3E6F-7921-4436-924A-A4ECF0655592}.AppStore|ARM.ActiveCfg = AppStore|iPhone
		{A2AA3E6F-7921-4436-924A-A4ECF0655592}.AppStore|iPhone.ActiveCfg = AppStore|iPhone
		{A2AA3E6F-7921-4436-924A-A4ECF0655592}.AppStore|iPhone.Build.0 = AppStore|iPhone
		{A2AA3E6F-7921-4436-924A-A4ECF0655592}.AppStore|iPhoneSimulator.ActiveCfg = AppStore|iPhoneSimulator
		{A2AA3E6F-7921-4436-924A-A4ECF0655592}.AppStore|iPhoneSimulator.Build.0 = AppStore|iPhoneSimulator
		{A2AA3E6F-7921-4436-924A-A4ECF0655592}.AppStore|x64.ActiveCfg = AppStore|iPhone
		{A2AA3E6F-7921-4436-924A-A4ECF0655592}.AppStore|x86.ActiveCfg = AppStore|iPhone
		{A2AA3E6F-7921-4436-924A-A4ECF0655592}.Debug|Any CPU.ActiveCfg = Debug|iPhone
		{A2AA3E6F-7921-4436-924A-A4ECF0655592}.Debug|ARM.ActiveCfg = Debug|iPhone
		{A2AA3E6F-7921-4436-924A-A4ECF0655592}.Debug|iPhone.ActiveCfg = Debug|iPhone
		{A2AA3E6F-7921-4436-924A-A4ECF0655592}.Debug|iPhone.Build.0 = Debug|iPhone
		{A2AA3E6F-7921-4436-924A-A4ECF0655592}.Debug|iPhoneSimulator.ActiveCfg = Debug|iPhoneSimulator
		{A2AA3E6F-7921-4436-924A-A4ECF0655592}.Debug|iPhoneSimulator.Build.0 = Debug|iPhoneSimulator
		{A2AA3E6F-7921-4436-924A-A4ECF0655592}.Debug|x64.ActiveCfg = Debug|iPhone
		{A2AA3E6F-7921-4436-924A-A4ECF0655592}.Debug|x86.ActiveCfg = Debug|iPhone
		{A2AA3E6F-7921-4436-924A-A4ECF0655592}.Release|Any CPU.ActiveCfg = Release|iPhone
		{A2AA3E6F-7921-4436-924A-A4ECF0655592}.Release|ARM.ActiveCfg = Release|iPhone
		{A2AA3E6F-7921-4436-924A-A4ECF0655592}.Release|iPhone.ActiveCfg = Release|iPhone
		{A2AA3E6F-7921-4436-924A-A4ECF0655592}.Release|iPhone.Build.0 = Release|iPhone
		{A2AA3E6F-7921-4436-924A-A4ECF0655592}.Release|iPhoneSimulator.ActiveCfg = Release|iPhoneSimulator
		{A2AA3E6F-7921-4436-924A-A4ECF0655592}.Release|iPhoneSimulator.Build.0 = Release|iPhoneSimulator
		{A2AA3E6F-7921-4436-924A-A4ECF0655592}.Release|x64.ActiveCfg = Release|iPhone
		{A2AA3E6F-7921-4436-924A-A4ECF0655592}.Release|x86.ActiveCfg = Release|iPhone
		{7D341B04-B3AF-4083-9184-F0AC8474C509}.Ad-Hoc|Any CPU.ActiveCfg = Debug|Any CPU
		{7D341B04-B3AF-4083-9184-F0AC8474C509}.Ad-Hoc|Any CPU.Build.0 = Debug|Any CPU
		{7D341B04-B3AF-4083-9184-F0AC8474C509}.Ad-Hoc|ARM.ActiveCfg = Debug|Any CPU
		{7D341B04-B3AF-4083-9184-F0AC8474C509}.Ad-Hoc|ARM.Build.0 = Debug|Any CPU
		{7D341B04-B3AF-4083-9184-F0AC8474C509}.Ad-Hoc|iPhone.ActiveCfg = Debug|Any CPU
		{7D341B04-B3AF-4083-9184-F0AC8474C509}.Ad-Hoc|iPhone.Build.0 = Debug|Any CPU
		{7D341B04-B3AF-4083-9184-F0AC8474C509}.Ad-Hoc|iPhoneSimulator.ActiveCfg = Debug|Any CPU
		{7D341B04-B3AF-4083-9184-F0AC8474C509}.Ad-Hoc|iPhoneSimulator.Build.0 = Debug|Any CPU
		{7D341B04-B3AF-4083-9184-F0AC8474C509}.Ad-Hoc|x64.ActiveCfg = Debug|Any CPU
		{7D341B04-B3AF-4083-9184-F0AC8474C509}.Ad-Hoc|x64.Build.0 = Debug|Any CPU
		{7D341B04-B3AF-4083-9184-F0AC8474C509}.Ad-Hoc|x86.ActiveCfg = Debug|Any CPU
		{7D341B04-B3AF-4083-9184-F0AC8474C509}.Ad-Hoc|x86.Build.0 = Debug|Any CPU
		{7D341B04-B3AF-4083-9184-F0AC8474C509}.AppStore|Any CPU.ActiveCfg = Debug|Any CPU
		{7D341B04-B3AF-4083-9184-F0AC8474C509}.AppStore|Any CPU.Build.0 = Debug|Any CPU
		{7D341B04-B3AF-4083-9184-F0AC8474C509}.AppStore|ARM.ActiveCfg = Debug|Any CPU
		{7D341B04-B3AF-4083-9184-F0AC8474C509}.AppStore|ARM.Build.0 = Debug|Any CPU
		{7D341B04-B3AF-4083-9184-F0AC8474C509}.AppStore|iPhone.ActiveCfg = Debug|Any CPU
		{7D341B04-B3AF-4083-9184-F0AC8474C509}.AppStore|iPhone.Build.0 = Debug|Any CPU
		{7D341B04-B3AF-4083-9184-F0AC8474C509}.AppStore|iPhoneSimulator.ActiveCfg = Debug|Any CPU
		{7D341B04-B3AF-4083-9184-F0AC8474C509}.AppStore|iPhoneSimulator.Build.0 = Debug|Any CPU
		{7D341B04-B3AF-4083-9184-F0AC8474C509}.AppStore|x64.ActiveCfg = Debug|Any CPU
		{7D341B04-B3AF-4083-9184-F0AC8474C509}.AppStore|x64.Build.0 = Debug|Any CPU
		{7D341B04-B3AF-4083-9184-F0AC8474C509}.AppStore|x86.ActiveCfg = Debug|Any CPU
		{7D341B04-B3AF-4083-9184-F0AC8474C509}.AppStore|x86.Build.0 = Debug|Any CPU
		{7D341B04-B3AF-4083-9184-F0AC8474C509}.Debug|Any CPU.ActiveCfg = Debug|Any CPU
		{7D341B04-B3AF-4083-9184-F0AC8474C509}.Debug|Any CPU.Build.0 = Debug|Any CPU
		{7D341B04-B3AF-4083-9184-F0AC8474C509}.Debug|ARM.ActiveCfg = Debug|Any CPU
		{7D341B04-B3AF-4083-9184-F0AC8474C509}.Debug|ARM.Build.0 = Debug|Any CPU
		{7D341B04-B3AF-4083-9184-F0AC8474C509}.Debug|iPhone.ActiveCfg = Debug|Any CPU
		{7D341B04-B3AF-4083-9184-F0AC8474C509}.Debug|iPhone.Build.0 = Debug|Any CPU
		{7D341B04-B3AF-4083-9184-F0AC8474C509}.Debug|iPhoneSimulator.ActiveCfg = Debug|Any CPU
		{7D341B04-B3AF-4083-9184-F0AC8474C509}.Debug|iPhoneSimulator.Build.0 = Debug|Any CPU
		{7D341B04-B3AF-4083-9184-F0AC8474C509}.Debug|x64.ActiveCfg = Debug|Any CPU
		{7D341B04-B3AF-4083-9184-F0AC8474C509}.Debug|x64.Build.0 = Debug|Any CPU
		{7D341B04-B3AF-4083-9184-F0AC8474C509}.Debug|x86.ActiveCfg = Debug|Any CPU
		{7D341B04-B3AF-4083-9184-F0AC8474C509}.Debug|x86.Build.0 = Debug|Any CPU
		{7D341B04-B3AF-4083-9184-F0AC8474C509}.Release|Any CPU.ActiveCfg = Release|Any CPU
		{7D341B04-B3AF-4083-9184-F0AC8474C509}.Release|Any CPU.Build.0 = Release|Any CPU
		{7D341B04-B3AF-4083-9184-F0AC8474C509}.Release|ARM.ActiveCfg = Release|Any CPU
		{7D341B04-B3AF-4083-9184-F0AC8474C509}.Release|ARM.Build.0 = Release|Any CPU
		{7D341B04-B3AF-4083-9184-F0AC8474C509}.Release|iPhone.ActiveCfg = Release|Any CPU
		{7D341B04-B3AF-4083-9184-F0AC8474C509}.Release|iPhone.Build.0 = Release|Any CPU
		{7D341B04-B3AF-4083-9184-F0AC8474C509}.Release|iPhoneSimulator.ActiveCfg = Release|Any CPU
		{7D341B04-B3AF-4083-9184-F0AC8474C509}.Release|iPhoneSimulator.Build.0 = Release|Any CPU
		{7D341B04-B3AF-4083-9184-F0AC8474C509}.Release|x64.ActiveCfg = Release|Any CPU
		{7D341B04-B3AF-4083-9184-F0AC8474C509}.Release|x64.Build.0 = Release|Any CPU
		{7D341B04-B3AF-4083-9184-F0AC8474C509}.Release|x86.ActiveCfg = Release|Any CPU
		{7D341B04-B3AF-4083-9184-F0AC8474C509}.Release|x86.Build.0 = Release|Any CPU
		{D8A142FB-5E74-48C0-A5BE-A80336F4C06C}.Ad-Hoc|Any CPU.ActiveCfg = Release|x86
		{D8A142FB-5E74-48C0-A5BE-A80336F4C06C}.Ad-Hoc|Any CPU.Build.0 = Release|x86
		{D8A142FB-5E74-48C0-A5BE-A80336F4C06C}.Ad-Hoc|Any CPU.Deploy.0 = Release|x86
		{D8A142FB-5E74-48C0-A5BE-A80336F4C06C}.Ad-Hoc|ARM.ActiveCfg = Release|ARM
		{D8A142FB-5E74-48C0-A5BE-A80336F4C06C}.Ad-Hoc|ARM.Build.0 = Release|ARM
		{D8A142FB-5E74-48C0-A5BE-A80336F4C06C}.Ad-Hoc|ARM.Deploy.0 = Release|ARM
		{D8A142FB-5E74-48C0-A5BE-A80336F4C06C}.Ad-Hoc|iPhone.ActiveCfg = Release|x86
		{D8A142FB-5E74-48C0-A5BE-A80336F4C06C}.Ad-Hoc|iPhone.Build.0 = Release|x86
		{D8A142FB-5E74-48C0-A5BE-A80336F4C06C}.Ad-Hoc|iPhone.Deploy.0 = Release|x86
		{D8A142FB-5E74-48C0-A5BE-A80336F4C06C}.Ad-Hoc|iPhoneSimulator.ActiveCfg = Release|x86
		{D8A142FB-5E74-48C0-A5BE-A80336F4C06C}.Ad-Hoc|iPhoneSimulator.Build.0 = Release|x86
		{D8A142FB-5E74-48C0-A5BE-A80336F4C06C}.Ad-Hoc|iPhoneSimulator.Deploy.0 = Release|x86
		{D8A142FB-5E74-48C0-A5BE-A80336F4C06C}.Ad-Hoc|x64.ActiveCfg = Release|x64
		{D8A142FB-5E74-48C0-A5BE-A80336F4C06C}.Ad-Hoc|x64.Build.0 = Release|x64
		{D8A142FB-5E74-48C0-A5BE-A80336F4C06C}.Ad-Hoc|x64.Deploy.0 = Release|x64
		{D8A142FB-5E74-48C0-A5BE-A80336F4C06C}.Ad-Hoc|x86.ActiveCfg = Release|x86
		{D8A142FB-5E74-48C0-A5BE-A80336F4C06C}.Ad-Hoc|x86.Build.0 = Release|x86
		{D8A142FB-5E74-48C0-A5BE-A80336F4C06C}.Ad-Hoc|x86.Deploy.0 = Release|x86
		{D8A142FB-5E74-48C0-A5BE-A80336F4C06C}.AppStore|Any CPU.ActiveCfg = Release|x86
		{D8A142FB-5E74-48C0-A5BE-A80336F4C06C}.AppStore|Any CPU.Build.0 = Release|x86
		{D8A142FB-5E74-48C0-A5BE-A80336F4C06C}.AppStore|Any CPU.Deploy.0 = Release|x86
		{D8A142FB-5E74-48C0-A5BE-A80336F4C06C}.AppStore|ARM.ActiveCfg = Release|ARM
		{D8A142FB-5E74-48C0-A5BE-A80336F4C06C}.AppStore|ARM.Build.0 = Release|ARM
		{D8A142FB-5E74-48C0-A5BE-A80336F4C06C}.AppStore|ARM.Deploy.0 = Release|ARM
		{D8A142FB-5E74-48C0-A5BE-A80336F4C06C}.AppStore|iPhone.ActiveCfg = Release|x86
		{D8A142FB-5E74-48C0-A5BE-A80336F4C06C}.AppStore|iPhone.Build.0 = Release|x86
		{D8A142FB-5E74-48C0-A5BE-A80336F4C06C}.AppStore|iPhone.Deploy.0 = Release|x86
		{D8A142FB-5E74-48C0-A5BE-A80336F4C06C}.AppStore|iPhoneSimulator.ActiveCfg = Release|x86
		{D8A142FB-5E74-48C0-A5BE-A80336F4C06C}.AppStore|iPhoneSimulator.Build.0 = Release|x86
		{D8A142FB-5E74-48C0-A5BE-A80336F4C06C}.AppStore|iPhoneSimulator.Deploy.0 = Release|x86
		{D8A142FB-5E74-48C0-A5BE-A80336F4C06C}.AppStore|x64.ActiveCfg = Release|x64
		{D8A142FB-5E74-48C0-A5BE-A80336F4C06C}.AppStore|x64.Build.0 = Release|x64
		{D8A142FB-5E74-48C0-A5BE-A80336F4C06C}.AppStore|x64.Deploy.0 = Release|x64
		{D8A142FB-5E74-48C0-A5BE-A80336F4C06C}.AppStore|x86.ActiveCfg = Release|x86
		{D8A142FB-5E74-48C0-A5BE-A80336F4C06C}.AppStore|x86.Build.0 = Release|x86
		{D8A142FB-5E74-48C0-A5BE-A80336F4C06C}.AppStore|x86.Deploy.0 = Release|x86
		{D8A142FB-5E74-48C0-A5BE-A80336F4C06C}.Debug|Any CPU.ActiveCfg = Debug|x86
		{D8A142FB-5E74-48C0-A5BE-A80336F4C06C}.Debug|ARM.ActiveCfg = Debug|ARM
		{D8A142FB-5E74-48C0-A5BE-A80336F4C06C}.Debug|ARM.Build.0 = Debug|ARM
		{D8A142FB-5E74-48C0-A5BE-A80336F4C06C}.Debug|ARM.Deploy.0 = Debug|ARM
		{D8A142FB-5E74-48C0-A5BE-A80336F4C06C}.Debug|iPhone.ActiveCfg = Debug|x86
		{D8A142FB-5E74-48C0-A5BE-A80336F4C06C}.Debug|iPhoneSimulator.ActiveCfg = Debug|x86
		{D8A142FB-5E74-48C0-A5BE-A80336F4C06C}.Debug|x64.ActiveCfg = Debug|x64
		{D8A142FB-5E74-48C0-A5BE-A80336F4C06C}.Debug|x64.Build.0 = Debug|x64
		{D8A142FB-5E74-48C0-A5BE-A80336F4C06C}.Debug|x64.Deploy.0 = Debug|x64
		{D8A142FB-5E74-48C0-A5BE-A80336F4C06C}.Debug|x86.ActiveCfg = Debug|x86
		{D8A142FB-5E74-48C0-A5BE-A80336F4C06C}.Debug|x86.Build.0 = Debug|x86
		{D8A142FB-5E74-48C0-A5BE-A80336F4C06C}.Debug|x86.Deploy.0 = Debug|x86
		{D8A142FB-5E74-48C0-A5BE-A80336F4C06C}.Release|Any CPU.ActiveCfg = Release|x86
		{D8A142FB-5E74-48C0-A5BE-A80336F4C06C}.Release|ARM.ActiveCfg = Release|ARM
		{D8A142FB-5E74-48C0-A5BE-A80336F4C06C}.Release|ARM.Build.0 = Release|ARM
		{D8A142FB-5E74-48C0-A5BE-A80336F4C06C}.Release|ARM.Deploy.0 = Release|ARM
		{D8A142FB-5E74-48C0-A5BE-A80336F4C06C}.Release|iPhone.ActiveCfg = Release|x86
		{D8A142FB-5E74-48C0-A5BE-A80336F4C06C}.Release|iPhoneSimulator.ActiveCfg = Release|x86
		{D8A142FB-5E74-48C0-A5BE-A80336F4C06C}.Release|x64.ActiveCfg = Release|x64
		{D8A142FB-5E74-48C0-A5BE-A80336F4C06C}.Release|x64.Build.0 = Release|x64
		{D8A142FB-5E74-48C0-A5BE-A80336F4C06C}.Release|x64.Deploy.0 = Release|x64
		{D8A142FB-5E74-48C0-A5BE-A80336F4C06C}.Release|x86.ActiveCfg = Release|x86
		{D8A142FB-5E74-48C0-A5BE-A80336F4C06C}.Release|x86.Build.0 = Release|x86
		{D8A142FB-5E74-48C0-A5BE-A80336F4C06C}.Release|x86.Deploy.0 = Release|x86
		{A5FA7313-E7D6-4005-968D-8D626BDFCED7}.Ad-Hoc|Any CPU.ActiveCfg = Debug|Any CPU
		{A5FA7313-E7D6-4005-968D-8D626BDFCED7}.Ad-Hoc|Any CPU.Build.0 = Debug|Any CPU
		{A5FA7313-E7D6-4005-968D-8D626BDFCED7}.Ad-Hoc|ARM.ActiveCfg = Debug|Any CPU
		{A5FA7313-E7D6-4005-968D-8D626BDFCED7}.Ad-Hoc|ARM.Build.0 = Debug|Any CPU
		{A5FA7313-E7D6-4005-968D-8D626BDFCED7}.Ad-Hoc|iPhone.ActiveCfg = Debug|Any CPU
		{A5FA7313-E7D6-4005-968D-8D626BDFCED7}.Ad-Hoc|iPhone.Build.0 = Debug|Any CPU
		{A5FA7313-E7D6-4005-968D-8D626BDFCED7}.Ad-Hoc|iPhoneSimulator.ActiveCfg = Debug|Any CPU
		{A5FA7313-E7D6-4005-968D-8D626BDFCED7}.Ad-Hoc|iPhoneSimulator.Build.0 = Debug|Any CPU
		{A5FA7313-E7D6-4005-968D-8D626BDFCED7}.Ad-Hoc|x64.ActiveCfg = Debug|Any CPU
		{A5FA7313-E7D6-4005-968D-8D626BDFCED7}.Ad-Hoc|x64.Build.0 = Debug|Any CPU
		{A5FA7313-E7D6-4005-968D-8D626BDFCED7}.Ad-Hoc|x86.ActiveCfg = Debug|Any CPU
		{A5FA7313-E7D6-4005-968D-8D626BDFCED7}.Ad-Hoc|x86.Build.0 = Debug|Any CPU
		{A5FA7313-E7D6-4005-968D-8D626BDFCED7}.AppStore|Any CPU.ActiveCfg = Debug|Any CPU
		{A5FA7313-E7D6-4005-968D-8D626BDFCED7}.AppStore|Any CPU.Build.0 = Debug|Any CPU
		{A5FA7313-E7D6-4005-968D-8D626BDFCED7}.AppStore|ARM.ActiveCfg = Debug|Any CPU
		{A5FA7313-E7D6-4005-968D-8D626BDFCED7}.AppStore|ARM.Build.0 = Debug|Any CPU
		{A5FA7313-E7D6-4005-968D-8D626BDFCED7}.AppStore|iPhone.ActiveCfg = Debug|Any CPU
		{A5FA7313-E7D6-4005-968D-8D626BDFCED7}.AppStore|iPhone.Build.0 = Debug|Any CPU
		{A5FA7313-E7D6-4005-968D-8D626BDFCED7}.AppStore|iPhoneSimulator.ActiveCfg = Debug|Any CPU
		{A5FA7313-E7D6-4005-968D-8D626BDFCED7}.AppStore|iPhoneSimulator.Build.0 = Debug|Any CPU
		{A5FA7313-E7D6-4005-968D-8D626BDFCED7}.AppStore|x64.ActiveCfg = Debug|Any CPU
		{A5FA7313-E7D6-4005-968D-8D626BDFCED7}.AppStore|x64.Build.0 = Debug|Any CPU
		{A5FA7313-E7D6-4005-968D-8D626BDFCED7}.AppStore|x86.ActiveCfg = Debug|Any CPU
		{A5FA7313-E7D6-4005-968D-8D626BDFCED7}.AppStore|x86.Build.0 = Debug|Any CPU
		{A5FA7313-E7D6-4005-968D-8D626BDFCED7}.Debug|Any CPU.ActiveCfg = Debug|Any CPU
		{A5FA7313-E7D6-4005-968D-8D626BDFCED7}.Debug|Any CPU.Build.0 = Debug|Any CPU
		{A5FA7313-E7D6-4005-968D-8D626BDFCED7}.Debug|ARM.ActiveCfg = Debug|Any CPU
		{A5FA7313-E7D6-4005-968D-8D626BDFCED7}.Debug|ARM.Build.0 = Debug|Any CPU
		{A5FA7313-E7D6-4005-968D-8D626BDFCED7}.Debug|iPhone.ActiveCfg = Debug|Any CPU
		{A5FA7313-E7D6-4005-968D-8D626BDFCED7}.Debug|iPhone.Build.0 = Debug|Any CPU
		{A5FA7313-E7D6-4005-968D-8D626BDFCED7}.Debug|iPhoneSimulator.ActiveCfg = Debug|Any CPU
		{A5FA7313-E7D6-4005-968D-8D626BDFCED7}.Debug|iPhoneSimulator.Build.0 = Debug|Any CPU
		{A5FA7313-E7D6-4005-968D-8D626BDFCED7}.Debug|x64.ActiveCfg = Debug|Any CPU
		{A5FA7313-E7D6-4005-968D-8D626BDFCED7}.Debug|x64.Build.0 = Debug|Any CPU
		{A5FA7313-E7D6-4005-968D-8D626BDFCED7}.Debug|x86.ActiveCfg = Debug|Any CPU
		{A5FA7313-E7D6-4005-968D-8D626BDFCED7}.Debug|x86.Build.0 = Debug|Any CPU
		{A5FA7313-E7D6-4005-968D-8D626BDFCED7}.Release|Any CPU.ActiveCfg = Release|Any CPU
		{A5FA7313-E7D6-4005-968D-8D626BDFCED7}.Release|Any CPU.Build.0 = Release|Any CPU
		{A5FA7313-E7D6-4005-968D-8D626BDFCED7}.Release|ARM.ActiveCfg = Release|Any CPU
		{A5FA7313-E7D6-4005-968D-8D626BDFCED7}.Release|ARM.Build.0 = Release|Any CPU
		{A5FA7313-E7D6-4005-968D-8D626BDFCED7}.Release|iPhone.ActiveCfg = Release|Any CPU
		{A5FA7313-E7D6-4005-968D-8D626BDFCED7}.Release|iPhone.Build.0 = Release|Any CPU
		{A5FA7313-E7D6-4005-968D-8D626BDFCED7}.Release|iPhoneSimulator.ActiveCfg = Release|Any CPU
		{A5FA7313-E7D6-4005-968D-8D626BDFCED7}.Release|iPhoneSimulator.Build.0 = Release|Any CPU
		{A5FA7313-E7D6-4005-968D-8D626BDFCED7}.Release|x64.ActiveCfg = Release|Any CPU
		{A5FA7313-E7D6-4005-968D-8D626BDFCED7}.Release|x64.Build.0 = Release|Any CPU
		{A5FA7313-E7D6-4005-968D-8D626BDFCED7}.Release|x86.ActiveCfg = Release|Any CPU
		{A5FA7313-E7D6-4005-968D-8D626BDFCED7}.Release|x86.Build.0 = Release|Any CPU
		{9EDCE8FB-D61A-4BEC-84D3-22297CDA956B}.Ad-Hoc|Any CPU.ActiveCfg = Debug|Any CPU
		{9EDCE8FB-D61A-4BEC-84D3-22297CDA956B}.Ad-Hoc|Any CPU.Build.0 = Debug|Any CPU
		{9EDCE8FB-D61A-4BEC-84D3-22297CDA956B}.Ad-Hoc|ARM.ActiveCfg = Debug|Any CPU
		{9EDCE8FB-D61A-4BEC-84D3-22297CDA956B}.Ad-Hoc|ARM.Build.0 = Debug|Any CPU
		{9EDCE8FB-D61A-4BEC-84D3-22297CDA956B}.Ad-Hoc|iPhone.ActiveCfg = Debug|Any CPU
		{9EDCE8FB-D61A-4BEC-84D3-22297CDA956B}.Ad-Hoc|iPhone.Build.0 = Debug|Any CPU
		{9EDCE8FB-D61A-4BEC-84D3-22297CDA956B}.Ad-Hoc|iPhoneSimulator.ActiveCfg = Debug|Any CPU
		{9EDCE8FB-D61A-4BEC-84D3-22297CDA956B}.Ad-Hoc|iPhoneSimulator.Build.0 = Debug|Any CPU
		{9EDCE8FB-D61A-4BEC-84D3-22297CDA956B}.Ad-Hoc|x64.ActiveCfg = Debug|Any CPU
		{9EDCE8FB-D61A-4BEC-84D3-22297CDA956B}.Ad-Hoc|x64.Build.0 = Debug|Any CPU
		{9EDCE8FB-D61A-4BEC-84D3-22297CDA956B}.Ad-Hoc|x86.ActiveCfg = Debug|Any CPU
		{9EDCE8FB-D61A-4BEC-84D3-22297CDA956B}.Ad-Hoc|x86.Build.0 = Debug|Any CPU
		{9EDCE8FB-D61A-4BEC-84D3-22297CDA956B}.AppStore|Any CPU.ActiveCfg = Debug|Any CPU
		{9EDCE8FB-D61A-4BEC-84D3-22297CDA956B}.AppStore|Any CPU.Build.0 = Debug|Any CPU
		{9EDCE8FB-D61A-4BEC-84D3-22297CDA956B}.AppStore|ARM.ActiveCfg = Debug|Any CPU
		{9EDCE8FB-D61A-4BEC-84D3-22297CDA956B}.AppStore|ARM.Build.0 = Debug|Any CPU
		{9EDCE8FB-D61A-4BEC-84D3-22297CDA956B}.AppStore|iPhone.ActiveCfg = Debug|Any CPU
		{9EDCE8FB-D61A-4BEC-84D3-22297CDA956B}.AppStore|iPhone.Build.0 = Debug|Any CPU
		{9EDCE8FB-D61A-4BEC-84D3-22297CDA956B}.AppStore|iPhoneSimulator.ActiveCfg = Debug|Any CPU
		{9EDCE8FB-D61A-4BEC-84D3-22297CDA956B}.AppStore|iPhoneSimulator.Build.0 = Debug|Any CPU
		{9EDCE8FB-D61A-4BEC-84D3-22297CDA956B}.AppStore|x64.ActiveCfg = Debug|Any CPU
		{9EDCE8FB-D61A-4BEC-84D3-22297CDA956B}.AppStore|x64.Build.0 = Debug|Any CPU
		{9EDCE8FB-D61A-4BEC-84D3-22297CDA956B}.AppStore|x86.ActiveCfg = Debug|Any CPU
		{9EDCE8FB-D61A-4BEC-84D3-22297CDA956B}.AppStore|x86.Build.0 = Debug|Any CPU
		{9EDCE8FB-D61A-4BEC-84D3-22297CDA956B}.Debug|Any CPU.ActiveCfg = Debug|Any CPU
		{9EDCE8FB-D61A-4BEC-84D3-22297CDA956B}.Debug|Any CPU.Build.0 = Debug|Any CPU
		{9EDCE8FB-D61A-4BEC-84D3-22297CDA956B}.Debug|ARM.ActiveCfg = Debug|Any CPU
		{9EDCE8FB-D61A-4BEC-84D3-22297CDA956B}.Debug|ARM.Build.0 = Debug|Any CPU
		{9EDCE8FB-D61A-4BEC-84D3-22297CDA956B}.Debug|iPhone.ActiveCfg = Debug|Any CPU
		{9EDCE8FB-D61A-4BEC-84D3-22297CDA956B}.Debug|iPhone.Build.0 = Debug|Any CPU
		{9EDCE8FB-D61A-4BEC-84D3-22297CDA956B}.Debug|iPhoneSimulator.ActiveCfg = Debug|Any CPU
		{9EDCE8FB-D61A-4BEC-84D3-22297CDA956B}.Debug|iPhoneSimulator.Build.0 = Debug|Any CPU
		{9EDCE8FB-D61A-4BEC-84D3-22297CDA956B}.Debug|x64.ActiveCfg = Debug|Any CPU
		{9EDCE8FB-D61A-4BEC-84D3-22297CDA956B}.Debug|x64.Build.0 = Debug|Any CPU
		{9EDCE8FB-D61A-4BEC-84D3-22297CDA956B}.Debug|x86.ActiveCfg = Debug|Any CPU
		{9EDCE8FB-D61A-4BEC-84D3-22297CDA956B}.Debug|x86.Build.0 = Debug|Any CPU
		{9EDCE8FB-D61A-4BEC-84D3-22297CDA956B}.Release|Any CPU.ActiveCfg = Release|Any CPU
		{9EDCE8FB-D61A-4BEC-84D3-22297CDA956B}.Release|Any CPU.Build.0 = Release|Any CPU
		{9EDCE8FB-D61A-4BEC-84D3-22297CDA956B}.Release|ARM.ActiveCfg = Release|Any CPU
		{9EDCE8FB-D61A-4BEC-84D3-22297CDA956B}.Release|ARM.Build.0 = Release|Any CPU
		{9EDCE8FB-D61A-4BEC-84D3-22297CDA956B}.Release|iPhone.ActiveCfg = Release|Any CPU
		{9EDCE8FB-D61A-4BEC-84D3-22297CDA956B}.Release|iPhone.Build.0 = Release|Any CPU
		{9EDCE8FB-D61A-4BEC-84D3-22297CDA956B}.Release|iPhoneSimulator.ActiveCfg = Release|Any CPU
		{9EDCE8FB-D61A-4BEC-84D3-22297CDA956B}.Release|iPhoneSimulator.Build.0 = Release|Any CPU
		{9EDCE8FB-D61A-4BEC-84D3-22297CDA956B}.Release|x64.ActiveCfg = Release|Any CPU
		{9EDCE8FB-D61A-4BEC-84D3-22297CDA956B}.Release|x64.Build.0 = Release|Any CPU
		{9EDCE8FB-D61A-4BEC-84D3-22297CDA956B}.Release|x86.ActiveCfg = Release|Any CPU
		{9EDCE8FB-D61A-4BEC-84D3-22297CDA956B}.Release|x86.Build.0 = Release|Any CPU
		{355EA074-EA92-4730-BD45-58A0E897FD91}.Ad-Hoc|Any CPU.ActiveCfg = Debug|Any CPU
		{355EA074-EA92-4730-BD45-58A0E897FD91}.Ad-Hoc|Any CPU.Build.0 = Debug|Any CPU
		{355EA074-EA92-4730-BD45-58A0E897FD91}.Ad-Hoc|ARM.ActiveCfg = Debug|Any CPU
		{355EA074-EA92-4730-BD45-58A0E897FD91}.Ad-Hoc|ARM.Build.0 = Debug|Any CPU
		{355EA074-EA92-4730-BD45-58A0E897FD91}.Ad-Hoc|iPhone.ActiveCfg = Debug|Any CPU
		{355EA074-EA92-4730-BD45-58A0E897FD91}.Ad-Hoc|iPhone.Build.0 = Debug|Any CPU
		{355EA074-EA92-4730-BD45-58A0E897FD91}.Ad-Hoc|iPhoneSimulator.ActiveCfg = Debug|Any CPU
		{355EA074-EA92-4730-BD45-58A0E897FD91}.Ad-Hoc|iPhoneSimulator.Build.0 = Debug|Any CPU
		{355EA074-EA92-4730-BD45-58A0E897FD91}.Ad-Hoc|x64.ActiveCfg = Debug|Any CPU
		{355EA074-EA92-4730-BD45-58A0E897FD91}.Ad-Hoc|x64.Build.0 = Debug|Any CPU
		{355EA074-EA92-4730-BD45-58A0E897FD91}.Ad-Hoc|x86.ActiveCfg = Debug|Any CPU
		{355EA074-EA92-4730-BD45-58A0E897FD91}.Ad-Hoc|x86.Build.0 = Debug|Any CPU
		{355EA074-EA92-4730-BD45-58A0E897FD91}.AppStore|Any CPU.ActiveCfg = Debug|Any CPU
		{355EA074-EA92-4730-BD45-58A0E897FD91}.AppStore|Any CPU.Build.0 = Debug|Any CPU
		{355EA074-EA92-4730-BD45-58A0E897FD91}.AppStore|ARM.ActiveCfg = Debug|Any CPU
		{355EA074-EA92-4730-BD45-58A0E897FD91}.AppStore|ARM.Build.0 = Debug|Any CPU
		{355EA074-EA92-4730-BD45-58A0E897FD91}.AppStore|iPhone.ActiveCfg = Debug|Any CPU
		{355EA074-EA92-4730-BD45-58A0E897FD91}.AppStore|iPhone.Build.0 = Debug|Any CPU
		{355EA074-EA92-4730-BD45-58A0E897FD91}.AppStore|iPhoneSimulator.ActiveCfg = Debug|Any CPU
		{355EA074-EA92-4730-BD45-58A0E897FD91}.AppStore|iPhoneSimulator.Build.0 = Debug|Any CPU
		{355EA074-EA92-4730-BD45-58A0E897FD91}.AppStore|x64.ActiveCfg = Debug|Any CPU
		{355EA074-EA92-4730-BD45-58A0E897FD91}.AppStore|x64.Build.0 = Debug|Any CPU
		{355EA074-EA92-4730-BD45-58A0E897FD91}.AppStore|x86.ActiveCfg = Debug|Any CPU
		{355EA074-EA92-4730-BD45-58A0E897FD91}.AppStore|x86.Build.0 = Debug|Any CPU
		{355EA074-EA92-4730-BD45-58A0E897FD91}.Debug|Any CPU.ActiveCfg = Debug|Any CPU
		{355EA074-EA92-4730-BD45-58A0E897FD91}.Debug|Any CPU.Build.0 = Debug|Any CPU
		{355EA074-EA92-4730-BD45-58A0E897FD91}.Debug|ARM.ActiveCfg = Debug|Any CPU
		{355EA074-EA92-4730-BD45-58A0E897FD91}.Debug|ARM.Build.0 = Debug|Any CPU
		{355EA074-EA92-4730-BD45-58A0E897FD91}.Debug|iPhone.ActiveCfg = Debug|Any CPU
		{355EA074-EA92-4730-BD45-58A0E897FD91}.Debug|iPhone.Build.0 = Debug|Any CPU
		{355EA074-EA92-4730-BD45-58A0E897FD91}.Debug|iPhoneSimulator.ActiveCfg = Debug|Any CPU
		{355EA074-EA92-4730-BD45-58A0E897FD91}.Debug|iPhoneSimulator.Build.0 = Debug|Any CPU
		{355EA074-EA92-4730-BD45-58A0E897FD91}.Debug|x64.ActiveCfg = Debug|Any CPU
		{355EA074-EA92-4730-BD45-58A0E897FD91}.Debug|x64.Build.0 = Debug|Any CPU
		{355EA074-EA92-4730-BD45-58A0E897FD91}.Debug|x86.ActiveCfg = Debug|Any CPU
		{355EA074-EA92-4730-BD45-58A0E897FD91}.Debug|x86.Build.0 = Debug|Any CPU
		{355EA074-EA92-4730-BD45-58A0E897FD91}.Release|Any CPU.ActiveCfg = Release|Any CPU
		{355EA074-EA92-4730-BD45-58A0E897FD91}.Release|Any CPU.Build.0 = Release|Any CPU
		{355EA074-EA92-4730-BD45-58A0E897FD91}.Release|ARM.ActiveCfg = Release|Any CPU
		{355EA074-EA92-4730-BD45-58A0E897FD91}.Release|ARM.Build.0 = Release|Any CPU
		{355EA074-EA92-4730-BD45-58A0E897FD91}.Release|iPhone.ActiveCfg = Release|Any CPU
		{355EA074-EA92-4730-BD45-58A0E897FD91}.Release|iPhone.Build.0 = Release|Any CPU
		{355EA074-EA92-4730-BD45-58A0E897FD91}.Release|iPhoneSimulator.ActiveCfg = Release|Any CPU
		{355EA074-EA92-4730-BD45-58A0E897FD91}.Release|iPhoneSimulator.Build.0 = Release|Any CPU
		{355EA074-EA92-4730-BD45-58A0E897FD91}.Release|x64.ActiveCfg = Release|Any CPU
		{355EA074-EA92-4730-BD45-58A0E897FD91}.Release|x64.Build.0 = Release|Any CPU
		{355EA074-EA92-4730-BD45-58A0E897FD91}.Release|x86.ActiveCfg = Release|Any CPU
		{355EA074-EA92-4730-BD45-58A0E897FD91}.Release|x86.Build.0 = Release|Any CPU
		{1C21E8A7-FF6F-4F04-BC4B-E24FC775A49B}.Ad-Hoc|Any CPU.ActiveCfg = Debug|Any CPU
		{1C21E8A7-FF6F-4F04-BC4B-E24FC775A49B}.Ad-Hoc|Any CPU.Build.0 = Debug|Any CPU
		{1C21E8A7-FF6F-4F04-BC4B-E24FC775A49B}.Ad-Hoc|ARM.ActiveCfg = Debug|Any CPU
		{1C21E8A7-FF6F-4F04-BC4B-E24FC775A49B}.Ad-Hoc|ARM.Build.0 = Debug|Any CPU
		{1C21E8A7-FF6F-4F04-BC4B-E24FC775A49B}.Ad-Hoc|iPhone.ActiveCfg = Debug|Any CPU
		{1C21E8A7-FF6F-4F04-BC4B-E24FC775A49B}.Ad-Hoc|iPhone.Build.0 = Debug|Any CPU
		{1C21E8A7-FF6F-4F04-BC4B-E24FC775A49B}.Ad-Hoc|iPhoneSimulator.ActiveCfg = Debug|Any CPU
		{1C21E8A7-FF6F-4F04-BC4B-E24FC775A49B}.Ad-Hoc|iPhoneSimulator.Build.0 = Debug|Any CPU
		{1C21E8A7-FF6F-4F04-BC4B-E24FC775A49B}.Ad-Hoc|x64.ActiveCfg = Debug|Any CPU
		{1C21E8A7-FF6F-4F04-BC4B-E24FC775A49B}.Ad-Hoc|x64.Build.0 = Debug|Any CPU
		{1C21E8A7-FF6F-4F04-BC4B-E24FC775A49B}.Ad-Hoc|x86.ActiveCfg = Debug|Any CPU
		{1C21E8A7-FF6F-4F04-BC4B-E24FC775A49B}.Ad-Hoc|x86.Build.0 = Debug|Any CPU
		{1C21E8A7-FF6F-4F04-BC4B-E24FC775A49B}.AppStore|Any CPU.ActiveCfg = Debug|Any CPU
		{1C21E8A7-FF6F-4F04-BC4B-E24FC775A49B}.AppStore|Any CPU.Build.0 = Debug|Any CPU
		{1C21E8A7-FF6F-4F04-BC4B-E24FC775A49B}.AppStore|ARM.ActiveCfg = Debug|Any CPU
		{1C21E8A7-FF6F-4F04-BC4B-E24FC775A49B}.AppStore|ARM.Build.0 = Debug|Any CPU
		{1C21E8A7-FF6F-4F04-BC4B-E24FC775A49B}.AppStore|iPhone.ActiveCfg = Debug|Any CPU
		{1C21E8A7-FF6F-4F04-BC4B-E24FC775A49B}.AppStore|iPhone.Build.0 = Debug|Any CPU
		{1C21E8A7-FF6F-4F04-BC4B-E24FC775A49B}.AppStore|iPhoneSimulator.ActiveCfg = Debug|Any CPU
		{1C21E8A7-FF6F-4F04-BC4B-E24FC775A49B}.AppStore|iPhoneSimulator.Build.0 = Debug|Any CPU
		{1C21E8A7-FF6F-4F04-BC4B-E24FC775A49B}.AppStore|x64.ActiveCfg = Debug|Any CPU
		{1C21E8A7-FF6F-4F04-BC4B-E24FC775A49B}.AppStore|x64.Build.0 = Debug|Any CPU
		{1C21E8A7-FF6F-4F04-BC4B-E24FC775A49B}.AppStore|x86.ActiveCfg = Debug|Any CPU
		{1C21E8A7-FF6F-4F04-BC4B-E24FC775A49B}.AppStore|x86.Build.0 = Debug|Any CPU
		{1C21E8A7-FF6F-4F04-BC4B-E24FC775A49B}.Debug|Any CPU.ActiveCfg = Debug|Any CPU
		{1C21E8A7-FF6F-4F04-BC4B-E24FC775A49B}.Debug|Any CPU.Build.0 = Debug|Any CPU
		{1C21E8A7-FF6F-4F04-BC4B-E24FC775A49B}.Debug|ARM.ActiveCfg = Debug|Any CPU
		{1C21E8A7-FF6F-4F04-BC4B-E24FC775A49B}.Debug|ARM.Build.0 = Debug|Any CPU
		{1C21E8A7-FF6F-4F04-BC4B-E24FC775A49B}.Debug|iPhone.ActiveCfg = Debug|Any CPU
		{1C21E8A7-FF6F-4F04-BC4B-E24FC775A49B}.Debug|iPhone.Build.0 = Debug|Any CPU
		{1C21E8A7-FF6F-4F04-BC4B-E24FC775A49B}.Debug|iPhoneSimulator.ActiveCfg = Debug|Any CPU
		{1C21E8A7-FF6F-4F04-BC4B-E24FC775A49B}.Debug|iPhoneSimulator.Build.0 = Debug|Any CPU
		{1C21E8A7-FF6F-4F04-BC4B-E24FC775A49B}.Debug|x64.ActiveCfg = Debug|Any CPU
		{1C21E8A7-FF6F-4F04-BC4B-E24FC775A49B}.Debug|x64.Build.0 = Debug|Any CPU
		{1C21E8A7-FF6F-4F04-BC4B-E24FC775A49B}.Debug|x86.ActiveCfg = Debug|Any CPU
		{1C21E8A7-FF6F-4F04-BC4B-E24FC775A49B}.Debug|x86.Build.0 = Debug|Any CPU
		{1C21E8A7-FF6F-4F04-BC4B-E24FC775A49B}.Release|Any CPU.ActiveCfg = Release|Any CPU
		{1C21E8A7-FF6F-4F04-BC4B-E24FC775A49B}.Release|Any CPU.Build.0 = Release|Any CPU
		{1C21E8A7-FF6F-4F04-BC4B-E24FC775A49B}.Release|ARM.ActiveCfg = Release|Any CPU
		{1C21E8A7-FF6F-4F04-BC4B-E24FC775A49B}.Release|ARM.Build.0 = Release|Any CPU
		{1C21E8A7-FF6F-4F04-BC4B-E24FC775A49B}.Release|iPhone.ActiveCfg = Release|Any CPU
		{1C21E8A7-FF6F-4F04-BC4B-E24FC775A49B}.Release|iPhone.Build.0 = Release|Any CPU
		{1C21E8A7-FF6F-4F04-BC4B-E24FC775A49B}.Release|iPhoneSimulator.ActiveCfg = Release|Any CPU
		{1C21E8A7-FF6F-4F04-BC4B-E24FC775A49B}.Release|iPhoneSimulator.Build.0 = Release|Any CPU
		{1C21E8A7-FF6F-4F04-BC4B-E24FC775A49B}.Release|x64.ActiveCfg = Release|Any CPU
		{1C21E8A7-FF6F-4F04-BC4B-E24FC775A49B}.Release|x64.Build.0 = Release|Any CPU
		{1C21E8A7-FF6F-4F04-BC4B-E24FC775A49B}.Release|x86.ActiveCfg = Release|Any CPU
		{1C21E8A7-FF6F-4F04-BC4B-E24FC775A49B}.Release|x86.Build.0 = Release|Any CPU
		{98D3B378-B609-45C1-8A4B-6B76E28C30E4}.Ad-Hoc|Any CPU.ActiveCfg = Release|Any CPU
		{98D3B378-B609-45C1-8A4B-6B76E28C30E4}.Ad-Hoc|Any CPU.Build.0 = Release|Any CPU
		{98D3B378-B609-45C1-8A4B-6B76E28C30E4}.Ad-Hoc|ARM.ActiveCfg = Release|Any CPU
		{98D3B378-B609-45C1-8A4B-6B76E28C30E4}.Ad-Hoc|ARM.Build.0 = Release|Any CPU
		{98D3B378-B609-45C1-8A4B-6B76E28C30E4}.Ad-Hoc|iPhone.ActiveCfg = Release|Any CPU
		{98D3B378-B609-45C1-8A4B-6B76E28C30E4}.Ad-Hoc|iPhone.Build.0 = Release|Any CPU
		{98D3B378-B609-45C1-8A4B-6B76E28C30E4}.Ad-Hoc|iPhoneSimulator.ActiveCfg = Release|Any CPU
		{98D3B378-B609-45C1-8A4B-6B76E28C30E4}.Ad-Hoc|iPhoneSimulator.Build.0 = Release|Any CPU
		{98D3B378-B609-45C1-8A4B-6B76E28C30E4}.Ad-Hoc|x64.ActiveCfg = Release|Any CPU
		{98D3B378-B609-45C1-8A4B-6B76E28C30E4}.Ad-Hoc|x64.Build.0 = Release|Any CPU
		{98D3B378-B609-45C1-8A4B-6B76E28C30E4}.Ad-Hoc|x86.ActiveCfg = Release|Any CPU
		{98D3B378-B609-45C1-8A4B-6B76E28C30E4}.Ad-Hoc|x86.Build.0 = Release|Any CPU
		{98D3B378-B609-45C1-8A4B-6B76E28C30E4}.AppStore|Any CPU.ActiveCfg = Release|Any CPU
		{98D3B378-B609-45C1-8A4B-6B76E28C30E4}.AppStore|Any CPU.Build.0 = Release|Any CPU
		{98D3B378-B609-45C1-8A4B-6B76E28C30E4}.AppStore|ARM.ActiveCfg = Release|Any CPU
		{98D3B378-B609-45C1-8A4B-6B76E28C30E4}.AppStore|ARM.Build.0 = Release|Any CPU
		{98D3B378-B609-45C1-8A4B-6B76E28C30E4}.AppStore|iPhone.ActiveCfg = Release|Any CPU
		{98D3B378-B609-45C1-8A4B-6B76E28C30E4}.AppStore|iPhone.Build.0 = Release|Any CPU
		{98D3B378-B609-45C1-8A4B-6B76E28C30E4}.AppStore|iPhoneSimulator.ActiveCfg = Release|Any CPU
		{98D3B378-B609-45C1-8A4B-6B76E28C30E4}.AppStore|iPhoneSimulator.Build.0 = Release|Any CPU
		{98D3B378-B609-45C1-8A4B-6B76E28C30E4}.AppStore|x64.ActiveCfg = Release|Any CPU
		{98D3B378-B609-45C1-8A4B-6B76E28C30E4}.AppStore|x64.Build.0 = Release|Any CPU
		{98D3B378-B609-45C1-8A4B-6B76E28C30E4}.AppStore|x86.ActiveCfg = Release|Any CPU
		{98D3B378-B609-45C1-8A4B-6B76E28C30E4}.AppStore|x86.Build.0 = Release|Any CPU
		{98D3B378-B609-45C1-8A4B-6B76E28C30E4}.Debug|Any CPU.ActiveCfg = Debug|Any CPU
		{98D3B378-B609-45C1-8A4B-6B76E28C30E4}.Debug|Any CPU.Build.0 = Debug|Any CPU
		{98D3B378-B609-45C1-8A4B-6B76E28C30E4}.Debug|ARM.ActiveCfg = Debug|Any CPU
		{98D3B378-B609-45C1-8A4B-6B76E28C30E4}.Debug|ARM.Build.0 = Debug|Any CPU
		{98D3B378-B609-45C1-8A4B-6B76E28C30E4}.Debug|iPhone.ActiveCfg = Debug|Any CPU
		{98D3B378-B609-45C1-8A4B-6B76E28C30E4}.Debug|iPhone.Build.0 = Debug|Any CPU
		{98D3B378-B609-45C1-8A4B-6B76E28C30E4}.Debug|iPhoneSimulator.ActiveCfg = Debug|Any CPU
		{98D3B378-B609-45C1-8A4B-6B76E28C30E4}.Debug|iPhoneSimulator.Build.0 = Debug|Any CPU
		{98D3B378-B609-45C1-8A4B-6B76E28C30E4}.Debug|x64.ActiveCfg = Debug|Any CPU
		{98D3B378-B609-45C1-8A4B-6B76E28C30E4}.Debug|x64.Build.0 = Debug|Any CPU
		{98D3B378-B609-45C1-8A4B-6B76E28C30E4}.Debug|x86.ActiveCfg = Debug|Any CPU
		{98D3B378-B609-45C1-8A4B-6B76E28C30E4}.Debug|x86.Build.0 = Debug|Any CPU
		{98D3B378-B609-45C1-8A4B-6B76E28C30E4}.Release|Any CPU.ActiveCfg = Release|Any CPU
		{98D3B378-B609-45C1-8A4B-6B76E28C30E4}.Release|Any CPU.Build.0 = Release|Any CPU
		{98D3B378-B609-45C1-8A4B-6B76E28C30E4}.Release|ARM.ActiveCfg = Release|Any CPU
		{98D3B378-B609-45C1-8A4B-6B76E28C30E4}.Release|ARM.Build.0 = Release|Any CPU
		{98D3B378-B609-45C1-8A4B-6B76E28C30E4}.Release|iPhone.ActiveCfg = Release|Any CPU
		{98D3B378-B609-45C1-8A4B-6B76E28C30E4}.Release|iPhone.Build.0 = Release|Any CPU
		{98D3B378-B609-45C1-8A4B-6B76E28C30E4}.Release|iPhoneSimulator.ActiveCfg = Release|Any CPU
		{98D3B378-B609-45C1-8A4B-6B76E28C30E4}.Release|iPhoneSimulator.Build.0 = Release|Any CPU
		{98D3B378-B609-45C1-8A4B-6B76E28C30E4}.Release|x64.ActiveCfg = Release|Any CPU
		{98D3B378-B609-45C1-8A4B-6B76E28C30E4}.Release|x64.Build.0 = Release|Any CPU
		{98D3B378-B609-45C1-8A4B-6B76E28C30E4}.Release|x86.ActiveCfg = Release|Any CPU
		{98D3B378-B609-45C1-8A4B-6B76E28C30E4}.Release|x86.Build.0 = Release|Any CPU
		{62F684CB-BDC3-4611-8F26-6FF0BCD426FD}.Ad-Hoc|Any CPU.ActiveCfg = Debug|Any CPU
		{62F684CB-BDC3-4611-8F26-6FF0BCD426FD}.Ad-Hoc|Any CPU.Build.0 = Debug|Any CPU
		{62F684CB-BDC3-4611-8F26-6FF0BCD426FD}.Ad-Hoc|ARM.ActiveCfg = Debug|Any CPU
		{62F684CB-BDC3-4611-8F26-6FF0BCD426FD}.Ad-Hoc|ARM.Build.0 = Debug|Any CPU
		{62F684CB-BDC3-4611-8F26-6FF0BCD426FD}.Ad-Hoc|iPhone.ActiveCfg = Debug|Any CPU
		{62F684CB-BDC3-4611-8F26-6FF0BCD426FD}.Ad-Hoc|iPhone.Build.0 = Debug|Any CPU
		{62F684CB-BDC3-4611-8F26-6FF0BCD426FD}.Ad-Hoc|iPhoneSimulator.ActiveCfg = Debug|Any CPU
		{62F684CB-BDC3-4611-8F26-6FF0BCD426FD}.Ad-Hoc|iPhoneSimulator.Build.0 = Debug|Any CPU
		{62F684CB-BDC3-4611-8F26-6FF0BCD426FD}.Ad-Hoc|x64.ActiveCfg = Debug|Any CPU
		{62F684CB-BDC3-4611-8F26-6FF0BCD426FD}.Ad-Hoc|x64.Build.0 = Debug|Any CPU
		{62F684CB-BDC3-4611-8F26-6FF0BCD426FD}.Ad-Hoc|x86.ActiveCfg = Debug|Any CPU
		{62F684CB-BDC3-4611-8F26-6FF0BCD426FD}.Ad-Hoc|x86.Build.0 = Debug|Any CPU
		{62F684CB-BDC3-4611-8F26-6FF0BCD426FD}.AppStore|Any CPU.ActiveCfg = Debug|Any CPU
		{62F684CB-BDC3-4611-8F26-6FF0BCD426FD}.AppStore|Any CPU.Build.0 = Debug|Any CPU
		{62F684CB-BDC3-4611-8F26-6FF0BCD426FD}.AppStore|ARM.ActiveCfg = Debug|Any CPU
		{62F684CB-BDC3-4611-8F26-6FF0BCD426FD}.AppStore|ARM.Build.0 = Debug|Any CPU
		{62F684CB-BDC3-4611-8F26-6FF0BCD426FD}.AppStore|iPhone.ActiveCfg = Debug|Any CPU
		{62F684CB-BDC3-4611-8F26-6FF0BCD426FD}.AppStore|iPhone.Build.0 = Debug|Any CPU
		{62F684CB-BDC3-4611-8F26-6FF0BCD426FD}.AppStore|iPhoneSimulator.ActiveCfg = Debug|Any CPU
		{62F684CB-BDC3-4611-8F26-6FF0BCD426FD}.AppStore|iPhoneSimulator.Build.0 = Debug|Any CPU
		{62F684CB-BDC3-4611-8F26-6FF0BCD426FD}.AppStore|x64.ActiveCfg = Debug|Any CPU
		{62F684CB-BDC3-4611-8F26-6FF0BCD426FD}.AppStore|x64.Build.0 = Debug|Any CPU
		{62F684CB-BDC3-4611-8F26-6FF0BCD426FD}.AppStore|x86.ActiveCfg = Debug|Any CPU
		{62F684CB-BDC3-4611-8F26-6FF0BCD426FD}.AppStore|x86.Build.0 = Debug|Any CPU
		{62F684CB-BDC3-4611-8F26-6FF0BCD426FD}.Debug|Any CPU.ActiveCfg = Debug|Any CPU
		{62F684CB-BDC3-4611-8F26-6FF0BCD426FD}.Debug|Any CPU.Build.0 = Debug|Any CPU
		{62F684CB-BDC3-4611-8F26-6FF0BCD426FD}.Debug|ARM.ActiveCfg = Debug|Any CPU
		{62F684CB-BDC3-4611-8F26-6FF0BCD426FD}.Debug|ARM.Build.0 = Debug|Any CPU
		{62F684CB-BDC3-4611-8F26-6FF0BCD426FD}.Debug|iPhone.ActiveCfg = Debug|Any CPU
		{62F684CB-BDC3-4611-8F26-6FF0BCD426FD}.Debug|iPhone.Build.0 = Debug|Any CPU
		{62F684CB-BDC3-4611-8F26-6FF0BCD426FD}.Debug|iPhoneSimulator.ActiveCfg = Debug|Any CPU
		{62F684CB-BDC3-4611-8F26-6FF0BCD426FD}.Debug|iPhoneSimulator.Build.0 = Debug|Any CPU
		{62F684CB-BDC3-4611-8F26-6FF0BCD426FD}.Debug|x64.ActiveCfg = Debug|Any CPU
		{62F684CB-BDC3-4611-8F26-6FF0BCD426FD}.Debug|x64.Build.0 = Debug|Any CPU
		{62F684CB-BDC3-4611-8F26-6FF0BCD426FD}.Debug|x86.ActiveCfg = Debug|Any CPU
		{62F684CB-BDC3-4611-8F26-6FF0BCD426FD}.Debug|x86.Build.0 = Debug|Any CPU
		{62F684CB-BDC3-4611-8F26-6FF0BCD426FD}.Release|Any CPU.ActiveCfg = Release|Any CPU
		{62F684CB-BDC3-4611-8F26-6FF0BCD426FD}.Release|Any CPU.Build.0 = Release|Any CPU
		{62F684CB-BDC3-4611-8F26-6FF0BCD426FD}.Release|ARM.ActiveCfg = Release|Any CPU
		{62F684CB-BDC3-4611-8F26-6FF0BCD426FD}.Release|ARM.Build.0 = Release|Any CPU
		{62F684CB-BDC3-4611-8F26-6FF0BCD426FD}.Release|iPhone.ActiveCfg = Release|Any CPU
		{62F684CB-BDC3-4611-8F26-6FF0BCD426FD}.Release|iPhone.Build.0 = Release|Any CPU
		{62F684CB-BDC3-4611-8F26-6FF0BCD426FD}.Release|iPhoneSimulator.ActiveCfg = Release|Any CPU
		{62F684CB-BDC3-4611-8F26-6FF0BCD426FD}.Release|iPhoneSimulator.Build.0 = Release|Any CPU
		{62F684CB-BDC3-4611-8F26-6FF0BCD426FD}.Release|x64.ActiveCfg = Release|Any CPU
		{62F684CB-BDC3-4611-8F26-6FF0BCD426FD}.Release|x64.Build.0 = Release|Any CPU
		{62F684CB-BDC3-4611-8F26-6FF0BCD426FD}.Release|x86.ActiveCfg = Release|Any CPU
		{62F684CB-BDC3-4611-8F26-6FF0BCD426FD}.Release|x86.Build.0 = Release|Any CPU
		{F80287A0-C9CE-4FCC-964A-91399AD507F6}.Ad-Hoc|Any CPU.ActiveCfg = Debug|Any CPU
		{F80287A0-C9CE-4FCC-964A-91399AD507F6}.Ad-Hoc|Any CPU.Build.0 = Debug|Any CPU
		{F80287A0-C9CE-4FCC-964A-91399AD507F6}.Ad-Hoc|ARM.ActiveCfg = Debug|Any CPU
		{F80287A0-C9CE-4FCC-964A-91399AD507F6}.Ad-Hoc|ARM.Build.0 = Debug|Any CPU
		{F80287A0-C9CE-4FCC-964A-91399AD507F6}.Ad-Hoc|iPhone.ActiveCfg = Debug|Any CPU
		{F80287A0-C9CE-4FCC-964A-91399AD507F6}.Ad-Hoc|iPhone.Build.0 = Debug|Any CPU
		{F80287A0-C9CE-4FCC-964A-91399AD507F6}.Ad-Hoc|iPhoneSimulator.ActiveCfg = Debug|Any CPU
		{F80287A0-C9CE-4FCC-964A-91399AD507F6}.Ad-Hoc|iPhoneSimulator.Build.0 = Debug|Any CPU
		{F80287A0-C9CE-4FCC-964A-91399AD507F6}.Ad-Hoc|x64.ActiveCfg = Debug|Any CPU
		{F80287A0-C9CE-4FCC-964A-91399AD507F6}.Ad-Hoc|x64.Build.0 = Debug|Any CPU
		{F80287A0-C9CE-4FCC-964A-91399AD507F6}.Ad-Hoc|x86.ActiveCfg = Debug|Any CPU
		{F80287A0-C9CE-4FCC-964A-91399AD507F6}.Ad-Hoc|x86.Build.0 = Debug|Any CPU
		{F80287A0-C9CE-4FCC-964A-91399AD507F6}.AppStore|Any CPU.ActiveCfg = Debug|Any CPU
		{F80287A0-C9CE-4FCC-964A-91399AD507F6}.AppStore|Any CPU.Build.0 = Debug|Any CPU
		{F80287A0-C9CE-4FCC-964A-91399AD507F6}.AppStore|ARM.ActiveCfg = Debug|Any CPU
		{F80287A0-C9CE-4FCC-964A-91399AD507F6}.AppStore|ARM.Build.0 = Debug|Any CPU
		{F80287A0-C9CE-4FCC-964A-91399AD507F6}.AppStore|iPhone.ActiveCfg = Debug|Any CPU
		{F80287A0-C9CE-4FCC-964A-91399AD507F6}.AppStore|iPhone.Build.0 = Debug|Any CPU
		{F80287A0-C9CE-4FCC-964A-91399AD507F6}.AppStore|iPhoneSimulator.ActiveCfg = Debug|Any CPU
		{F80287A0-C9CE-4FCC-964A-91399AD507F6}.AppStore|iPhoneSimulator.Build.0 = Debug|Any CPU
		{F80287A0-C9CE-4FCC-964A-91399AD507F6}.AppStore|x64.ActiveCfg = Debug|Any CPU
		{F80287A0-C9CE-4FCC-964A-91399AD507F6}.AppStore|x64.Build.0 = Debug|Any CPU
		{F80287A0-C9CE-4FCC-964A-91399AD507F6}.AppStore|x86.ActiveCfg = Debug|Any CPU
		{F80287A0-C9CE-4FCC-964A-91399AD507F6}.AppStore|x86.Build.0 = Debug|Any CPU
		{F80287A0-C9CE-4FCC-964A-91399AD507F6}.Debug|Any CPU.ActiveCfg = Debug|Any CPU
		{F80287A0-C9CE-4FCC-964A-91399AD507F6}.Debug|Any CPU.Build.0 = Debug|Any CPU
		{F80287A0-C9CE-4FCC-964A-91399AD507F6}.Debug|ARM.ActiveCfg = Debug|Any CPU
		{F80287A0-C9CE-4FCC-964A-91399AD507F6}.Debug|ARM.Build.0 = Debug|Any CPU
		{F80287A0-C9CE-4FCC-964A-91399AD507F6}.Debug|iPhone.ActiveCfg = Debug|Any CPU
		{F80287A0-C9CE-4FCC-964A-91399AD507F6}.Debug|iPhone.Build.0 = Debug|Any CPU
		{F80287A0-C9CE-4FCC-964A-91399AD507F6}.Debug|iPhoneSimulator.ActiveCfg = Debug|Any CPU
		{F80287A0-C9CE-4FCC-964A-91399AD507F6}.Debug|iPhoneSimulator.Build.0 = Debug|Any CPU
		{F80287A0-C9CE-4FCC-964A-91399AD507F6}.Debug|x64.ActiveCfg = Debug|Any CPU
		{F80287A0-C9CE-4FCC-964A-91399AD507F6}.Debug|x64.Build.0 = Debug|Any CPU
		{F80287A0-C9CE-4FCC-964A-91399AD507F6}.Debug|x86.ActiveCfg = Debug|Any CPU
		{F80287A0-C9CE-4FCC-964A-91399AD507F6}.Debug|x86.Build.0 = Debug|Any CPU
		{F80287A0-C9CE-4FCC-964A-91399AD507F6}.Release|Any CPU.ActiveCfg = Release|Any CPU
		{F80287A0-C9CE-4FCC-964A-91399AD507F6}.Release|Any CPU.Build.0 = Release|Any CPU
		{F80287A0-C9CE-4FCC-964A-91399AD507F6}.Release|ARM.ActiveCfg = Release|Any CPU
		{F80287A0-C9CE-4FCC-964A-91399AD507F6}.Release|ARM.Build.0 = Release|Any CPU
		{F80287A0-C9CE-4FCC-964A-91399AD507F6}.Release|iPhone.ActiveCfg = Release|Any CPU
		{F80287A0-C9CE-4FCC-964A-91399AD507F6}.Release|iPhone.Build.0 = Release|Any CPU
		{F80287A0-C9CE-4FCC-964A-91399AD507F6}.Release|iPhoneSimulator.ActiveCfg = Release|Any CPU
		{F80287A0-C9CE-4FCC-964A-91399AD507F6}.Release|iPhoneSimulator.Build.0 = Release|Any CPU
		{F80287A0-C9CE-4FCC-964A-91399AD507F6}.Release|x64.ActiveCfg = Release|Any CPU
		{F80287A0-C9CE-4FCC-964A-91399AD507F6}.Release|x64.Build.0 = Release|Any CPU
		{F80287A0-C9CE-4FCC-964A-91399AD507F6}.Release|x86.ActiveCfg = Release|Any CPU
		{F80287A0-C9CE-4FCC-964A-91399AD507F6}.Release|x86.Build.0 = Release|Any CPU
	EndGlobalSection
	GlobalSection(SolutionProperties) = preSolution
		HideSolutionNode = FALSE
	EndGlobalSection
	GlobalSection(NestedProjects) = preSolution
		{2C6D028B-0FC6-4BA4-9B59-A0CA0353D6BD} = {8E338CDB-B773-4D66-BD87-A8890B16F413}
		{6F92F3EE-CAF9-4719-882D-1D927FD97290} = {8980A9FB-6453-407B-A40D-2AD7701BEBD8}
		{81960AF4-9345-4661-8005-B2F48D4C7B1B} = {8980A9FB-6453-407B-A40D-2AD7701BEBD8}
		{7B8504A0-A65F-4456-91E6-2A7E57D665F3} = {18C6DE81-8B39-45A6-881F-F491A190D99C}
		{2A350D98-8F2D-4A1B-BCF6-8FA95D016148} = {18C6DE81-8B39-45A6-881F-F491A190D99C}
		{A2AA3E6F-7921-4436-924A-A4ECF0655592} = {18C6DE81-8B39-45A6-881F-F491A190D99C}
		{7D341B04-B3AF-4083-9184-F0AC8474C509} = {18C6DE81-8B39-45A6-881F-F491A190D99C}
		{D8A142FB-5E74-48C0-A5BE-A80336F4C06C} = {18C6DE81-8B39-45A6-881F-F491A190D99C}
		{A5FA7313-E7D6-4005-968D-8D626BDFCED7} = {6DC63268-1D37-4457-B417-A8BF810A9882}
		{9EDCE8FB-D61A-4BEC-84D3-22297CDA956B} = {6DC63268-1D37-4457-B417-A8BF810A9882}
		{355EA074-EA92-4730-BD45-58A0E897FD91} = {437F6447-9CC0-4786-A12E-85BD3C8D5B79}
		{1C21E8A7-FF6F-4F04-BC4B-E24FC775A49B} = {437F6447-9CC0-4786-A12E-85BD3C8D5B79}
		{98D3B378-B609-45C1-8A4B-6B76E28C30E4} = {437F6447-9CC0-4786-A12E-85BD3C8D5B79}
		{62F684CB-BDC3-4611-8F26-6FF0BCD426FD} = {9BC37019-41C9-4991-888F-7507145C9740}
		{F80287A0-C9CE-4FCC-964A-91399AD507F6} = {9BC37019-41C9-4991-888F-7507145C9740}
	EndGlobalSection
	GlobalSection(ExtensibilityGlobals) = postSolution
		SolutionGuid = {FA87376C-7967-4C26-A113-EF6F89157495}
	EndGlobalSection
EndGlobal
